// !$*UTF8*$!
{
	archiveVersion = 1;
	classes = {
	};
	objectVersion = 48;
	objects = {

/* Begin PBXBuildFile section */
		1F25A01E1FCFA11300BF70A3 /* Expression.plist in Resources */ = {isa = PBXBuildFile; fileRef = 1F25A01D1FCFA11200BF70A3 /* Expression.plist */; };
		1F25A0211FCFA18100BF70A3 /* ClippedExpression.bundle in Resources */ = {isa = PBXBuildFile; fileRef = 1F25A01F1FCFA18100BF70A3 /* ClippedExpression.bundle */; };
		1F25A0221FCFA18100BF70A3 /* OriginalExpression.bundle in Resources */ = {isa = PBXBuildFile; fileRef = 1F25A0201FCFA18100BF70A3 /* OriginalExpression.bundle */; };
		1F25A0251FCFA2AC00BF70A3 /* ListViewController.m in Sources */ = {isa = PBXBuildFile; fileRef = 1F25A0241FCFA2AC00BF70A3 /* ListViewController.m */; };
		1F25A02F1FCFA94D00BF70A3 /* ListNoNibTableViewCell.m in Sources */ = {isa = PBXBuildFile; fileRef = 1F25A02D1FCFA94D00BF70A3 /* ListNoNibTableViewCell.m */; };
		1F25A0331FCFAD5500BF70A3 /* ListTableViewCell.xib in Resources */ = {isa = PBXBuildFile; fileRef = 1F25A0311FCFAD5500BF70A3 /* ListTableViewCell.xib */; };
		1F25A0341FCFAD5500BF70A3 /* ListTableViewCell.m in Sources */ = {isa = PBXBuildFile; fileRef = 1F25A0321FCFAD5500BF70A3 /* ListTableViewCell.m */; };
		1F53B42D1FCD5B5E00FF8801 /* AppDelegate.m in Sources */ = {isa = PBXBuildFile; fileRef = 1F53B42C1FCD5B5E00FF8801 /* AppDelegate.m */; };
		1F53B4331FCD5B5E00FF8801 /* Main.storyboard in Resources */ = {isa = PBXBuildFile; fileRef = 1F53B4311FCD5B5E00FF8801 /* Main.storyboard */; };
		1F53B4351FCD5B5E00FF8801 /* Assets.xcassets in Resources */ = {isa = PBXBuildFile; fileRef = 1F53B4341FCD5B5E00FF8801 /* Assets.xcassets */; };
		1F53B4381FCD5B5E00FF8801 /* LaunchScreen.storyboard in Resources */ = {isa = PBXBuildFile; fileRef = 1F53B4361FCD5B5E00FF8801 /* LaunchScreen.storyboard */; };
		1F53B43B1FCD5B5E00FF8801 /* main.m in Sources */ = {isa = PBXBuildFile; fileRef = 1F53B43A1FCD5B5E00FF8801 /* main.m */; };
		1F53B4451FCD5B5E00FF8801 /* MLLabelDemoTests.m in Sources */ = {isa = PBXBuildFile; fileRef = 1F53B4441FCD5B5E00FF8801 /* MLLabelDemoTests.m */; };
		1F53B4501FCD5B5E00FF8801 /* MLLabelDemoUITests.m in Sources */ = {isa = PBXBuildFile; fileRef = 1F53B44F1FCD5B5E00FF8801 /* MLLabelDemoUITests.m */; };
		1F53B45F1FCD5D3B00FF8801 /* DemoController.m in Sources */ = {isa = PBXBuildFile; fileRef = 1F53B45E1FCD5D3B00FF8801 /* DemoController.m */; };
		1F53B4631FCD5F5400FF8801 /* UITableViewCell+Common.m in Sources */ = {isa = PBXBuildFile; fileRef = 1F53B4621FCD5F5400FF8801 /* UITableViewCell+Common.m */; };
		1F53B4671FCD611B00FF8801 /* BaseViewController.m in Sources */ = {isa = PBXBuildFile; fileRef = 1F53B4661FCD611B00FF8801 /* BaseViewController.m */; };
		1F53B46B1FCD615F00FF8801 /* NormalViewController.m in Sources */ = {isa = PBXBuildFile; fileRef = 1F53B46A1FCD615F00FF8801 /* NormalViewController.m */; };
		1F53B46E1FCD616800FF8801 /* LinkViewController.m in Sources */ = {isa = PBXBuildFile; fileRef = 1F53B46D1FCD616800FF8801 /* LinkViewController.m */; };
		1F53B4711FCD617000FF8801 /* ExpressionViewController.m in Sources */ = {isa = PBXBuildFile; fileRef = 1F53B4701FCD617000FF8801 /* ExpressionViewController.m */; };
		1F53B4741FCD617C00FF8801 /* HtmlViewController.m in Sources */ = {isa = PBXBuildFile; fileRef = 1F53B4731FCD617C00FF8801 /* HtmlViewController.m */; };
		1F53B4771FCD618400FF8801 /* ListNoNibViewController.m in Sources */ = {isa = PBXBuildFile; fileRef = 1F53B4761FCD618400FF8801 /* ListNoNibViewController.m */; };
		1F53B47A1FCD618C00FF8801 /* ClipExpressionViewController.m in Sources */ = {isa = PBXBuildFile; fileRef = 1F53B4791FCD618C00FF8801 /* ClipExpressionViewController.m */; };
		1F53B47D1FCD647500FF8801 /* UIView+CateGory.m in Sources */ = {isa = PBXBuildFile; fileRef = 1F53B47C1FCD647500FF8801 /* UIView+CateGory.m */; };
		8892BA2124DB839209970305 /* Pods_MLLabelDemo.framework in Frameworks */ = {isa = PBXBuildFile; fileRef = 3BCA584BE98745EC042A7C7E /* Pods_MLLabelDemo.framework */; };
/* End PBXBuildFile section */

/* Begin PBXContainerItemProxy section */
		1F53B4411FCD5B5E00FF8801 /* PBXContainerItemProxy */ = {
			isa = PBXContainerItemProxy;
			containerPortal = 1F53B4201FCD5B5E00FF8801 /* Project object */;
			proxyType = 1;
			remoteGlobalIDString = 1F53B4271FCD5B5E00FF8801;
			remoteInfo = MLLabelDemo;
		};
		1F53B44C1FCD5B5E00FF8801 /* PBXContainerItemProxy */ = {
			isa = PBXContainerItemProxy;
			containerPortal = 1F53B4201FCD5B5E00FF8801 /* Project object */;
			proxyType = 1;
			remoteGlobalIDString = 1F53B4271FCD5B5E00FF8801;
			remoteInfo = MLLabelDemo;
		};
/* End PBXContainerItemProxy section */

/* Begin PBXFileReference section */
		1F25A01D1FCFA11200BF70A3 /* Expression.plist */ = {isa = PBXFileReference; fileEncoding = 4; lastKnownFileType = text.plist.xml; path = Expression.plist; sourceTree = "<group>"; };
		1F25A01F1FCFA18100BF70A3 /* ClippedExpression.bundle */ = {isa = PBXFileReference; lastKnownFileType = "wrapper.plug-in"; path = ClippedExpression.bundle; sourceTree = "<group>"; };
		1F25A0201FCFA18100BF70A3 /* OriginalExpression.bundle */ = {isa = PBXFileReference; lastKnownFileType = "wrapper.plug-in"; path = OriginalExpression.bundle; sourceTree = "<group>"; };
		1F25A0231FCFA2AC00BF70A3 /* ListViewController.h */ = {isa = PBXFileReference; lastKnownFileType = sourcecode.c.h; path = ListViewController.h; sourceTree = "<group>"; };
		1F25A0241FCFA2AC00BF70A3 /* ListViewController.m */ = {isa = PBXFileReference; lastKnownFileType = sourcecode.c.objc; path = ListViewController.m; sourceTree = "<group>"; };
		1F25A02C1FCFA6F700BF70A3 /* CommonData.h */ = {isa = PBXFileReference; lastKnownFileType = sourcecode.c.h; path = CommonData.h; sourceTree = "<group>"; };
		1F25A02D1FCFA94D00BF70A3 /* ListNoNibTableViewCell.m */ = {isa = PBXFileReference; fileEncoding = 4; lastKnownFileType = sourcecode.c.objc; path = ListNoNibTableViewCell.m; sourceTree = "<group>"; };
		1F25A02E1FCFA94D00BF70A3 /* ListNoNibTableViewCell.h */ = {isa = PBXFileReference; fileEncoding = 4; lastKnownFileType = sourcecode.c.h; path = ListNoNibTableViewCell.h; sourceTree = "<group>"; };
		1F25A0301FCFAD5400BF70A3 /* ListTableViewCell.h */ = {isa = PBXFileReference; fileEncoding = 4; lastKnownFileType = sourcecode.c.h; path = ListTableViewCell.h; sourceTree = "<group>"; };
		1F25A0311FCFAD5500BF70A3 /* ListTableViewCell.xib */ = {isa = PBXFileReference; fileEncoding = 4; lastKnownFileType = file.xib; path = ListTableViewCell.xib; sourceTree = "<group>"; };
		1F25A0321FCFAD5500BF70A3 /* ListTableViewCell.m */ = {isa = PBXFileReference; fileEncoding = 4; lastKnownFileType = sourcecode.c.objc; path = ListTableViewCell.m; sourceTree = "<group>"; };
		1F53B4281FCD5B5E00FF8801 /* MLLabelDemo.app */ = {isa = PBXFileReference; explicitFileType = wrapper.application; includeInIndex = 0; path = MLLabelDemo.app; sourceTree = BUILT_PRODUCTS_DIR; };
		1F53B42B1FCD5B5E00FF8801 /* AppDelegate.h */ = {isa = PBXFileReference; lastKnownFileType = sourcecode.c.h; path = AppDelegate.h; sourceTree = "<group>"; };
		1F53B42C1FCD5B5E00FF8801 /* AppDelegate.m */ = {isa = PBXFileReference; lastKnownFileType = sourcecode.c.objc; path = AppDelegate.m; sourceTree = "<group>"; };
		1F53B4321FCD5B5E00FF8801 /* Base */ = {isa = PBXFileReference; lastKnownFileType = file.storyboard; name = Base; path = Base.lproj/Main.storyboard; sourceTree = "<group>"; };
		1F53B4341FCD5B5E00FF8801 /* Assets.xcassets */ = {isa = PBXFileReference; lastKnownFileType = folder.assetcatalog; path = Assets.xcassets; sourceTree = "<group>"; };
		1F53B4371FCD5B5E00FF8801 /* Base */ = {isa = PBXFileReference; lastKnownFileType = file.storyboard; name = Base; path = Base.lproj/LaunchScreen.storyboard; sourceTree = "<group>"; };
		1F53B4391FCD5B5E00FF8801 /* Info.plist */ = {isa = PBXFileReference; lastKnownFileType = text.plist.xml; path = Info.plist; sourceTree = "<group>"; };
		1F53B43A1FCD5B5E00FF8801 /* main.m */ = {isa = PBXFileReference; lastKnownFileType = sourcecode.c.objc; path = main.m; sourceTree = "<group>"; };
		1F53B4401FCD5B5E00FF8801 /* MLLabelDemoTests.xctest */ = {isa = PBXFileReference; explicitFileType = wrapper.cfbundle; includeInIndex = 0; path = MLLabelDemoTests.xctest; sourceTree = BUILT_PRODUCTS_DIR; };
		1F53B4441FCD5B5E00FF8801 /* MLLabelDemoTests.m */ = {isa = PBXFileReference; lastKnownFileType = sourcecode.c.objc; path = MLLabelDemoTests.m; sourceTree = "<group>"; };
		1F53B4461FCD5B5E00FF8801 /* Info.plist */ = {isa = PBXFileReference; lastKnownFileType = text.plist.xml; path = Info.plist; sourceTree = "<group>"; };
		1F53B44B1FCD5B5E00FF8801 /* MLLabelDemoUITests.xctest */ = {isa = PBXFileReference; explicitFileType = wrapper.cfbundle; includeInIndex = 0; path = MLLabelDemoUITests.xctest; sourceTree = BUILT_PRODUCTS_DIR; };
		1F53B44F1FCD5B5E00FF8801 /* MLLabelDemoUITests.m */ = {isa = PBXFileReference; lastKnownFileType = sourcecode.c.objc; path = MLLabelDemoUITests.m; sourceTree = "<group>"; };
		1F53B4511FCD5B5E00FF8801 /* Info.plist */ = {isa = PBXFileReference; lastKnownFileType = text.plist.xml; path = Info.plist; sourceTree = "<group>"; };
		1F53B45D1FCD5D3B00FF8801 /* DemoController.h */ = {isa = PBXFileReference; lastKnownFileType = sourcecode.c.h; path = DemoController.h; sourceTree = "<group>"; };
		1F53B45E1FCD5D3B00FF8801 /* DemoController.m */ = {isa = PBXFileReference; lastKnownFileType = sourcecode.c.objc; path = DemoController.m; sourceTree = "<group>"; };
		1F53B4611FCD5F5400FF8801 /* UITableViewCell+Common.h */ = {isa = PBXFileReference; lastKnownFileType = sourcecode.c.h; path = "UITableViewCell+Common.h"; sourceTree = "<group>"; };
		1F53B4621FCD5F5400FF8801 /* UITableViewCell+Common.m */ = {isa = PBXFileReference; lastKnownFileType = sourcecode.c.objc; path = "UITableViewCell+Common.m"; sourceTree = "<group>"; };
		1F53B4651FCD611B00FF8801 /* BaseViewController.h */ = {isa = PBXFileReference; lastKnownFileType = sourcecode.c.h; path = BaseViewController.h; sourceTree = "<group>"; };
		1F53B4661FCD611B00FF8801 /* BaseViewController.m */ = {isa = PBXFileReference; lastKnownFileType = sourcecode.c.objc; path = BaseViewController.m; sourceTree = "<group>"; };
		1F53B4691FCD615F00FF8801 /* NormalViewController.h */ = {isa = PBXFileReference; lastKnownFileType = sourcecode.c.h; path = NormalViewController.h; sourceTree = "<group>"; };
		1F53B46A1FCD615F00FF8801 /* NormalViewController.m */ = {isa = PBXFileReference; lastKnownFileType = sourcecode.c.objc; path = NormalViewController.m; sourceTree = "<group>"; };
		1F53B46C1FCD616800FF8801 /* LinkViewController.h */ = {isa = PBXFileReference; lastKnownFileType = sourcecode.c.h; path = LinkViewController.h; sourceTree = "<group>"; };
		1F53B46D1FCD616800FF8801 /* LinkViewController.m */ = {isa = PBXFileReference; lastKnownFileType = sourcecode.c.objc; path = LinkViewController.m; sourceTree = "<group>"; };
		1F53B46F1FCD617000FF8801 /* ExpressionViewController.h */ = {isa = PBXFileReference; lastKnownFileType = sourcecode.c.h; path = ExpressionViewController.h; sourceTree = "<group>"; };
		1F53B4701FCD617000FF8801 /* ExpressionViewController.m */ = {isa = PBXFileReference; lastKnownFileType = sourcecode.c.objc; path = ExpressionViewController.m; sourceTree = "<group>"; };
		1F53B4721FCD617C00FF8801 /* HtmlViewController.h */ = {isa = PBXFileReference; lastKnownFileType = sourcecode.c.h; path = HtmlViewController.h; sourceTree = "<group>"; };
		1F53B4731FCD617C00FF8801 /* HtmlViewController.m */ = {isa = PBXFileReference; lastKnownFileType = sourcecode.c.objc; path = HtmlViewController.m; sourceTree = "<group>"; };
		1F53B4751FCD618400FF8801 /* ListNoNibViewController.h */ = {isa = PBXFileReference; lastKnownFileType = sourcecode.c.h; path = ListNoNibViewController.h; sourceTree = "<group>"; };
		1F53B4761FCD618400FF8801 /* ListNoNibViewController.m */ = {isa = PBXFileReference; lastKnownFileType = sourcecode.c.objc; path = ListNoNibViewController.m; sourceTree = "<group>"; };
		1F53B4781FCD618C00FF8801 /* ClipExpressionViewController.h */ = {isa = PBXFileReference; lastKnownFileType = sourcecode.c.h; path = ClipExpressionViewController.h; sourceTree = "<group>"; };
		1F53B4791FCD618C00FF8801 /* ClipExpressionViewController.m */ = {isa = PBXFileReference; lastKnownFileType = sourcecode.c.objc; path = ClipExpressionViewController.m; sourceTree = "<group>"; };
		1F53B47B1FCD647500FF8801 /* UIView+CateGory.h */ = {isa = PBXFileReference; lastKnownFileType = sourcecode.c.h; path = "UIView+CateGory.h"; sourceTree = "<group>"; };
		1F53B47C1FCD647500FF8801 /* UIView+CateGory.m */ = {isa = PBXFileReference; lastKnownFileType = sourcecode.c.objc; path = "UIView+CateGory.m"; sourceTree = "<group>"; };
		3BCA584BE98745EC042A7C7E /* Pods_MLLabelDemo.framework */ = {isa = PBXFileReference; explicitFileType = wrapper.framework; includeInIndex = 0; path = Pods_MLLabelDemo.framework; sourceTree = BUILT_PRODUCTS_DIR; };
		4C968BDEFD869BC1F0BB319E /* Pods-MLLabelDemo.release.xcconfig */ = {isa = PBXFileReference; includeInIndex = 1; lastKnownFileType = text.xcconfig; name = "Pods-MLLabelDemo.release.xcconfig"; path = "Pods/Target Support Files/Pods-MLLabelDemo/Pods-MLLabelDemo.release.xcconfig"; sourceTree = "<group>"; };
		A878A8F5C8A7B4D8B547B8AE /* Pods-MLLabelDemo.debug.xcconfig */ = {isa = PBXFileReference; includeInIndex = 1; lastKnownFileType = text.xcconfig; name = "Pods-MLLabelDemo.debug.xcconfig"; path = "Pods/Target Support Files/Pods-MLLabelDemo/Pods-MLLabelDemo.debug.xcconfig"; sourceTree = "<group>"; };
/* End PBXFileReference section */

/* Begin PBXFrameworksBuildPhase section */
		1F53B4251FCD5B5E00FF8801 /* Frameworks */ = {
			isa = PBXFrameworksBuildPhase;
			buildActionMask = 2147483647;
			files = (
				8892BA2124DB839209970305 /* Pods_MLLabelDemo.framework in Frameworks */,
			);
			runOnlyForDeploymentPostprocessing = 0;
		};
		1F53B43D1FCD5B5E00FF8801 /* Frameworks */ = {
			isa = PBXFrameworksBuildPhase;
			buildActionMask = 2147483647;
			files = (
			);
			runOnlyForDeploymentPostprocessing = 0;
		};
		1F53B4481FCD5B5E00FF8801 /* Frameworks */ = {
			isa = PBXFrameworksBuildPhase;
			buildActionMask = 2147483647;
			files = (
			);
			runOnlyForDeploymentPostprocessing = 0;
		};
/* End PBXFrameworksBuildPhase section */

/* Begin PBXGroup section */
		1F25A0261FCFA3A200BF70A3 /* ListCell */ = {
			isa = PBXGroup;
			children = (
				1F25A0301FCFAD5400BF70A3 /* ListTableViewCell.h */,
				1F25A0321FCFAD5500BF70A3 /* ListTableViewCell.m */,
				1F25A0311FCFAD5500BF70A3 /* ListTableViewCell.xib */,
				1F25A02E1FCFA94D00BF70A3 /* ListNoNibTableViewCell.h */,
				1F25A02D1FCFA94D00BF70A3 /* ListNoNibTableViewCell.m */,
			);
			path = ListCell;
			sourceTree = "<group>";
		};
		1F53B41F1FCD5B5E00FF8801 = {
			isa = PBXGroup;
			children = (
				1F53B42A1FCD5B5E00FF8801 /* MLLabelDemo */,
				1F53B4431FCD5B5E00FF8801 /* MLLabelDemoTests */,
				1F53B44E1FCD5B5E00FF8801 /* MLLabelDemoUITests */,
				1F53B4291FCD5B5E00FF8801 /* Products */,
				2AB99442D40095B1AFCC114D /* Pods */,
				A7C847BB11E97D4E58B45244 /* Frameworks */,
			);
			sourceTree = "<group>";
		};
		1F53B4291FCD5B5E00FF8801 /* Products */ = {
			isa = PBXGroup;
			children = (
				1F53B4281FCD5B5E00FF8801 /* MLLabelDemo.app */,
				1F53B4401FCD5B5E00FF8801 /* MLLabelDemoTests.xctest */,
				1F53B44B1FCD5B5E00FF8801 /* MLLabelDemoUITests.xctest */,
			);
			name = Products;
			sourceTree = "<group>";
		};
		1F53B42A1FCD5B5E00FF8801 /* MLLabelDemo */ = {
			isa = PBXGroup;
			children = (
				1F53B42B1FCD5B5E00FF8801 /* AppDelegate.h */,
				1F53B42C1FCD5B5E00FF8801 /* AppDelegate.m */,
				1F53B45D1FCD5D3B00FF8801 /* DemoController.h */,
				1F53B45E1FCD5D3B00FF8801 /* DemoController.m */,
				1F53B4311FCD5B5E00FF8801 /* Main.storyboard */,
				1F25A01F1FCFA18100BF70A3 /* ClippedExpression.bundle */,
				1F25A0201FCFA18100BF70A3 /* OriginalExpression.bundle */,
				1F53B4681FCD612D00FF8801 /* ViewControllers */,
				1F53B4641FCD610C00FF8801 /* Base */,
				1F53B4601FCD5F3B00FF8801 /* CateGory */,
				1F53B4341FCD5B5E00FF8801 /* Assets.xcassets */,
				1F53B4361FCD5B5E00FF8801 /* LaunchScreen.storyboard */,
				1F53B4391FCD5B5E00FF8801 /* Info.plist */,
				1F25A01D1FCFA11200BF70A3 /* Expression.plist */,
				1F53B43A1FCD5B5E00FF8801 /* main.m */,
			);
			path = MLLabelDemo;
			sourceTree = "<group>";
		};
		1F53B4431FCD5B5E00FF8801 /* MLLabelDemoTests */ = {
			isa = PBXGroup;
			children = (
				1F53B4441FCD5B5E00FF8801 /* MLLabelDemoTests.m */,
				1F53B4461FCD5B5E00FF8801 /* Info.plist */,
			);
			path = MLLabelDemoTests;
			sourceTree = "<group>";
		};
		1F53B44E1FCD5B5E00FF8801 /* MLLabelDemoUITests */ = {
			isa = PBXGroup;
			children = (
				1F53B44F1FCD5B5E00FF8801 /* MLLabelDemoUITests.m */,
				1F53B4511FCD5B5E00FF8801 /* Info.plist */,
			);
			path = MLLabelDemoUITests;
			sourceTree = "<group>";
		};
		1F53B4601FCD5F3B00FF8801 /* CateGory */ = {
			isa = PBXGroup;
			children = (
				1F53B4611FCD5F5400FF8801 /* UITableViewCell+Common.h */,
				1F53B4621FCD5F5400FF8801 /* UITableViewCell+Common.m */,
				1F53B47B1FCD647500FF8801 /* UIView+CateGory.h */,
				1F53B47C1FCD647500FF8801 /* UIView+CateGory.m */,
			);
			path = CateGory;
			sourceTree = "<group>";
		};
		1F53B4641FCD610C00FF8801 /* Base */ = {
			isa = PBXGroup;
			children = (
				1F53B4651FCD611B00FF8801 /* BaseViewController.h */,
				1F53B4661FCD611B00FF8801 /* BaseViewController.m */,
			);
			path = Base;
			sourceTree = "<group>";
		};
		1F53B4681FCD612D00FF8801 /* ViewControllers */ = {
			isa = PBXGroup;
			children = (
				1F25A02C1FCFA6F700BF70A3 /* CommonData.h */,
				1F53B4691FCD615F00FF8801 /* NormalViewController.h */,
				1F53B46A1FCD615F00FF8801 /* NormalViewController.m */,
				1F53B46C1FCD616800FF8801 /* LinkViewController.h */,
				1F53B46D1FCD616800FF8801 /* LinkViewController.m */,
				1F53B46F1FCD617000FF8801 /* ExpressionViewController.h */,
				1F53B4701FCD617000FF8801 /* ExpressionViewController.m */,
				1F53B4721FCD617C00FF8801 /* HtmlViewController.h */,
				1F53B4731FCD617C00FF8801 /* HtmlViewController.m */,
				1F25A0231FCFA2AC00BF70A3 /* ListViewController.h */,
				1F25A0241FCFA2AC00BF70A3 /* ListViewController.m */,
				1F53B4751FCD618400FF8801 /* ListNoNibViewController.h */,
				1F53B4761FCD618400FF8801 /* ListNoNibViewController.m */,
				1F53B4781FCD618C00FF8801 /* ClipExpressionViewController.h */,
				1F53B4791FCD618C00FF8801 /* ClipExpressionViewController.m */,
				1F25A0261FCFA3A200BF70A3 /* ListCell */,
			);
			path = ViewControllers;
			sourceTree = "<group>";
		};
		2AB99442D40095B1AFCC114D /* Pods */ = {
			isa = PBXGroup;
			children = (
				A878A8F5C8A7B4D8B547B8AE /* Pods-MLLabelDemo.debug.xcconfig */,
				4C968BDEFD869BC1F0BB319E /* Pods-MLLabelDemo.release.xcconfig */,
			);
			name = Pods;
			sourceTree = "<group>";
		};
		A7C847BB11E97D4E58B45244 /* Frameworks */ = {
			isa = PBXGroup;
			children = (
				3BCA584BE98745EC042A7C7E /* Pods_MLLabelDemo.framework */,
			);
			name = Frameworks;
			sourceTree = "<group>";
		};
/* End PBXGroup section */

/* Begin PBXNativeTarget section */
		1F53B4271FCD5B5E00FF8801 /* MLLabelDemo */ = {
			isa = PBXNativeTarget;
			buildConfigurationList = 1F53B4541FCD5B5E00FF8801 /* Build configuration list for PBXNativeTarget "MLLabelDemo" */;
			buildPhases = (
				256F142F8AC68C8E088469D8 /* [CP] Check Pods Manifest.lock */,
				1F53B4241FCD5B5E00FF8801 /* Sources */,
				1F53B4251FCD5B5E00FF8801 /* Frameworks */,
				1F53B4261FCD5B5E00FF8801 /* Resources */,
				6B3B03159C6754BC6843D222 /* [CP] Embed Pods Frameworks */,
				94B1EB1BD218F2726563D5B9 /* [CP] Copy Pods Resources */,
			);
			buildRules = (
			);
			dependencies = (
			);
			name = MLLabelDemo;
			productName = MLLabelDemo;
			productReference = 1F53B4281FCD5B5E00FF8801 /* MLLabelDemo.app */;
			productType = "com.apple.product-type.application";
		};
		1F53B43F1FCD5B5E00FF8801 /* MLLabelDemoTests */ = {
			isa = PBXNativeTarget;
			buildConfigurationList = 1F53B4571FCD5B5E00FF8801 /* Build configuration list for PBXNativeTarget "MLLabelDemoTests" */;
			buildPhases = (
				1F53B43C1FCD5B5E00FF8801 /* Sources */,
				1F53B43D1FCD5B5E00FF8801 /* Frameworks */,
				1F53B43E1FCD5B5E00FF8801 /* Resources */,
			);
			buildRules = (
			);
			dependencies = (
				1F53B4421FCD5B5E00FF8801 /* PBXTargetDependency */,
			);
			name = MLLabelDemoTests;
			productName = MLLabelDemoTests;
			productReference = 1F53B4401FCD5B5E00FF8801 /* MLLabelDemoTests.xctest */;
			productType = "com.apple.product-type.bundle.unit-test";
		};
		1F53B44A1FCD5B5E00FF8801 /* MLLabelDemoUITests */ = {
			isa = PBXNativeTarget;
			buildConfigurationList = 1F53B45A1FCD5B5E00FF8801 /* Build configuration list for PBXNativeTarget "MLLabelDemoUITests" */;
			buildPhases = (
				1F53B4471FCD5B5E00FF8801 /* Sources */,
				1F53B4481FCD5B5E00FF8801 /* Frameworks */,
				1F53B4491FCD5B5E00FF8801 /* Resources */,
			);
			buildRules = (
			);
			dependencies = (
				1F53B44D1FCD5B5E00FF8801 /* PBXTargetDependency */,
			);
			name = MLLabelDemoUITests;
			productName = MLLabelDemoUITests;
			productReference = 1F53B44B1FCD5B5E00FF8801 /* MLLabelDemoUITests.xctest */;
			productType = "com.apple.product-type.bundle.ui-testing";
		};
/* End PBXNativeTarget section */

/* Begin PBXProject section */
		1F53B4201FCD5B5E00FF8801 /* Project object */ = {
			isa = PBXProject;
			attributes = {
				LastUpgradeCheck = 0910;
				ORGANIZATIONNAME = "孙巧巧";
				TargetAttributes = {
					1F53B4271FCD5B5E00FF8801 = {
						CreatedOnToolsVersion = 9.1;
						ProvisioningStyle = Automatic;
					};
					1F53B43F1FCD5B5E00FF8801 = {
						CreatedOnToolsVersion = 9.1;
						ProvisioningStyle = Automatic;
						TestTargetID = 1F53B4271FCD5B5E00FF8801;
					};
					1F53B44A1FCD5B5E00FF8801 = {
						CreatedOnToolsVersion = 9.1;
						ProvisioningStyle = Automatic;
						TestTargetID = 1F53B4271FCD5B5E00FF8801;
					};
				};
			};
			buildConfigurationList = 1F53B4231FCD5B5E00FF8801 /* Build configuration list for PBXProject "MLLabelDemo" */;
			compatibilityVersion = "Xcode 8.0";
			developmentRegion = en;
			hasScannedForEncodings = 0;
			knownRegions = (
				en,
				Base,
			);
			mainGroup = 1F53B41F1FCD5B5E00FF8801;
			productRefGroup = 1F53B4291FCD5B5E00FF8801 /* Products */;
			projectDirPath = "";
			projectRoot = "";
			targets = (
				1F53B4271FCD5B5E00FF8801 /* MLLabelDemo */,
				1F53B43F1FCD5B5E00FF8801 /* MLLabelDemoTests */,
				1F53B44A1FCD5B5E00FF8801 /* MLLabelDemoUITests */,
			);
		};
/* End PBXProject section */

/* Begin PBXResourcesBuildPhase section */
		1F53B4261FCD5B5E00FF8801 /* Resources */ = {
			isa = PBXResourcesBuildPhase;
			buildActionMask = 2147483647;
			files = (
				1F53B4381FCD5B5E00FF8801 /* LaunchScreen.storyboard in Resources */,
				1F53B4351FCD5B5E00FF8801 /* Assets.xcassets in Resources */,
				1F25A0211FCFA18100BF70A3 /* ClippedExpression.bundle in Resources */,
				1F25A01E1FCFA11300BF70A3 /* Expression.plist in Resources */,
				1F25A0221FCFA18100BF70A3 /* OriginalExpression.bundle in Resources */,
				1F53B4331FCD5B5E00FF8801 /* Main.storyboard in Resources */,
				1F25A0331FCFAD5500BF70A3 /* ListTableViewCell.xib in Resources */,
			);
			runOnlyForDeploymentPostprocessing = 0;
		};
		1F53B43E1FCD5B5E00FF8801 /* Resources */ = {
			isa = PBXResourcesBuildPhase;
			buildActionMask = 2147483647;
			files = (
			);
			runOnlyForDeploymentPostprocessing = 0;
		};
		1F53B4491FCD5B5E00FF8801 /* Resources */ = {
			isa = PBXResourcesBuildPhase;
			buildActionMask = 2147483647;
			files = (
			);
			runOnlyForDeploymentPostprocessing = 0;
		};
/* End PBXResourcesBuildPhase section */

/* Begin PBXShellScriptBuildPhase section */
		256F142F8AC68C8E088469D8 /* [CP] Check Pods Manifest.lock */ = {
			isa = PBXShellScriptBuildPhase;
			buildActionMask = 2147483647;
			files = (
			);
			inputPaths = (
				"${PODS_PODFILE_DIR_PATH}/Podfile.lock",
				"${PODS_ROOT}/Manifest.lock",
			);
			name = "[CP] Check Pods Manifest.lock";
			outputPaths = (
				"$(DERIVED_FILE_DIR)/Pods-MLLabelDemo-checkManifestLockResult.txt",
			);
			runOnlyForDeploymentPostprocessing = 0;
			shellPath = /bin/sh;
			shellScript = "diff \"${PODS_PODFILE_DIR_PATH}/Podfile.lock\" \"${PODS_ROOT}/Manifest.lock\" > /dev/null\nif [ $? != 0 ] ; then\n    # print error to STDERR\n    echo \"error: The sandbox is not in sync with the Podfile.lock. Run 'pod install' or update your CocoaPods installation.\" >&2\n    exit 1\nfi\n# This output is used by Xcode 'outputs' to avoid re-running this script phase.\necho \"SUCCESS\" > \"${SCRIPT_OUTPUT_FILE_0}\"\n";
			showEnvVarsInLog = 0;
		};
		6B3B03159C6754BC6843D222 /* [CP] Embed Pods Frameworks */ = {
			isa = PBXShellScriptBuildPhase;
			buildActionMask = 2147483647;
			files = (
			);
			inputPaths = (
				"${SRCROOT}/Pods/Target Support Files/Pods-MLLabelDemo/Pods-MLLabelDemo-frameworks.sh",
				"${BUILT_PRODUCTS_DIR}/MLLabel/MLLabel.framework",
			);
			name = "[CP] Embed Pods Frameworks";
			outputPaths = (
				"${TARGET_BUILD_DIR}/${FRAMEWORKS_FOLDER_PATH}/MLLabel.framework",
			);
			runOnlyForDeploymentPostprocessing = 0;
			shellPath = /bin/sh;
			shellScript = "\"${SRCROOT}/Pods/Target Support Files/Pods-MLLabelDemo/Pods-MLLabelDemo-frameworks.sh\"\n";
			showEnvVarsInLog = 0;
		};
		94B1EB1BD218F2726563D5B9 /* [CP] Copy Pods Resources */ = {
			isa = PBXShellScriptBuildPhase;
			buildActionMask = 2147483647;
			files = (
			);
			inputPaths = (
			);
			name = "[CP] Copy Pods Resources";
			outputPaths = (
			);
			runOnlyForDeploymentPostprocessing = 0;
			shellPath = /bin/sh;
			shellScript = "\"${SRCROOT}/Pods/Target Support Files/Pods-MLLabelDemo/Pods-MLLabelDemo-resources.sh\"\n";
			showEnvVarsInLog = 0;
		};
/* End PBXShellScriptBuildPhase section */

/* Begin PBXSourcesBuildPhase section */
		1F53B4241FCD5B5E00FF8801 /* Sources */ = {
			isa = PBXSourcesBuildPhase;
			buildActionMask = 2147483647;
			files = (
				1F53B47A1FCD618C00FF8801 /* ClipExpressionViewController.m in Sources */,
				1F53B4631FCD5F5400FF8801 /* UITableViewCell+Common.m in Sources */,
				1F53B4771FCD618400FF8801 /* ListNoNibViewController.m in Sources */,
				1F53B46E1FCD616800FF8801 /* LinkViewController.m in Sources */,
				1F53B4671FCD611B00FF8801 /* BaseViewController.m in Sources */,
				1F53B45F1FCD5D3B00FF8801 /* DemoController.m in Sources */,
				1F53B4711FCD617000FF8801 /* ExpressionViewController.m in Sources */,
				1F53B43B1FCD5B5E00FF8801 /* main.m in Sources */,
				1F53B42D1FCD5B5E00FF8801 /* AppDelegate.m in Sources */,
				1F25A0341FCFAD5500BF70A3 /* ListTableViewCell.m in Sources */,
				1F53B46B1FCD615F00FF8801 /* NormalViewController.m in Sources */,
				1F25A02F1FCFA94D00BF70A3 /* ListNoNibTableViewCell.m in Sources */,
				1F25A0251FCFA2AC00BF70A3 /* ListViewController.m in Sources */,
				1F53B47D1FCD647500FF8801 /* UIView+CateGory.m in Sources */,
				1F53B4741FCD617C00FF8801 /* HtmlViewController.m in Sources */,
			);
			runOnlyForDeploymentPostprocessing = 0;
		};
		1F53B43C1FCD5B5E00FF8801 /* Sources */ = {
			isa = PBXSourcesBuildPhase;
			buildActionMask = 2147483647;
			files = (
				1F53B4451FCD5B5E00FF8801 /* MLLabelDemoTests.m in Sources */,
			);
			runOnlyForDeploymentPostprocessing = 0;
		};
		1F53B4471FCD5B5E00FF8801 /* Sources */ = {
			isa = PBXSourcesBuildPhase;
			buildActionMask = 2147483647;
			files = (
				1F53B4501FCD5B5E00FF8801 /* MLLabelDemoUITests.m in Sources */,
			);
			runOnlyForDeploymentPostprocessing = 0;
		};
/* End PBXSourcesBuildPhase section */

/* Begin PBXTargetDependency section */
		1F53B4421FCD5B5E00FF8801 /* PBXTargetDependency */ = {
			isa = PBXTargetDependency;
			target = 1F53B4271FCD5B5E00FF8801 /* MLLabelDemo */;
			targetProxy = 1F53B4411FCD5B5E00FF8801 /* PBXContainerItemProxy */;
		};
		1F53B44D1FCD5B5E00FF8801 /* PBXTargetDependency */ = {
			isa = PBXTargetDependency;
			target = 1F53B4271FCD5B5E00FF8801 /* MLLabelDemo */;
			targetProxy = 1F53B44C1FCD5B5E00FF8801 /* PBXContainerItemProxy */;
		};
/* End PBXTargetDependency section */

/* Begin PBXVariantGroup section */
		1F53B4311FCD5B5E00FF8801 /* Main.storyboard */ = {
			isa = PBXVariantGroup;
			children = (
				1F53B4321FCD5B5E00FF8801 /* Base */,
			);
			name = Main.storyboard;
			sourceTree = "<group>";
		};
		1F53B4361FCD5B5E00FF8801 /* LaunchScreen.storyboard */ = {
			isa = PBXVariantGroup;
			children = (
				1F53B4371FCD5B5E00FF8801 /* Base */,
			);
			name = LaunchScreen.storyboard;
			sourceTree = "<group>";
		};
/* End PBXVariantGroup section */

/* Begin XCBuildConfiguration section */
		1F53B4521FCD5B5E00FF8801 /* Debug */ = {
			isa = XCBuildConfiguration;
			buildSettings = {
				ALWAYS_SEARCH_USER_PATHS = NO;
				CLANG_ANALYZER_NONNULL = YES;
				CLANG_ANALYZER_NUMBER_OBJECT_CONVERSION = YES_AGGRESSIVE;
				CLANG_CXX_LANGUAGE_STANDARD = "gnu++14";
				CLANG_CXX_LIBRARY = "libc++";
				CLANG_ENABLE_MODULES = YES;
				CLANG_ENABLE_OBJC_ARC = YES;
				CLANG_WARN_BLOCK_CAPTURE_AUTORELEASING = YES;
				CLANG_WARN_BOOL_CONVERSION = YES;
				CLANG_WARN_COMMA = YES;
				CLANG_WARN_CONSTANT_CONVERSION = YES;
				CLANG_WARN_DIRECT_OBJC_ISA_USAGE = YES_ERROR;
				CLANG_WARN_DOCUMENTATION_COMMENTS = YES;
				CLANG_WARN_EMPTY_BODY = YES;
				CLANG_WARN_ENUM_CONVERSION = YES;
				CLANG_WARN_INFINITE_RECURSION = YES;
				CLANG_WARN_INT_CONVERSION = YES;
				CLANG_WARN_NON_LITERAL_NULL_CONVERSION = YES;
				CLANG_WARN_OBJC_LITERAL_CONVERSION = YES;
				CLANG_WARN_OBJC_ROOT_CLASS = YES_ERROR;
				CLANG_WARN_RANGE_LOOP_ANALYSIS = YES;
				CLANG_WARN_STRICT_PROTOTYPES = YES;
				CLANG_WARN_SUSPICIOUS_MOVE = YES;
				CLANG_WARN_UNGUARDED_AVAILABILITY = YES_AGGRESSIVE;
				CLANG_WARN_UNREACHABLE_CODE = YES;
				CLANG_WARN__DUPLICATE_METHOD_MATCH = YES;
				CODE_SIGN_IDENTITY = "iPhone Developer";
				COPY_PHASE_STRIP = NO;
				DEBUG_INFORMATION_FORMAT = dwarf;
				ENABLE_STRICT_OBJC_MSGSEND = YES;
				ENABLE_TESTABILITY = YES;
				GCC_C_LANGUAGE_STANDARD = gnu11;
				GCC_DYNAMIC_NO_PIC = NO;
				GCC_NO_COMMON_BLOCKS = YES;
				GCC_OPTIMIZATION_LEVEL = 0;
				GCC_PREPROCESSOR_DEFINITIONS = (
					"DEBUG=1",
					"$(inherited)",
				);
				GCC_WARN_64_TO_32_BIT_CONVERSION = YES;
				GCC_WARN_ABOUT_RETURN_TYPE = YES_ERROR;
				GCC_WARN_UNDECLARED_SELECTOR = YES;
				GCC_WARN_UNINITIALIZED_AUTOS = YES_AGGRESSIVE;
				GCC_WARN_UNUSED_FUNCTION = YES;
				GCC_WARN_UNUSED_VARIABLE = YES;
				IPHONEOS_DEPLOYMENT_TARGET = 11.1;
				MTL_ENABLE_DEBUG_INFO = YES;
				ONLY_ACTIVE_ARCH = YES;
				SDKROOT = iphoneos;
			};
			name = Debug;
		};
		1F53B4531FCD5B5E00FF8801 /* Release */ = {
			isa = XCBuildConfiguration;
			buildSettings = {
				ALWAYS_SEARCH_USER_PATHS = NO;
				CLANG_ANALYZER_NONNULL = YES;
				CLANG_ANALYZER_NUMBER_OBJECT_CONVERSION = YES_AGGRESSIVE;
				CLANG_CXX_LANGUAGE_STANDARD = "gnu++14";
				CLANG_CXX_LIBRARY = "libc++";
				CLANG_ENABLE_MODULES = YES;
				CLANG_ENABLE_OBJC_ARC = YES;
				CLANG_WARN_BLOCK_CAPTURE_AUTORELEASING = YES;
				CLANG_WARN_BOOL_CONVERSION = YES;
				CLANG_WARN_COMMA = YES;
				CLANG_WARN_CONSTANT_CONVERSION = YES;
				CLANG_WARN_DIRECT_OBJC_ISA_USAGE = YES_ERROR;
				CLANG_WARN_DOCUMENTATION_COMMENTS = YES;
				CLANG_WARN_EMPTY_BODY = YES;
				CLANG_WARN_ENUM_CONVERSION = YES;
				CLANG_WARN_INFINITE_RECURSION = YES;
				CLANG_WARN_INT_CONVERSION = YES;
				CLANG_WARN_NON_LITERAL_NULL_CONVERSION = YES;
				CLANG_WARN_OBJC_LITERAL_CONVERSION = YES;
				CLANG_WARN_OBJC_ROOT_CLASS = YES_ERROR;
				CLANG_WARN_RANGE_LOOP_ANALYSIS = YES;
				CLANG_WARN_STRICT_PROTOTYPES = YES;
				CLANG_WARN_SUSPICIOUS_MOVE = YES;
				CLANG_WARN_UNGUARDED_AVAILABILITY = YES_AGGRESSIVE;
				CLANG_WARN_UNREACHABLE_CODE = YES;
				CLANG_WARN__DUPLICATE_METHOD_MATCH = YES;
				CODE_SIGN_IDENTITY = "iPhone Developer";
				COPY_PHASE_STRIP = NO;
				DEBUG_INFORMATION_FORMAT = "dwarf-with-dsym";
				ENABLE_NS_ASSERTIONS = NO;
				ENABLE_STRICT_OBJC_MSGSEND = YES;
				GCC_C_LANGUAGE_STANDARD = gnu11;
				GCC_NO_COMMON_BLOCKS = YES;
				GCC_WARN_64_TO_32_BIT_CONVERSION = YES;
				GCC_WARN_ABOUT_RETURN_TYPE = YES_ERROR;
				GCC_WARN_UNDECLARED_SELECTOR = YES;
				GCC_WARN_UNINITIALIZED_AUTOS = YES_AGGRESSIVE;
				GCC_WARN_UNUSED_FUNCTION = YES;
				GCC_WARN_UNUSED_VARIABLE = YES;
				IPHONEOS_DEPLOYMENT_TARGET = 11.1;
				MTL_ENABLE_DEBUG_INFO = NO;
				SDKROOT = iphoneos;
				VALIDATE_PRODUCT = YES;
			};
			name = Release;
		};
		1F53B4551FCD5B5E00FF8801 /* Debug */ = {
			isa = XCBuildConfiguration;
			baseConfigurationReference = A878A8F5C8A7B4D8B547B8AE /* Pods-MLLabelDemo.debug.xcconfig */;
			buildSettings = {
				ASSETCATALOG_COMPILER_APPICON_NAME = AppIcon;
				CODE_SIGN_STYLE = Automatic;
				INFOPLIST_FILE = MLLabelDemo/Info.plist;
				LD_RUNPATH_SEARCH_PATHS = "$(inherited) @executable_path/Frameworks";
				PRODUCT_BUNDLE_IDENTIFIER = xiaozishenghuo.MLLabelDemo;
				PRODUCT_NAME = "$(TARGET_NAME)";
				TARGETED_DEVICE_FAMILY = "1,2";
				USER_HEADER_SEARCH_PATHS = "$(PODS_ROOT)/**";
			};
			name = Debug;
		};
		1F53B4561FCD5B5E00FF8801 /* Release */ = {
			isa = XCBuildConfiguration;
			baseConfigurationReference = 4C968BDEFD869BC1F0BB319E /* Pods-MLLabelDemo.release.xcconfig */;
			buildSettings = {
				ASSETCATALOG_COMPILER_APPICON_NAME = AppIcon;
				CODE_SIGN_STYLE = Automatic;
				INFOPLIST_FILE = MLLabelDemo/Info.plist;
				LD_RUNPATH_SEARCH_PATHS = "$(inherited) @executable_path/Frameworks";
				PRODUCT_BUNDLE_IDENTIFIER = xiaozishenghuo.MLLabelDemo;
				PRODUCT_NAME = "$(TARGET_NAME)";
				TARGETED_DEVICE_FAMILY = "1,2";
				USER_HEADER_SEARCH_PATHS = "$(PODS_ROOT)/**";
			};
			name = Release;
		};
		1F53B4581FCD5B5E00FF8801 /* Debug */ = {
			isa = XCBuildConfiguration;
			buildSettings = {
				BUNDLE_LOADER = "$(TEST_HOST)";
				CODE_SIGN_STYLE = Automatic;
				INFOPLIST_FILE = MLLabelDemoTests/Info.plist;
				LD_RUNPATH_SEARCH_PATHS = "$(inherited) @executable_path/Frameworks @loader_path/Frameworks";
				PRODUCT_BUNDLE_IDENTIFIER = xiaozishenghuo.MLLabelDemoTests;
				PRODUCT_NAME = "$(TARGET_NAME)";
				TARGETED_DEVICE_FAMILY = "1,2";
				TEST_HOST = "$(BUILT_PRODUCTS_DIR)/MLLabelDemo.app/MLLabelDemo";
			};
			name = Debug;
		};
		1F53B4591FCD5B5E00FF8801 /* Release */ = {
			isa = XCBuildConfiguration;
			buildSettings = {
				BUNDLE_LOADER = "$(TEST_HOST)";
				CODE_SIGN_STYLE = Automatic;
				INFOPLIST_FILE = MLLabelDemoTests/Info.plist;
				LD_RUNPATH_SEARCH_PATHS = "$(inherited) @executable_path/Frameworks @loader_path/Frameworks";
				PRODUCT_BUNDLE_IDENTIFIER = xiaozishenghuo.MLLabelDemoTests;
				PRODUCT_NAME = "$(TARGET_NAME)";
				TARGETED_DEVICE_FAMILY = "1,2";
				TEST_HOST = "$(BUILT_PRODUCTS_DIR)/MLLabelDemo.app/MLLabelDemo";
			};
			name = Release;
		};
		1F53B45B1FCD5B5E00FF8801 /* Debug */ = {
			isa = XCBuildConfiguration;
			buildSettings = {
				CODE_SIGN_STYLE = Automatic;
				INFOPLIST_FILE = MLLabelDemoUITests/Info.plist;
				LD_RUNPATH_SEARCH_PATHS = "$(inherited) @executable_path/Frameworks @loader_path/Frameworks";
				PRODUCT_BUNDLE_IDENTIFIER = xiaozishenghuo.MLLabelDemoUITests;
				PRODUCT_NAME = "$(TARGET_NAME)";
				TARGETED_DEVICE_FAMILY = "1,2";
				TEST_TARGET_NAME = MLLabelDemo;
			};
			name = Debug;
		};
		1F53B45C1FCD5B5E00FF8801 /* Release */ = {
			isa = XCBuildConfiguration;
			buildSettings = {
				CODE_SIGN_STYLE = Automatic;
				INFOPLIST_FILE = MLLabelDemoUITests/Info.plist;
				LD_RUNPATH_SEARCH_PATHS = "$(inherited) @executable_path/Frameworks @loader_path/Frameworks";
				PRODUCT_BUNDLE_IDENTIFIER = xiaozishenghuo.MLLabelDemoUITests;
				PRODUCT_NAME = "$(TARGET_NAME)";
				TARGETED_DEVICE_FAMILY = "1,2";
				TEST_TARGET_NAME = MLLabelDemo;
			};
			name = Release;
		};
/* End XCBuildConfiguration section */

/* Begin XCConfigurationList section */
		1F53B4231FCD5B5E00FF8801 /* Build configuration list for PBXProject "MLLabelDemo" */ = {
			isa = XCConfigurationList;
			buildConfigurations = (
				1F53B4521FCD5B5E00FF8801 /* Debug */,
				1F53B4531FCD5B5E00FF8801 /* Release */,
			);
			defaultConfigurationIsVisible = 0;
			defaultConfigurationName = Release;
		};
		1F53B4541FCD5B5E00FF8801 /* Build configuration list for PBXNativeTarget "MLLabelDemo" */ = {
			isa = XCConfigurationList;
			buildConfigurations = (
				1F53B4551FCD5B5E00FF8801 /* Debug */,
				1F53B4561FCD5B5E00FF8801 /* Release */,
			);
			defaultConfigurationIsVisible = 0;
			defaultConfigurationName = Release;
		};
		1F53B4571FCD5B5E00FF8801 /* Build configuration list for PBXNativeTarget "MLLabelDemoTests" */ = {
			isa = XCConfigurationList;
			buildConfigurations = (
				1F53B4581FCD5B5E00FF8801 /* Debug */,
				1F53B4591FCD5B5E00FF8801 /* Release */,
			);
			defaultConfigurationIsVisible = 0;
			defaultConfigurationName = Release;
		};
		1F53B45A1FCD5B5E00FF8801 /* Build configuration list for PBXNativeTarget "MLLabelDemoUITests" */ = {
			isa = XCConfigurationList;
			buildConfigurations = (
				1F53B45B1FCD5B5E00FF8801 /* Debug */,
				1F53B45C1FCD5B5E00FF8801 /* Release */,
			);
			defaultConfigurationIsVisible = 0;
			defaultConfigurationName = Release;
		};
/* End XCConfigurationList section */
	};
	rootObject = 1F53B4201FCD5B5E00FF8801 /* Project object */;
}
