// !$*UTF8*$!
{
	archiveVersion = 1;
	classes = {
	};
	objectVersion = 48;
	objects = {

/* Begin PBXBuildFile section */
		48E2CA0E20FF05300071D00D /* AppDelegate.m in Sources */ = {isa = PBXBuildFile; fileRef = 48E2CA0D20FF05300071D00D /* AppDelegate.m */; };
		48E2CA1120FF05300071D00D /* ViewController.m in Sources */ = {isa = PBXBuildFile; fileRef = 48E2CA1020FF05300071D00D /* ViewController.m */; };
		48E2CA1420FF05300071D00D /* Main.storyboard in Resources */ = {isa = PBXBuildFile; fileRef = 48E2CA1220FF05300071D00D /* Main.storyboard */; };
		48E2CA1620FF05300071D00D /* Assets.xcassets in Resources */ = {isa = PBXBuildFile; fileRef = 48E2CA1520FF05300071D00D /* Assets.xcassets */; };
		48E2CA1920FF05300071D00D /* LaunchScreen.storyboard in Resources */ = {isa = PBXBuildFile; fileRef = 48E2CA1720FF05300071D00D /* LaunchScreen.storyboard */; };
		48E2CA1C20FF05300071D00D /* main.m in Sources */ = {isa = PBXBuildFile; fileRef = 48E2CA1B20FF05300071D00D /* main.m */; };
		48F9F91C2100212200C89F36 /* WXUserCenterViewController.m in Sources */ = {isa = PBXBuildFile; fileRef = 48F9F91B2100212200C89F36 /* WXUserCenterViewController.m */; };
		48F9F91F2100216D00C89F36 /* WXDiscoverViewController.m in Sources */ = {isa = PBXBuildFile; fileRef = 48F9F91E2100216D00C89F36 /* WXDiscoverViewController.m */; };
		48F9F929210032E200C89F36 /* YSAvatarModel.m in Sources */ = {isa = PBXBuildFile; fileRef = 48F9F928210032E200C89F36 /* YSAvatarModel.m */; };
		48F9F92C210032FC00C89F36 /* YSAvatorCell.m in Sources */ = {isa = PBXBuildFile; fileRef = 48F9F92B210032FC00C89F36 /* YSAvatorCell.m */; };
		48F9F92F21003D0B00C89F36 /* WXInfoViewController.m in Sources */ = {isa = PBXBuildFile; fileRef = 48F9F92E21003D0B00C89F36 /* WXInfoViewController.m */; };
		48F9F93D2100604A00C89F36 /* YSStaticCellModel.m in Sources */ = {isa = PBXBuildFile; fileRef = 48F9F9352100604A00C89F36 /* YSStaticCellModel.m */; };
		48F9F93E2100604A00C89F36 /* YSStaticSectionModel.m in Sources */ = {isa = PBXBuildFile; fileRef = 48F9F9372100604A00C89F36 /* YSStaticSectionModel.m */; };
		48F9F93F2100604A00C89F36 /* YSStaticTableViewCell.m in Sources */ = {isa = PBXBuildFile; fileRef = 48F9F9392100604A00C89F36 /* YSStaticTableViewCell.m */; };
		48F9F9402100604A00C89F36 /* YSStaticTableViewController.m in Sources */ = {isa = PBXBuildFile; fileRef = 48F9F93B2100604A00C89F36 /* YSStaticTableViewController.m */; };
		48F9F967210086E800C89F36 /* arrow@2x.png in Resources */ = {isa = PBXBuildFile; fileRef = 48F9F966210086E800C89F36 /* arrow@2x.png */; };
		667092DF0D6427B7E8003D8A /* Pods_YSStaticTableViewControllerDemo.framework in Frameworks */ = {isa = PBXBuildFile; fileRef = CDD8D3448B8EF1726CD7AA4D /* Pods_YSStaticTableViewControllerDemo.framework */; };
/* End PBXBuildFile section */

/* Begin PBXFileReference section */
		48E2CA0920FF052F0071D00D /* YSStaticTableViewControllerDemo.app */ = {isa = PBXFileReference; explicitFileType = wrapper.application; includeInIndex = 0; path = YSStaticTableViewControllerDemo.app; sourceTree = BUILT_PRODUCTS_DIR; };
		48E2CA0C20FF05300071D00D /* AppDelegate.h */ = {isa = PBXFileReference; lastKnownFileType = sourcecode.c.h; path = AppDelegate.h; sourceTree = "<group>"; };
		48E2CA0D20FF05300071D00D /* AppDelegate.m */ = {isa = PBXFileReference; lastKnownFileType = sourcecode.c.objc; path = AppDelegate.m; sourceTree = "<group>"; };
		48E2CA0F20FF05300071D00D /* ViewController.h */ = {isa = PBXFileReference; lastKnownFileType = sourcecode.c.h; path = ViewController.h; sourceTree = "<group>"; };
		48E2CA1020FF05300071D00D /* ViewController.m */ = {isa = PBXFileReference; lastKnownFileType = sourcecode.c.objc; path = ViewController.m; sourceTree = "<group>"; };
		48E2CA1320FF05300071D00D /* Base */ = {isa = PBXFileReference; lastKnownFileType = file.storyboard; name = Base; path = Base.lproj/Main.storyboard; sourceTree = "<group>"; };
		48E2CA1520FF05300071D00D /* Assets.xcassets */ = {isa = PBXFileReference; lastKnownFileType = folder.assetcatalog; path = Assets.xcassets; sourceTree = "<group>"; };
		48E2CA1820FF05300071D00D /* Base */ = {isa = PBXFileReference; lastKnownFileType = file.storyboard; name = Base; path = Base.lproj/LaunchScreen.storyboard; sourceTree = "<group>"; };
		48E2CA1A20FF05300071D00D /* Info.plist */ = {isa = PBXFileReference; lastKnownFileType = text.plist.xml; path = Info.plist; sourceTree = "<group>"; };
		48E2CA1B20FF05300071D00D /* main.m */ = {isa = PBXFileReference; lastKnownFileType = sourcecode.c.objc; path = main.m; sourceTree = "<group>"; };
		48F9F91A2100212200C89F36 /* WXUserCenterViewController.h */ = {isa = PBXFileReference; lastKnownFileType = sourcecode.c.h; path = WXUserCenterViewController.h; sourceTree = "<group>"; };
		48F9F91B2100212200C89F36 /* WXUserCenterViewController.m */ = {isa = PBXFileReference; lastKnownFileType = sourcecode.c.objc; path = WXUserCenterViewController.m; sourceTree = "<group>"; };
		48F9F91D2100216D00C89F36 /* WXDiscoverViewController.h */ = {isa = PBXFileReference; lastKnownFileType = sourcecode.c.h; path = WXDiscoverViewController.h; sourceTree = "<group>"; };
		48F9F91E2100216D00C89F36 /* WXDiscoverViewController.m */ = {isa = PBXFileReference; lastKnownFileType = sourcecode.c.objc; path = WXDiscoverViewController.m; sourceTree = "<group>"; };
		48F9F927210032E200C89F36 /* YSAvatarModel.h */ = {isa = PBXFileReference; lastKnownFileType = sourcecode.c.h; path = YSAvatarModel.h; sourceTree = "<group>"; };
		48F9F928210032E200C89F36 /* YSAvatarModel.m */ = {isa = PBXFileReference; lastKnownFileType = sourcecode.c.objc; path = YSAvatarModel.m; sourceTree = "<group>"; };
		48F9F92A210032FC00C89F36 /* YSAvatorCell.h */ = {isa = PBXFileReference; lastKnownFileType = sourcecode.c.h; path = YSAvatorCell.h; sourceTree = "<group>"; };
		48F9F92B210032FC00C89F36 /* YSAvatorCell.m */ = {isa = PBXFileReference; lastKnownFileType = sourcecode.c.objc; path = YSAvatorCell.m; sourceTree = "<group>"; };
		48F9F92D21003D0B00C89F36 /* WXInfoViewController.h */ = {isa = PBXFileReference; lastKnownFileType = sourcecode.c.h; path = WXInfoViewController.h; sourceTree = "<group>"; };
		48F9F92E21003D0B00C89F36 /* WXInfoViewController.m */ = {isa = PBXFileReference; lastKnownFileType = sourcecode.c.objc; path = WXInfoViewController.m; sourceTree = "<group>"; };
		48F9F9342100604A00C89F36 /* YSStaticCellModel.h */ = {isa = PBXFileReference; fileEncoding = 4; lastKnownFileType = sourcecode.c.h; path = YSStaticCellModel.h; sourceTree = "<group>"; };
		48F9F9352100604A00C89F36 /* YSStaticCellModel.m */ = {isa = PBXFileReference; fileEncoding = 4; lastKnownFileType = sourcecode.c.objc; path = YSStaticCellModel.m; sourceTree = "<group>"; };
		48F9F9362100604A00C89F36 /* YSStaticSectionModel.h */ = {isa = PBXFileReference; fileEncoding = 4; lastKnownFileType = sourcecode.c.h; path = YSStaticSectionModel.h; sourceTree = "<group>"; };
		48F9F9372100604A00C89F36 /* YSStaticSectionModel.m */ = {isa = PBXFileReference; fileEncoding = 4; lastKnownFileType = sourcecode.c.objc; path = YSStaticSectionModel.m; sourceTree = "<group>"; };
		48F9F9382100604A00C89F36 /* YSStaticTableViewCell.h */ = {isa = PBXFileReference; fileEncoding = 4; lastKnownFileType = sourcecode.c.h; path = YSStaticTableViewCell.h; sourceTree = "<group>"; };
		48F9F9392100604A00C89F36 /* YSStaticTableViewCell.m */ = {isa = PBXFileReference; fileEncoding = 4; lastKnownFileType = sourcecode.c.objc; path = YSStaticTableViewCell.m; sourceTree = "<group>"; };
		48F9F93A2100604A00C89F36 /* YSStaticTableViewController.h */ = {isa = PBXFileReference; fileEncoding = 4; lastKnownFileType = sourcecode.c.h; path = YSStaticTableViewController.h; sourceTree = "<group>"; };
		48F9F93B2100604A00C89F36 /* YSStaticTableViewController.m */ = {isa = PBXFileReference; fileEncoding = 4; lastKnownFileType = sourcecode.c.objc; path = YSStaticTableViewController.m; sourceTree = "<group>"; };
		48F9F966210086E800C89F36 /* arrow@2x.png */ = {isa = PBXFileReference; lastKnownFileType = image.png; path = "arrow@2x.png"; sourceTree = "<group>"; };
		A14012680E55BED7E874C79C /* Pods-YSStaticTableViewControllerDemo.debug.xcconfig */ = {isa = PBXFileReference; includeInIndex = 1; lastKnownFileType = text.xcconfig; name = "Pods-YSStaticTableViewControllerDemo.debug.xcconfig"; path = "Pods/Target Support Files/Pods-YSStaticTableViewControllerDemo/Pods-YSStaticTableViewControllerDemo.debug.xcconfig"; sourceTree = "<group>"; };
		CDD8D3448B8EF1726CD7AA4D /* Pods_YSStaticTableViewControllerDemo.framework */ = {isa = PBXFileReference; explicitFileType = wrapper.framework; includeInIndex = 0; path = Pods_YSStaticTableViewControllerDemo.framework; sourceTree = BUILT_PRODUCTS_DIR; };
		FA6F0E0880DB3D8996FC3254 /* Pods-YSStaticTableViewControllerDemo.release.xcconfig */ = {isa = PBXFileReference; includeInIndex = 1; lastKnownFileType = text.xcconfig; name = "Pods-YSStaticTableViewControllerDemo.release.xcconfig"; path = "Pods/Target Support Files/Pods-YSStaticTableViewControllerDemo/Pods-YSStaticTableViewControllerDemo.release.xcconfig"; sourceTree = "<group>"; };
/* End PBXFileReference section */

/* Begin PBXFrameworksBuildPhase section */
		48E2CA0620FF052F0071D00D /* Frameworks */ = {
			isa = PBXFrameworksBuildPhase;
			buildActionMask = 2147483647;
			files = (
				667092DF0D6427B7E8003D8A /* Pods_YSStaticTableViewControllerDemo.framework in Frameworks */,
			);
			runOnlyForDeploymentPostprocessing = 0;
		};
/* End PBXFrameworksBuildPhase section */

/* Begin PBXGroup section */
		48B4782820FF420400A7D53B /* Demos */ = {
			isa = PBXGroup;
			children = (
				48F9F919210020F400C89F36 /* WeChat */,
			);
			path = Demos;
			sourceTree = "<group>";
		};
		48E2CA0020FF052F0071D00D = {
			isa = PBXGroup;
			children = (
				48E2CA0B20FF052F0071D00D /* YSStaticTableViewControllerDemo */,
				48E2CA0A20FF052F0071D00D /* Products */,
				8AB3C9F6E3303CD0797082A9 /* Pods */,
				9D65EBDF1E3130E4A61A72D2 /* Frameworks */,
			);
			sourceTree = "<group>";
		};
		48E2CA0A20FF052F0071D00D /* Products */ = {
			isa = PBXGroup;
			children = (
				48E2CA0920FF052F0071D00D /* YSStaticTableViewControllerDemo.app */,
			);
			name = Products;
			sourceTree = "<group>";
		};
		48E2CA0B20FF052F0071D00D /* YSStaticTableViewControllerDemo */ = {
			isa = PBXGroup;
			children = (
				48F9F9312100604A00C89F36 /* YSStaticTableViewController */,
				48B4782820FF420400A7D53B /* Demos */,
				48E2CA0C20FF05300071D00D /* AppDelegate.h */,
				48E2CA0D20FF05300071D00D /* AppDelegate.m */,
				48E2CA0F20FF05300071D00D /* ViewController.h */,
				48E2CA1020FF05300071D00D /* ViewController.m */,
				48E2CA1220FF05300071D00D /* Main.storyboard */,
				48E2CA1520FF05300071D00D /* Assets.xcassets */,
				48E2CA1720FF05300071D00D /* LaunchScreen.storyboard */,
				48E2CA1A20FF05300071D00D /* Info.plist */,
				48E2CA1B20FF05300071D00D /* main.m */,
			);
			path = YSStaticTableViewControllerDemo;
			sourceTree = "<group>";
		};
		48F9F919210020F400C89F36 /* WeChat */ = {
			isa = PBXGroup;
			children = (
				48F9F926210032CE00C89F36 /* Custom */,
				48F9F91D2100216D00C89F36 /* WXDiscoverViewController.h */,
				48F9F91E2100216D00C89F36 /* WXDiscoverViewController.m */,
				48F9F91A2100212200C89F36 /* WXUserCenterViewController.h */,
				48F9F91B2100212200C89F36 /* WXUserCenterViewController.m */,
				48F9F92D21003D0B00C89F36 /* WXInfoViewController.h */,
				48F9F92E21003D0B00C89F36 /* WXInfoViewController.m */,
			);
			path = WeChat;
			sourceTree = "<group>";
		};
		48F9F926210032CE00C89F36 /* Custom */ = {
			isa = PBXGroup;
			children = (
				48F9F927210032E200C89F36 /* YSAvatarModel.h */,
				48F9F928210032E200C89F36 /* YSAvatarModel.m */,
				48F9F92A210032FC00C89F36 /* YSAvatorCell.h */,
				48F9F92B210032FC00C89F36 /* YSAvatorCell.m */,
			);
			path = Custom;
			sourceTree = "<group>";
		};
		48F9F9312100604A00C89F36 /* YSStaticTableViewController */ = {
			isa = PBXGroup;
			children = (
				48F9F965210086E800C89F36 /* Resource */,
				48F9F9342100604A00C89F36 /* YSStaticCellModel.h */,
				48F9F9352100604A00C89F36 /* YSStaticCellModel.m */,
				48F9F9362100604A00C89F36 /* YSStaticSectionModel.h */,
				48F9F9372100604A00C89F36 /* YSStaticSectionModel.m */,
				48F9F9382100604A00C89F36 /* YSStaticTableViewCell.h */,
				48F9F9392100604A00C89F36 /* YSStaticTableViewCell.m */,
				48F9F93A2100604A00C89F36 /* YSStaticTableViewController.h */,
				48F9F93B2100604A00C89F36 /* YSStaticTableViewController.m */,
			);
			name = YSStaticTableViewController;
			path = ../../YSStaticTableViewController;
			sourceTree = "<group>";
		};
		48F9F965210086E800C89F36 /* Resource */ = {
			isa = PBXGroup;
			children = (
				48F9F966210086E800C89F36 /* arrow@2x.png */,
			);
			path = Resource;
			sourceTree = "<group>";
		};
		8AB3C9F6E3303CD0797082A9 /* Pods */ = {
			isa = PBXGroup;
			children = (
				A14012680E55BED7E874C79C /* Pods-YSStaticTableViewControllerDemo.debug.xcconfig */,
				FA6F0E0880DB3D8996FC3254 /* Pods-YSStaticTableViewControllerDemo.release.xcconfig */,
			);
			name = Pods;
			sourceTree = "<group>";
		};
		9D65EBDF1E3130E4A61A72D2 /* Frameworks */ = {
			isa = PBXGroup;
			children = (
				CDD8D3448B8EF1726CD7AA4D /* Pods_YSStaticTableViewControllerDemo.framework */,
			);
			name = Frameworks;
			sourceTree = "<group>";
		};
/* End PBXGroup section */

/* Begin PBXNativeTarget section */
		48E2CA0820FF052F0071D00D /* YSStaticTableViewControllerDemo */ = {
			isa = PBXNativeTarget;
			buildConfigurationList = 48E2CA1F20FF05300071D00D /* Build configuration list for PBXNativeTarget "YSStaticTableViewControllerDemo" */;
			buildPhases = (
				845D3F3E659583600E422BE3 /* [CP] Check Pods Manifest.lock */,
				48E2CA0520FF052F0071D00D /* Sources */,
				48E2CA0620FF052F0071D00D /* Frameworks */,
				48E2CA0720FF052F0071D00D /* Resources */,
				80CBAC606BD8F39AD8463040 /* [CP] Embed Pods Frameworks */,
			);
			buildRules = (
			);
			dependencies = (
			);
			name = YSStaticTableViewControllerDemo;
			productName = YSStaticTableViewControllerDemo;
			productReference = 48E2CA0920FF052F0071D00D /* YSStaticTableViewControllerDemo.app */;
			productType = "com.apple.product-type.application";
		};
/* End PBXNativeTarget section */

/* Begin PBXProject section */
		48E2CA0120FF052F0071D00D /* Project object */ = {
			isa = PBXProject;
			attributes = {
				LastUpgradeCheck = 0910;
				ORGANIZATIONNAME = YangShen;
				TargetAttributes = {
					48E2CA0820FF052F0071D00D = {
						CreatedOnToolsVersion = 9.1;
						ProvisioningStyle = Automatic;
					};
				};
			};
			buildConfigurationList = 48E2CA0420FF052F0071D00D /* Build configuration list for PBXProject "YSStaticTableViewControllerDemo" */;
			compatibilityVersion = "Xcode 8.0";
			developmentRegion = en;
			hasScannedForEncodings = 0;
			knownRegions = (
				en,
				Base,
			);
			mainGroup = 48E2CA0020FF052F0071D00D;
			productRefGroup = 48E2CA0A20FF052F0071D00D /* Products */;
			projectDirPath = "";
			projectRoot = "";
			targets = (
				48E2CA0820FF052F0071D00D /* YSStaticTableViewControllerDemo */,
			);
		};
/* End PBXProject section */

/* Begin PBXResourcesBuildPhase section */
		48E2CA0720FF052F0071D00D /* Resources */ = {
			isa = PBXResourcesBuildPhase;
			buildActionMask = 2147483647;
			files = (
				48E2CA1920FF05300071D00D /* LaunchScreen.storyboard in Resources */,
				48F9F967210086E800C89F36 /* arrow@2x.png in Resources */,
				48E2CA1620FF05300071D00D /* Assets.xcassets in Resources */,
				48E2CA1420FF05300071D00D /* Main.storyboard in Resources */,
			);
			runOnlyForDeploymentPostprocessing = 0;
		};
/* End PBXResourcesBuildPhase section */

/* Begin PBXShellScriptBuildPhase section */
		80CBAC606BD8F39AD8463040 /* [CP] Embed Pods Frameworks */ = {
			isa = PBXShellScriptBuildPhase;
			buildActionMask = 2147483647;
			files = (
			);
			inputPaths = (
				"${SRCROOT}/Pods/Target Support Files/Pods-YSStaticTableViewControllerDemo/Pods-YSStaticTableViewControllerDemo-frameworks.sh",
				"${BUILT_PRODUCTS_DIR}/SDWebImage/SDWebImage.framework",
			);
			name = "[CP] Embed Pods Frameworks";
			outputPaths = (
				"${TARGET_BUILD_DIR}/${FRAMEWORKS_FOLDER_PATH}/SDWebImage.framework",
			);
			runOnlyForDeploymentPostprocessing = 0;
			shellPath = /bin/sh;
			shellScript = "\"${SRCROOT}/Pods/Target Support Files/Pods-YSStaticTableViewControllerDemo/Pods-YSStaticTableViewControllerDemo-frameworks.sh\"\n";
			showEnvVarsInLog = 0;
		};
		845D3F3E659583600E422BE3 /* [CP] Check Pods Manifest.lock */ = {
			isa = PBXShellScriptBuildPhase;
			buildActionMask = 2147483647;
			files = (
			);
			inputPaths = (
				"${PODS_PODFILE_DIR_PATH}/Podfile.lock",
				"${PODS_ROOT}/Manifest.lock",
			);
			name = "[CP] Check Pods Manifest.lock";
			outputPaths = (
				"$(DERIVED_FILE_DIR)/Pods-YSStaticTableViewControllerDemo-checkManifestLockResult.txt",
			);
			runOnlyForDeploymentPostprocessing = 0;
			shellPath = /bin/sh;
			shellScript = "diff \"${PODS_PODFILE_DIR_PATH}/Podfile.lock\" \"${PODS_ROOT}/Manifest.lock\" > /dev/null\nif [ $? != 0 ] ; then\n    # print error to STDERR\n    echo \"error: The sandbox is not in sync with the Podfile.lock. Run 'pod install' or update your CocoaPods installation.\" >&2\n    exit 1\nfi\n# This output is used by Xcode 'outputs' to avoid re-running this script phase.\necho \"SUCCESS\" > \"${SCRIPT_OUTPUT_FILE_0}\"\n";
			showEnvVarsInLog = 0;
		};
/* End PBXShellScriptBuildPhase section */

/* Begin PBXSourcesBuildPhase section */
		48E2CA0520FF052F0071D00D /* Sources */ = {
			isa = PBXSourcesBuildPhase;
			buildActionMask = 2147483647;
			files = (
				48F9F91F2100216D00C89F36 /* WXDiscoverViewController.m in Sources */,
				48E2CA1120FF05300071D00D /* ViewController.m in Sources */,
				48F9F93F2100604A00C89F36 /* YSStaticTableViewCell.m in Sources */,
				48F9F9402100604A00C89F36 /* YSStaticTableViewController.m in Sources */,
				48F9F929210032E200C89F36 /* YSAvatarModel.m in Sources */,
				48F9F92C210032FC00C89F36 /* YSAvatorCell.m in Sources */,
				48E2CA1C20FF05300071D00D /* main.m in Sources */,
				48F9F93E2100604A00C89F36 /* YSStaticSectionModel.m in Sources */,
				48F9F93D2100604A00C89F36 /* YSStaticCellModel.m in Sources */,
				48F9F92F21003D0B00C89F36 /* WXInfoViewController.m in Sources */,
				48E2CA0E20FF05300071D00D /* AppDelegate.m in Sources */,
				48F9F91C2100212200C89F36 /* WXUserCenterViewController.m in Sources */,
			);
			runOnlyForDeploymentPostprocessing = 0;
		};
/* End PBXSourcesBuildPhase section */

/* Begin PBXVariantGroup section */
		48E2CA1220FF05300071D00D /* Main.storyboard */ = {
			isa = PBXVariantGroup;
			children = (
				48E2CA1320FF05300071D00D /* Base */,
			);
			name = Main.storyboard;
			sourceTree = "<group>";
		};
		48E2CA1720FF05300071D00D /* LaunchScreen.storyboard */ = {
			isa = PBXVariantGroup;
			children = (
				48E2CA1820FF05300071D00D /* Base */,
			);
			name = LaunchScreen.storyboard;
			sourceTree = "<group>";
		};
/* End PBXVariantGroup section */

/* Begin XCBuildConfiguration section */
		48E2CA1D20FF05300071D00D /* Debug */ = {
			isa = XCBuildConfiguration;
			buildSettings = {
				ALWAYS_SEARCH_USER_PATHS = NO;
				CLANG_ANALYZER_NONNULL = YES;
				CLANG_ANALYZER_NUMBER_OBJECT_CONVERSION = YES_AGGRESSIVE;
				CLANG_CXX_LANGUAGE_STANDARD = "gnu++14";
				CLANG_CXX_LIBRARY = "libc++";
				CLANG_ENABLE_MODULES = YES;
				CLANG_ENABLE_OBJC_ARC = YES;
				CLANG_WARN_BLOCK_CAPTURE_AUTORELEASING = YES;
				CLANG_WARN_BOOL_CONVERSION = YES;
				CLANG_WARN_COMMA = YES;
				CLANG_WARN_CONSTANT_CONVERSION = YES;
				CLANG_WARN_DIRECT_OBJC_ISA_USAGE = YES_ERROR;
				CLANG_WARN_DOCUMENTATION_COMMENTS = YES;
				CLANG_WARN_EMPTY_BODY = YES;
				CLANG_WARN_ENUM_CONVERSION = YES;
				CLANG_WARN_INFINITE_RECURSION = YES;
				CLANG_WARN_INT_CONVERSION = YES;
				CLANG_WARN_NON_LITERAL_NULL_CONVERSION = YES;
				CLANG_WARN_OBJC_LITERAL_CONVERSION = YES;
				CLANG_WARN_OBJC_ROOT_CLASS = YES_ERROR;
				CLANG_WARN_RANGE_LOOP_ANALYSIS = YES;
				CLANG_WARN_STRICT_PROTOTYPES = YES;
				CLANG_WARN_SUSPICIOUS_MOVE = YES;
				CLANG_WARN_UNGUARDED_AVAILABILITY = YES_AGGRESSIVE;
				CLANG_WARN_UNREACHABLE_CODE = YES;
				CLANG_WARN__DUPLICATE_METHOD_MATCH = YES;
				CODE_SIGN_IDENTITY = "iPhone Developer";
				COPY_PHASE_STRIP = NO;
				DEBUG_INFORMATION_FORMAT = dwarf;
				ENABLE_STRICT_OBJC_MSGSEND = YES;
				ENABLE_TESTABILITY = YES;
				GCC_C_LANGUAGE_STANDARD = gnu11;
				GCC_DYNAMIC_NO_PIC = NO;
				GCC_NO_COMMON_BLOCKS = YES;
				GCC_OPTIMIZATION_LEVEL = 0;
				GCC_PREPROCESSOR_DEFINITIONS = (
					"DEBUG=1",
					"$(inherited)",
				);
				GCC_WARN_64_TO_32_BIT_CONVERSION = YES;
				GCC_WARN_ABOUT_RETURN_TYPE = YES_ERROR;
				GCC_WARN_UNDECLARED_SELECTOR = YES;
				GCC_WARN_UNINITIALIZED_AUTOS = YES_AGGRESSIVE;
				GCC_WARN_UNUSED_FUNCTION = YES;
				GCC_WARN_UNUSED_VARIABLE = YES;
				IPHONEOS_DEPLOYMENT_TARGET = 11.1;
				MTL_ENABLE_DEBUG_INFO = YES;
				ONLY_ACTIVE_ARCH = YES;
				SDKROOT = iphoneos;
			};
			name = Debug;
		};
		48E2CA1E20FF05300071D00D /* Release */ = {
			isa = XCBuildConfiguration;
			buildSettings = {
				ALWAYS_SEARCH_USER_PATHS = NO;
				CLANG_ANALYZER_NONNULL = YES;
				CLANG_ANALYZER_NUMBER_OBJECT_CONVERSION = YES_AGGRESSIVE;
				CLANG_CXX_LANGUAGE_STANDARD = "gnu++14";
				CLANG_CXX_LIBRARY = "libc++";
				CLANG_ENABLE_MODULES = YES;
				CLANG_ENABLE_OBJC_ARC = YES;
				CLANG_WARN_BLOCK_CAPTURE_AUTORELEASING = YES;
				CLANG_WARN_BOOL_CONVERSION = YES;
				CLANG_WARN_COMMA = YES;
				CLANG_WARN_CONSTANT_CONVERSION = YES;
				CLANG_WARN_DIRECT_OBJC_ISA_USAGE = YES_ERROR;
				CLANG_WARN_DOCUMENTATION_COMMENTS = YES;
				CLANG_WARN_EMPTY_BODY = YES;
				CLANG_WARN_ENUM_CONVERSION = YES;
				CLANG_WARN_INFINITE_RECURSION = YES;
				CLANG_WARN_INT_CONVERSION = YES;
				CLANG_WARN_NON_LITERAL_NULL_CONVERSION = YES;
				CLANG_WARN_OBJC_LITERAL_CONVERSION = YES;
				CLANG_WARN_OBJC_ROOT_CLASS = YES_ERROR;
				CLANG_WARN_RANGE_LOOP_ANALYSIS = YES;
				CLANG_WARN_STRICT_PROTOTYPES = YES;
				CLANG_WARN_SUSPICIOUS_MOVE = YES;
				CLANG_WARN_UNGUARDED_AVAILABILITY = YES_AGGRESSIVE;
				CLANG_WARN_UNREACHABLE_CODE = YES;
				CLANG_WARN__DUPLICATE_METHOD_MATCH = YES;
				CODE_SIGN_IDENTITY = "iPhone Developer";
				COPY_PHASE_STRIP = NO;
				DEBUG_INFORMATION_FORMAT = "dwarf-with-dsym";
				ENABLE_NS_ASSERTIONS = NO;
				ENABLE_STRICT_OBJC_MSGSEND = YES;
				GCC_C_LANGUAGE_STANDARD = gnu11;
				GCC_NO_COMMON_BLOCKS = YES;
				GCC_WARN_64_TO_32_BIT_CONVERSION = YES;
				GCC_WARN_ABOUT_RETURN_TYPE = YES_ERROR;
				GCC_WARN_UNDECLARED_SELECTOR = YES;
				GCC_WARN_UNINITIALIZED_AUTOS = YES_AGGRESSIVE;
				GCC_WARN_UNUSED_FUNCTION = YES;
				GCC_WARN_UNUSED_VARIABLE = YES;
				IPHONEOS_DEPLOYMENT_TARGET = 11.1;
				MTL_ENABLE_DEBUG_INFO = NO;
				SDKROOT = iphoneos;
				VALIDATE_PRODUCT = YES;
			};
			name = Release;
		};
		48E2CA2020FF05300071D00D /* Debug */ = {
			isa = XCBuildConfiguration;
			baseConfigurationReference = A14012680E55BED7E874C79C /* Pods-YSStaticTableViewControllerDemo.debug.xcconfig */;
			buildSettings = {
				ASSETCATALOG_COMPILER_APPICON_NAME = AppIcon;
				CODE_SIGN_STYLE = Automatic;
				INFOPLIST_FILE = YSStaticTableViewControllerDemo/Info.plist;
				IPHONEOS_DEPLOYMENT_TARGET = 8.0;
				LD_RUNPATH_SEARCH_PATHS = "$(inherited) @executable_path/Frameworks";
				PRODUCT_BUNDLE_IDENTIFIER = YangShen.YSStaticTableViewControllerDemo;
				PRODUCT_NAME = "$(TARGET_NAME)";
				TARGETED_DEVICE_FAMILY = "1,2";
			};
			name = Debug;
		};
		48E2CA2120FF05300071D00D /* Release */ = {
			isa = XCBuildConfiguration;
			baseConfigurationReference = FA6F0E0880DB3D8996FC3254 /* Pods-YSStaticTableViewControllerDemo.release.xcconfig */;
			buildSettings = {
				ASSETCATALOG_COMPILER_APPICON_NAME = AppIcon;
				CODE_SIGN_STYLE = Automatic;
				INFOPLIST_FILE = YSStaticTableViewControllerDemo/Info.plist;
				IPHONEOS_DEPLOYMENT_TARGET = 8.0;
				LD_RUNPATH_SEARCH_PATHS = "$(inherited) @executable_path/Frameworks";
				PRODUCT_BUNDLE_IDENTIFIER = YangShen.YSStaticTableViewControllerDemo;
				PRODUCT_NAME = "$(TARGET_NAME)";
				TARGETED_DEVICE_FAMILY = "1,2";
			};
			name = Release;
		};
/* End XCBuildConfiguration section */

/* Begin XCConfigurationList section */
		48E2CA0420FF052F0071D00D /* Build configuration list for PBXProject "YSStaticTableViewControllerDemo" */ = {
			isa = XCConfigurationList;
			buildConfigurations = (
				48E2CA1D20FF05300071D00D /* Debug */,
				48E2CA1E20FF05300071D00D /* Release */,
			);
			defaultConfigurationIsVisible = 0;
			defaultConfigurationName = Release;
		};
		48E2CA1F20FF05300071D00D /* Build configuration list for PBXNativeTarget "YSStaticTableViewControllerDemo" */ = {
			isa = XCConfigurationList;
			buildConfigurations = (
				48E2CA2020FF05300071D00D /* Debug */,
				48E2CA2120FF05300071D00D /* Release */,
			);
			defaultConfigurationIsVisible = 0;
			defaultConfigurationName = Release;
		};
/* End XCConfigurationList section */
	};
	rootObject = 48E2CA0120FF052F0071D00D /* Project object */;
}
