// !$*UTF8*$!
{
	archiveVersion = 1;
	classes = {
	};
	objectVersion = 46;
	objects = {

/* Begin PBXBuildFile section */
		816283FF1C83EC6400A76367 /* main.m in Sources */ = {isa = PBXBuildFile; fileRef = 816283FE1C83EC6400A76367 /* main.m */; };
		816284021C83EC6400A76367 /* AppDelegate.m in Sources */ = {isa = PBXBuildFile; fileRef = 816284011C83EC6400A76367 /* AppDelegate.m */; };
		816284051C83EC6400A76367 /* ViewController.m in Sources */ = {isa = PBXBuildFile; fileRef = 816284041C83EC6400A76367 /* ViewController.m */; };
		816284081C83EC6400A76367 /* Main.storyboard in Resources */ = {isa = PBXBuildFile; fileRef = 816284061C83EC6400A76367 /* Main.storyboard */; };
		8162840A1C83EC6400A76367 /* Assets.xcassets in Resources */ = {isa = PBXBuildFile; fileRef = 816284091C83EC6400A76367 /* Assets.xcassets */; };
		8162840D1C83EC6400A76367 /* LaunchScreen.storyboard in Resources */ = {isa = PBXBuildFile; fileRef = 8162840B1C83EC6400A76367 /* LaunchScreen.storyboard */; };
		816284181C83EC6400A76367 /* CircleAnimationUserInteractionDemoTests.m in Sources */ = {isa = PBXBuildFile; fileRef = 816284171C83EC6400A76367 /* CircleAnimationUserInteractionDemoTests.m */; };
		816284231C83EC6400A76367 /* CircleAnimationUserInteractionDemoUITests.m in Sources */ = {isa = PBXBuildFile; fileRef = 816284221C83EC6400A76367 /* CircleAnimationUserInteractionDemoUITests.m */; };
		816284351C83ECBA00A76367 /* UIColor+Extensions.m in Sources */ = {isa = PBXBuildFile; fileRef = 816284321C83ECBA00A76367 /* UIColor+Extensions.m */; };
		816284361C83ECBA00A76367 /* UIView+Extensions.m in Sources */ = {isa = PBXBuildFile; fileRef = 816284341C83ECBA00A76367 /* UIView+Extensions.m */; };
		816284391C83ED0200A76367 /* CircleAnimationBottomView.m in Sources */ = {isa = PBXBuildFile; fileRef = 816284381C83ED0200A76367 /* CircleAnimationBottomView.m */; };
		8162843C1C83ED5300A76367 /* WDCircleAnimationView.m in Sources */ = {isa = PBXBuildFile; fileRef = 8162843B1C83ED5300A76367 /* WDCircleAnimationView.m */; };
		816284421C83EF7900A76367 /* icon_m_auto@2x.png in Resources */ = {isa = PBXBuildFile; fileRef = 8162843D1C83EF7900A76367 /* icon_m_auto@2x.png */; };
		816284431C83EF7900A76367 /* icon_m_chushi@2x.png in Resources */ = {isa = PBXBuildFile; fileRef = 8162843E1C83EF7900A76367 /* icon_m_chushi@2x.png */; };
		816284441C83EF7900A76367 /* icon_m_snow@2x.png in Resources */ = {isa = PBXBuildFile; fileRef = 8162843F1C83EF7900A76367 /* icon_m_snow@2x.png */; };
		816284451C83EF7900A76367 /* icon_m_sun@2x.png in Resources */ = {isa = PBXBuildFile; fileRef = 816284401C83EF7900A76367 /* icon_m_sun@2x.png */; };
		816284461C83EF7900A76367 /* icon_m_wind@2x.png in Resources */ = {isa = PBXBuildFile; fileRef = 816284411C83EF7900A76367 /* icon_m_wind@2x.png */; };
		816284481C83EF8500A76367 /* sk_kongtiao_bg@2x.png in Resources */ = {isa = PBXBuildFile; fileRef = 816284471C83EF8500A76367 /* sk_kongtiao_bg@2x.png */; };
/* End PBXBuildFile section */

/* Begin PBXContainerItemProxy section */
		816284141C83EC6400A76367 /* PBXContainerItemProxy */ = {
			isa = PBXContainerItemProxy;
			containerPortal = 816283F21C83EC6400A76367 /* Project object */;
			proxyType = 1;
			remoteGlobalIDString = 816283F91C83EC6400A76367;
			remoteInfo = CircleAnimationUserInteractionDemo;
		};
		8162841F1C83EC6400A76367 /* PBXContainerItemProxy */ = {
			isa = PBXContainerItemProxy;
			containerPortal = 816283F21C83EC6400A76367 /* Project object */;
			proxyType = 1;
			remoteGlobalIDString = 816283F91C83EC6400A76367;
			remoteInfo = CircleAnimationUserInteractionDemo;
		};
/* End PBXContainerItemProxy section */

/* Begin PBXFileReference section */
		816283FA1C83EC6400A76367 /* CircleAnimationUserInteractionDemo.app */ = {isa = PBXFileReference; explicitFileType = wrapper.application; includeInIndex = 0; path = CircleAnimationUserInteractionDemo.app; sourceTree = BUILT_PRODUCTS_DIR; };
		816283FE1C83EC6400A76367 /* main.m */ = {isa = PBXFileReference; lastKnownFileType = sourcecode.c.objc; path = main.m; sourceTree = "<group>"; };
		816284001C83EC6400A76367 /* AppDelegate.h */ = {isa = PBXFileReference; lastKnownFileType = sourcecode.c.h; path = AppDelegate.h; sourceTree = "<group>"; };
		816284011C83EC6400A76367 /* AppDelegate.m */ = {isa = PBXFileReference; lastKnownFileType = sourcecode.c.objc; path = AppDelegate.m; sourceTree = "<group>"; };
		816284031C83EC6400A76367 /* ViewController.h */ = {isa = PBXFileReference; lastKnownFileType = sourcecode.c.h; path = ViewController.h; sourceTree = "<group>"; };
		816284041C83EC6400A76367 /* ViewController.m */ = {isa = PBXFileReference; lastKnownFileType = sourcecode.c.objc; path = ViewController.m; sourceTree = "<group>"; };
		816284071C83EC6400A76367 /* Base */ = {isa = PBXFileReference; lastKnownFileType = file.storyboard; name = Base; path = Base.lproj/Main.storyboard; sourceTree = "<group>"; };
		816284091C83EC6400A76367 /* Assets.xcassets */ = {isa = PBXFileReference; lastKnownFileType = folder.assetcatalog; path = Assets.xcassets; sourceTree = "<group>"; };
		8162840C1C83EC6400A76367 /* Base */ = {isa = PBXFileReference; lastKnownFileType = file.storyboard; name = Base; path = Base.lproj/LaunchScreen.storyboard; sourceTree = "<group>"; };
		8162840E1C83EC6400A76367 /* Info.plist */ = {isa = PBXFileReference; lastKnownFileType = text.plist.xml; path = Info.plist; sourceTree = "<group>"; };
		816284131C83EC6400A76367 /* CircleAnimationUserInteractionDemoTests.xctest */ = {isa = PBXFileReference; explicitFileType = wrapper.cfbundle; includeInIndex = 0; path = CircleAnimationUserInteractionDemoTests.xctest; sourceTree = BUILT_PRODUCTS_DIR; };
		816284171C83EC6400A76367 /* CircleAnimationUserInteractionDemoTests.m */ = {isa = PBXFileReference; lastKnownFileType = sourcecode.c.objc; path = CircleAnimationUserInteractionDemoTests.m; sourceTree = "<group>"; };
		816284191C83EC6400A76367 /* Info.plist */ = {isa = PBXFileReference; lastKnownFileType = text.plist.xml; path = Info.plist; sourceTree = "<group>"; };
		8162841E1C83EC6400A76367 /* CircleAnimationUserInteractionDemoUITests.xctest */ = {isa = PBXFileReference; explicitFileType = wrapper.cfbundle; includeInIndex = 0; path = CircleAnimationUserInteractionDemoUITests.xctest; sourceTree = BUILT_PRODUCTS_DIR; };
		816284221C83EC6400A76367 /* CircleAnimationUserInteractionDemoUITests.m */ = {isa = PBXFileReference; lastKnownFileType = sourcecode.c.objc; path = CircleAnimationUserInteractionDemoUITests.m; sourceTree = "<group>"; };
		816284241C83EC6400A76367 /* Info.plist */ = {isa = PBXFileReference; lastKnownFileType = text.plist.xml; path = Info.plist; sourceTree = "<group>"; };
		816284311C83ECBA00A76367 /* UIColor+Extensions.h */ = {isa = PBXFileReference; fileEncoding = 4; lastKnownFileType = sourcecode.c.h; path = "UIColor+Extensions.h"; sourceTree = "<group>"; };
		816284321C83ECBA00A76367 /* UIColor+Extensions.m */ = {isa = PBXFileReference; fileEncoding = 4; lastKnownFileType = sourcecode.c.objc; path = "UIColor+Extensions.m"; sourceTree = "<group>"; };
		816284331C83ECBA00A76367 /* UIView+Extensions.h */ = {isa = PBXFileReference; fileEncoding = 4; lastKnownFileType = sourcecode.c.h; path = "UIView+Extensions.h"; sourceTree = "<group>"; };
		816284341C83ECBA00A76367 /* UIView+Extensions.m */ = {isa = PBXFileReference; fileEncoding = 4; lastKnownFileType = sourcecode.c.objc; path = "UIView+Extensions.m"; sourceTree = "<group>"; };
		816284371C83ED0200A76367 /* CircleAnimationBottomView.h */ = {isa = PBXFileReference; fileEncoding = 4; lastKnownFileType = sourcecode.c.h; path = CircleAnimationBottomView.h; sourceTree = "<group>"; };
		816284381C83ED0200A76367 /* CircleAnimationBottomView.m */ = {isa = PBXFileReference; fileEncoding = 4; lastKnownFileType = sourcecode.c.objc; path = CircleAnimationBottomView.m; sourceTree = "<group>"; };
		8162843A1C83ED5300A76367 /* WDCircleAnimationView.h */ = {isa = PBXFileReference; fileEncoding = 4; lastKnownFileType = sourcecode.c.h; path = WDCircleAnimationView.h; sourceTree = "<group>"; };
		8162843B1C83ED5300A76367 /* WDCircleAnimationView.m */ = {isa = PBXFileReference; fileEncoding = 4; lastKnownFileType = sourcecode.c.objc; path = WDCircleAnimationView.m; sourceTree = "<group>"; };
		8162843D1C83EF7900A76367 /* icon_m_auto@2x.png */ = {isa = PBXFileReference; lastKnownFileType = image.png; path = "icon_m_auto@2x.png"; sourceTree = "<group>"; };
		8162843E1C83EF7900A76367 /* icon_m_chushi@2x.png */ = {isa = PBXFileReference; lastKnownFileType = image.png; path = "icon_m_chushi@2x.png"; sourceTree = "<group>"; };
		8162843F1C83EF7900A76367 /* icon_m_snow@2x.png */ = {isa = PBXFileReference; lastKnownFileType = image.png; path = "icon_m_snow@2x.png"; sourceTree = "<group>"; };
		816284401C83EF7900A76367 /* icon_m_sun@2x.png */ = {isa = PBXFileReference; lastKnownFileType = image.png; path = "icon_m_sun@2x.png"; sourceTree = "<group>"; };
		816284411C83EF7900A76367 /* icon_m_wind@2x.png */ = {isa = PBXFileReference; lastKnownFileType = image.png; path = "icon_m_wind@2x.png"; sourceTree = "<group>"; };
		816284471C83EF8500A76367 /* sk_kongtiao_bg@2x.png */ = {isa = PBXFileReference; lastKnownFileType = image.png; path = "sk_kongtiao_bg@2x.png"; sourceTree = "<group>"; };
/* End PBXFileReference section */

/* Begin PBXFrameworksBuildPhase section */
		816283F71C83EC6400A76367 /* Frameworks */ = {
			isa = PBXFrameworksBuildPhase;
			buildActionMask = 2147483647;
			files = (
			);
			runOnlyForDeploymentPostprocessing = 0;
		};
		816284101C83EC6400A76367 /* Frameworks */ = {
			isa = PBXFrameworksBuildPhase;
			buildActionMask = 2147483647;
			files = (
			);
			runOnlyForDeploymentPostprocessing = 0;
		};
		8162841B1C83EC6400A76367 /* Frameworks */ = {
			isa = PBXFrameworksBuildPhase;
			buildActionMask = 2147483647;
			files = (
			);
			runOnlyForDeploymentPostprocessing = 0;
		};
/* End PBXFrameworksBuildPhase section */

/* Begin PBXGroup section */
		816283F11C83EC6400A76367 = {
			isa = PBXGroup;
			children = (
				816283FC1C83EC6400A76367 /* CircleAnimationUserInteractionDemo */,
				816284161C83EC6400A76367 /* CircleAnimationUserInteractionDemoTests */,
				816284211C83EC6400A76367 /* CircleAnimationUserInteractionDemoUITests */,
				816283FB1C83EC6400A76367 /* Products */,
			);
			sourceTree = "<group>";
		};
		816283FB1C83EC6400A76367 /* Products */ = {
			isa = PBXGroup;
			children = (
				816283FA1C83EC6400A76367 /* CircleAnimationUserInteractionDemo.app */,
				816284131C83EC6400A76367 /* CircleAnimationUserInteractionDemoTests.xctest */,
				8162841E1C83EC6400A76367 /* CircleAnimationUserInteractionDemoUITests.xctest */,
			);
			name = Products;
			sourceTree = "<group>";
		};
		816283FC1C83EC6400A76367 /* CircleAnimationUserInteractionDemo */ = {
			isa = PBXGroup;
			children = (
				816284301C83ECA900A76367 /* CircleAnimationUserInteraction */,
				816284001C83EC6400A76367 /* AppDelegate.h */,
				816284011C83EC6400A76367 /* AppDelegate.m */,
				816284031C83EC6400A76367 /* ViewController.h */,
				816284041C83EC6400A76367 /* ViewController.m */,
				816284061C83EC6400A76367 /* Main.storyboard */,
				816284091C83EC6400A76367 /* Assets.xcassets */,
				8162840B1C83EC6400A76367 /* LaunchScreen.storyboard */,
				8162840E1C83EC6400A76367 /* Info.plist */,
				816283FD1C83EC6400A76367 /* Supporting Files */,
			);
			path = CircleAnimationUserInteractionDemo;
			sourceTree = "<group>";
		};
		816283FD1C83EC6400A76367 /* Supporting Files */ = {
			isa = PBXGroup;
			children = (
				816283FE1C83EC6400A76367 /* main.m */,
			);
			name = "Supporting Files";
			sourceTree = "<group>";
		};
		816284161C83EC6400A76367 /* CircleAnimationUserInteractionDemoTests */ = {
			isa = PBXGroup;
			children = (
				816284171C83EC6400A76367 /* CircleAnimationUserInteractionDemoTests.m */,
				816284191C83EC6400A76367 /* Info.plist */,
			);
			path = CircleAnimationUserInteractionDemoTests;
			sourceTree = "<group>";
		};
		816284211C83EC6400A76367 /* CircleAnimationUserInteractionDemoUITests */ = {
			isa = PBXGroup;
			children = (
				816284221C83EC6400A76367 /* CircleAnimationUserInteractionDemoUITests.m */,
				816284241C83EC6400A76367 /* Info.plist */,
			);
			path = CircleAnimationUserInteractionDemoUITests;
			sourceTree = "<group>";
		};
		816284301C83ECA900A76367 /* CircleAnimationUserInteraction */ = {
			isa = PBXGroup;
			children = (
				816284471C83EF8500A76367 /* sk_kongtiao_bg@2x.png */,
				8162843D1C83EF7900A76367 /* icon_m_auto@2x.png */,
				8162843E1C83EF7900A76367 /* icon_m_chushi@2x.png */,
				8162843F1C83EF7900A76367 /* icon_m_snow@2x.png */,
				816284401C83EF7900A76367 /* icon_m_sun@2x.png */,
				816284411C83EF7900A76367 /* icon_m_wind@2x.png */,
				816284311C83ECBA00A76367 /* UIColor+Extensions.h */,
				816284321C83ECBA00A76367 /* UIColor+Extensions.m */,
				816284331C83ECBA00A76367 /* UIView+Extensions.h */,
				816284341C83ECBA00A76367 /* UIView+Extensions.m */,
				816284371C83ED0200A76367 /* CircleAnimationBottomView.h */,
				816284381C83ED0200A76367 /* CircleAnimationBottomView.m */,
				8162843A1C83ED5300A76367 /* WDCircleAnimationView.h */,
				8162843B1C83ED5300A76367 /* WDCircleAnimationView.m */,
			);
			path = CircleAnimationUserInteraction;
			sourceTree = "<group>";
		};
/* End PBXGroup section */

/* Begin PBXNativeTarget section */
		816283F91C83EC6400A76367 /* CircleAnimationUserInteractionDemo */ = {
			isa = PBXNativeTarget;
			buildConfigurationList = 816284271C83EC6400A76367 /* Build configuration list for PBXNativeTarget "CircleAnimationUserInteractionDemo" */;
			buildPhases = (
				816283F61C83EC6400A76367 /* Sources */,
				816283F71C83EC6400A76367 /* Frameworks */,
				816283F81C83EC6400A76367 /* Resources */,
			);
			buildRules = (
			);
			dependencies = (
			);
			name = CircleAnimationUserInteractionDemo;
			productName = CircleAnimationUserInteractionDemo;
			productReference = 816283FA1C83EC6400A76367 /* CircleAnimationUserInteractionDemo.app */;
			productType = "com.apple.product-type.application";
		};
		816284121C83EC6400A76367 /* CircleAnimationUserInteractionDemoTests */ = {
			isa = PBXNativeTarget;
			buildConfigurationList = 8162842A1C83EC6400A76367 /* Build configuration list for PBXNativeTarget "CircleAnimationUserInteractionDemoTests" */;
			buildPhases = (
				8162840F1C83EC6400A76367 /* Sources */,
				816284101C83EC6400A76367 /* Frameworks */,
				816284111C83EC6400A76367 /* Resources */,
			);
			buildRules = (
			);
			dependencies = (
				816284151C83EC6400A76367 /* PBXTargetDependency */,
			);
			name = CircleAnimationUserInteractionDemoTests;
			productName = CircleAnimationUserInteractionDemoTests;
			productReference = 816284131C83EC6400A76367 /* CircleAnimationUserInteractionDemoTests.xctest */;
			productType = "com.apple.product-type.bundle.unit-test";
		};
		8162841D1C83EC6400A76367 /* CircleAnimationUserInteractionDemoUITests */ = {
			isa = PBXNativeTarget;
			buildConfigurationList = 8162842D1C83EC6400A76367 /* Build configuration list for PBXNativeTarget "CircleAnimationUserInteractionDemoUITests" */;
			buildPhases = (
				8162841A1C83EC6400A76367 /* Sources */,
				8162841B1C83EC6400A76367 /* Frameworks */,
				8162841C1C83EC6400A76367 /* Resources */,
			);
			buildRules = (
			);
			dependencies = (
				816284201C83EC6400A76367 /* PBXTargetDependency */,
			);
			name = CircleAnimationUserInteractionDemoUITests;
			productName = CircleAnimationUserInteractionDemoUITests;
			productReference = 8162841E1C83EC6400A76367 /* CircleAnimationUserInteractionDemoUITests.xctest */;
			productType = "com.apple.product-type.bundle.ui-testing";
		};
/* End PBXNativeTarget section */

/* Begin PBXProject section */
		816283F21C83EC6400A76367 /* Project object */ = {
			isa = PBXProject;
			attributes = {
				LastUpgradeCheck = 0720;
				ORGANIZATIONNAME = Amale;
				TargetAttributes = {
					816283F91C83EC6400A76367 = {
						CreatedOnToolsVersion = 7.2.1;
					};
					816284121C83EC6400A76367 = {
						CreatedOnToolsVersion = 7.2.1;
						TestTargetID = 816283F91C83EC6400A76367;
					};
					8162841D1C83EC6400A76367 = {
						CreatedOnToolsVersion = 7.2.1;
						TestTargetID = 816283F91C83EC6400A76367;
					};
				};
			};
			buildConfigurationList = 816283F51C83EC6400A76367 /* Build configuration list for PBXProject "CircleAnimationUserInteractionDemo" */;
			compatibilityVersion = "Xcode 3.2";
			developmentRegion = English;
			hasScannedForEncodings = 0;
			knownRegions = (
				en,
				Base,
			);
			mainGroup = 816283F11C83EC6400A76367;
			productRefGroup = 816283FB1C83EC6400A76367 /* Products */;
			projectDirPath = "";
			projectRoot = "";
			targets = (
				816283F91C83EC6400A76367 /* CircleAnimationUserInteractionDemo */,
				816284121C83EC6400A76367 /* CircleAnimationUserInteractionDemoTests */,
				8162841D1C83EC6400A76367 /* CircleAnimationUserInteractionDemoUITests */,
			);
		};
/* End PBXProject section */

/* Begin PBXResourcesBuildPhase section */
		816283F81C83EC6400A76367 /* Resources */ = {
			isa = PBXResourcesBuildPhase;
			buildActionMask = 2147483647;
			files = (
				816284431C83EF7900A76367 /* icon_m_chushi@2x.png in Resources */,
				816284451C83EF7900A76367 /* icon_m_sun@2x.png in Resources */,
				816284421C83EF7900A76367 /* icon_m_auto@2x.png in Resources */,
				816284441C83EF7900A76367 /* icon_m_snow@2x.png in Resources */,
				8162840D1C83EC6400A76367 /* LaunchScreen.storyboard in Resources */,
				816284481C83EF8500A76367 /* sk_kongtiao_bg@2x.png in Resources */,
				816284461C83EF7900A76367 /* icon_m_wind@2x.png in Resources */,
				8162840A1C83EC6400A76367 /* Assets.xcassets in Resources */,
				816284081C83EC6400A76367 /* Main.storyboard in Resources */,
			);
			runOnlyForDeploymentPostprocessing = 0;
		};
		816284111C83EC6400A76367 /* Resources */ = {
			isa = PBXResourcesBuildPhase;
			buildActionMask = 2147483647;
			files = (
			);
			runOnlyForDeploymentPostprocessing = 0;
		};
		8162841C1C83EC6400A76367 /* Resources */ = {
			isa = PBXResourcesBuildPhase;
			buildActionMask = 2147483647;
			files = (
			);
			runOnlyForDeploymentPostprocessing = 0;
		};
/* End PBXResourcesBuildPhase section */

/* Begin PBXSourcesBuildPhase section */
		816283F61C83EC6400A76367 /* Sources */ = {
			isa = PBXSourcesBuildPhase;
			buildActionMask = 2147483647;
			files = (
				816284051C83EC6400A76367 /* ViewController.m in Sources */,
				816284021C83EC6400A76367 /* AppDelegate.m in Sources */,
				8162843C1C83ED5300A76367 /* WDCircleAnimationView.m in Sources */,
				816284391C83ED0200A76367 /* CircleAnimationBottomView.m in Sources */,
				816284361C83ECBA00A76367 /* UIView+Extensions.m in Sources */,
				816283FF1C83EC6400A76367 /* main.m in Sources */,
				816284351C83ECBA00A76367 /* UIColor+Extensions.m in Sources */,
			);
			runOnlyForDeploymentPostprocessing = 0;
		};
		8162840F1C83EC6400A76367 /* Sources */ = {
			isa = PBXSourcesBuildPhase;
			buildActionMask = 2147483647;
			files = (
				816284181C83EC6400A76367 /* CircleAnimationUserInteractionDemoTests.m in Sources */,
			);
			runOnlyForDeploymentPostprocessing = 0;
		};
		8162841A1C83EC6400A76367 /* Sources */ = {
			isa = PBXSourcesBuildPhase;
			buildActionMask = 2147483647;
			files = (
				816284231C83EC6400A76367 /* CircleAnimationUserInteractionDemoUITests.m in Sources */,
			);
			runOnlyForDeploymentPostprocessing = 0;
		};
/* End PBXSourcesBuildPhase section */

/* Begin PBXTargetDependency section */
		816284151C83EC6400A76367 /* PBXTargetDependency */ = {
			isa = PBXTargetDependency;
			target = 816283F91C83EC6400A76367 /* CircleAnimationUserInteractionDemo */;
			targetProxy = 816284141C83EC6400A76367 /* PBXContainerItemProxy */;
		};
		816284201C83EC6400A76367 /* PBXTargetDependency */ = {
			isa = PBXTargetDependency;
			target = 816283F91C83EC6400A76367 /* CircleAnimationUserInteractionDemo */;
			targetProxy = 8162841F1C83EC6400A76367 /* PBXContainerItemProxy */;
		};
/* End PBXTargetDependency section */

/* Begin PBXVariantGroup section */
		816284061C83EC6400A76367 /* Main.storyboard */ = {
			isa = PBXVariantGroup;
			children = (
				816284071C83EC6400A76367 /* Base */,
			);
			name = Main.storyboard;
			sourceTree = "<group>";
		};
		8162840B1C83EC6400A76367 /* LaunchScreen.storyboard */ = {
			isa = PBXVariantGroup;
			children = (
				8162840C1C83EC6400A76367 /* Base */,
			);
			name = LaunchScreen.storyboard;
			sourceTree = "<group>";
		};
/* End PBXVariantGroup section */

/* Begin XCBuildConfiguration section */
		816284251C83EC6400A76367 /* Debug */ = {
			isa = XCBuildConfiguration;
			buildSettings = {
				ALWAYS_SEARCH_USER_PATHS = NO;
				CLANG_CXX_LANGUAGE_STANDARD = "gnu++0x";
				CLANG_CXX_LIBRARY = "libc++";
				CLANG_ENABLE_MODULES = YES;
				CLANG_ENABLE_OBJC_ARC = YES;
				CLANG_WARN_BOOL_CONVERSION = YES;
				CLANG_WARN_CONSTANT_CONVERSION = YES;
				CLANG_WARN_DIRECT_OBJC_ISA_USAGE = YES_ERROR;
				CLANG_WARN_EMPTY_BODY = YES;
				CLANG_WARN_ENUM_CONVERSION = YES;
				CLANG_WARN_INT_CONVERSION = YES;
				CLANG_WARN_OBJC_ROOT_CLASS = YES_ERROR;
				CLANG_WARN_UNREACHABLE_CODE = YES;
				CLANG_WARN__DUPLICATE_METHOD_MATCH = YES;
				"CODE_SIGN_IDENTITY[sdk=iphoneos*]" = "iPhone Developer";
				COPY_PHASE_STRIP = NO;
				DEBUG_INFORMATION_FORMAT = dwarf;
				ENABLE_STRICT_OBJC_MSGSEND = YES;
				ENABLE_TESTABILITY = YES;
				GCC_C_LANGUAGE_STANDARD = gnu99;
				GCC_DYNAMIC_NO_PIC = NO;
				GCC_NO_COMMON_BLOCKS = YES;
				GCC_OPTIMIZATION_LEVEL = 0;
				GCC_PREPROCESSOR_DEFINITIONS = (
					"DEBUG=1",
					"$(inherited)",
				);
				GCC_WARN_64_TO_32_BIT_CONVERSION = YES;
				GCC_WARN_ABOUT_RETURN_TYPE = YES_ERROR;
				GCC_WARN_UNDECLARED_SELECTOR = YES;
				GCC_WARN_UNINITIALIZED_AUTOS = YES_AGGRESSIVE;
				GCC_WARN_UNUSED_FUNCTION = YES;
				GCC_WARN_UNUSED_VARIABLE = YES;
				IPHONEOS_DEPLOYMENT_TARGET = 9.2;
				MTL_ENABLE_DEBUG_INFO = YES;
				ONLY_ACTIVE_ARCH = YES;
				SDKROOT = iphoneos;
			};
			name = Debug;
		};
		816284261C83EC6400A76367 /* Release */ = {
			isa = XCBuildConfiguration;
			buildSettings = {
				ALWAYS_SEARCH_USER_PATHS = NO;
				CLANG_CXX_LANGUAGE_STANDARD = "gnu++0x";
				CLANG_CXX_LIBRARY = "libc++";
				CLANG_ENABLE_MODULES = YES;
				CLANG_ENABLE_OBJC_ARC = YES;
				CLANG_WARN_BOOL_CONVERSION = YES;
				CLANG_WARN_CONSTANT_CONVERSION = YES;
				CLANG_WARN_DIRECT_OBJC_ISA_USAGE = YES_ERROR;
				CLANG_WARN_EMPTY_BODY = YES;
				CLANG_WARN_ENUM_CONVERSION = YES;
				CLANG_WARN_INT_CONVERSION = YES;
				CLANG_WARN_OBJC_ROOT_CLASS = YES_ERROR;
				CLANG_WARN_UNREACHABLE_CODE = YES;
				CLANG_WARN__DUPLICATE_METHOD_MATCH = YES;
				"CODE_SIGN_IDENTITY[sdk=iphoneos*]" = "iPhone Developer";
				COPY_PHASE_STRIP = NO;
				DEBUG_INFORMATION_FORMAT = "dwarf-with-dsym";
				ENABLE_NS_ASSERTIONS = NO;
				ENABLE_STRICT_OBJC_MSGSEND = YES;
				GCC_C_LANGUAGE_STANDARD = gnu99;
				GCC_NO_COMMON_BLOCKS = YES;
				GCC_WARN_64_TO_32_BIT_CONVERSION = YES;
				GCC_WARN_ABOUT_RETURN_TYPE = YES_ERROR;
				GCC_WARN_UNDECLARED_SELECTOR = YES;
				GCC_WARN_UNINITIALIZED_AUTOS = YES_AGGRESSIVE;
				GCC_WARN_UNUSED_FUNCTION = YES;
				GCC_WARN_UNUSED_VARIABLE = YES;
				IPHONEOS_DEPLOYMENT_TARGET = 9.2;
				MTL_ENABLE_DEBUG_INFO = NO;
				SDKROOT = iphoneos;
				VALIDATE_PRODUCT = YES;
			};
			name = Release;
		};
		816284281C83EC6400A76367 /* Debug */ = {
			isa = XCBuildConfiguration;
			buildSettings = {
				ASSETCATALOG_COMPILER_APPICON_NAME = AppIcon;
				INFOPLIST_FILE = CircleAnimationUserInteractionDemo/Info.plist;
				LD_RUNPATH_SEARCH_PATHS = "$(inherited) @executable_path/Frameworks";
				PRODUCT_BUNDLE_IDENTIFIER = com.excenon.CircleAnimationUserInteractionDemo;
				PRODUCT_NAME = "$(TARGET_NAME)";
			};
			name = Debug;
		};
		816284291C83EC6400A76367 /* Release */ = {
			isa = XCBuildConfiguration;
			buildSettings = {
				ASSETCATALOG_COMPILER_APPICON_NAME = AppIcon;
				INFOPLIST_FILE = CircleAnimationUserInteractionDemo/Info.plist;
				LD_RUNPATH_SEARCH_PATHS = "$(inherited) @executable_path/Frameworks";
				PRODUCT_BUNDLE_IDENTIFIER = com.excenon.CircleAnimationUserInteractionDemo;
				PRODUCT_NAME = "$(TARGET_NAME)";
			};
			name = Release;
		};
		8162842B1C83EC6400A76367 /* Debug */ = {
			isa = XCBuildConfiguration;
			buildSettings = {
				BUNDLE_LOADER = "$(TEST_HOST)";
				INFOPLIST_FILE = CircleAnimationUserInteractionDemoTests/Info.plist;
				LD_RUNPATH_SEARCH_PATHS = "$(inherited) @executable_path/Frameworks @loader_path/Frameworks";
				PRODUCT_BUNDLE_IDENTIFIER = com.excenon.CircleAnimationUserInteractionDemoTests;
				PRODUCT_NAME = "$(TARGET_NAME)";
				TEST_HOST = "$(BUILT_PRODUCTS_DIR)/CircleAnimationUserInteractionDemo.app/CircleAnimationUserInteractionDemo";
			};
			name = Debug;
		};
		8162842C1C83EC6400A76367 /* Release */ = {
			isa = XCBuildConfiguration;
			buildSettings = {
				BUNDLE_LOADER = "$(TEST_HOST)";
				INFOPLIST_FILE = CircleAnimationUserInteractionDemoTests/Info.plist;
				LD_RUNPATH_SEARCH_PATHS = "$(inherited) @executable_path/Frameworks @loader_path/Frameworks";
				PRODUCT_BUNDLE_IDENTIFIER = com.excenon.CircleAnimationUserInteractionDemoTests;
				PRODUCT_NAME = "$(TARGET_NAME)";
				TEST_HOST = "$(BUILT_PRODUCTS_DIR)/CircleAnimationUserInteractionDemo.app/CircleAnimationUserInteractionDemo";
			};
			name = Release;
		};
		8162842E1C83EC6400A76367 /* Debug */ = {
			isa = XCBuildConfiguration;
			buildSettings = {
				INFOPLIST_FILE = CircleAnimationUserInteractionDemoUITests/Info.plist;
				LD_RUNPATH_SEARCH_PATHS = "$(inherited) @executable_path/Frameworks @loader_path/Frameworks";
				PRODUCT_BUNDLE_IDENTIFIER = com.excenon.CircleAnimationUserInteractionDemoUITests;
				PRODUCT_NAME = "$(TARGET_NAME)";
				TEST_TARGET_NAME = CircleAnimationUserInteractionDemo;
				USES_XCTRUNNER = YES;
			};
			name = Debug;
		};
		8162842F1C83EC6400A76367 /* Release */ = {
			isa = XCBuildConfiguration;
			buildSettings = {
				INFOPLIST_FILE = CircleAnimationUserInteractionDemoUITests/Info.plist;
				LD_RUNPATH_SEARCH_PATHS = "$(inherited) @executable_path/Frameworks @loader_path/Frameworks";
				PRODUCT_BUNDLE_IDENTIFIER = com.excenon.CircleAnimationUserInteractionDemoUITests;
				PRODUCT_NAME = "$(TARGET_NAME)";
				TEST_TARGET_NAME = CircleAnimationUserInteractionDemo;
				USES_XCTRUNNER = YES;
			};
			name = Release;
		};
/* End XCBuildConfiguration section */

/* Begin XCConfigurationList section */
		816283F51C83EC6400A76367 /* Build configuration list for PBXProject "CircleAnimationUserInteractionDemo" */ = {
			isa = XCConfigurationList;
			buildConfigurations = (
				816284251C83EC6400A76367 /* Debug */,
				816284261C83EC6400A76367 /* Release */,
			);
			defaultConfigurationIsVisible = 0;
			defaultConfigurationName = Release;
		};
		816284271C83EC6400A76367 /* Build configuration list for PBXNativeTarget "CircleAnimationUserInteractionDemo" */ = {
			isa = XCConfigurationList;
			buildConfigurations = (
				816284281C83EC6400A76367 /* Debug */,
				816284291C83EC6400A76367 /* Release */,
			);
			defaultConfigurationIsVisible = 0;
		};
		8162842A1C83EC6400A76367 /* Build configuration list for PBXNativeTarget "CircleAnimationUserInteractionDemoTests" */ = {
			isa = XCConfigurationList;
			buildConfigurations = (
				8162842B1C83EC6400A76367 /* Debug */,
				8162842C1C83EC6400A76367 /* Release */,
			);
			defaultConfigurationIsVisible = 0;
		};
		8162842D1C83EC6400A76367 /* Build configuration list for PBXNativeTarget "CircleAnimationUserInteractionDemoUITests" */ = {
			isa = XCConfigurationList;
			buildConfigurations = (
				8162842E1C83EC6400A76367 /* Debug */,
				8162842F1C83EC6400A76367 /* Release */,
			);
			defaultConfigurationIsVisible = 0;
		};
/* End XCConfigurationList section */
	};
	rootObject = 816283F21C83EC6400A76367 /* Project object */;
}
