// !$*UTF8*$!
{
	archiveVersion = 1;
	classes = {
	};
	objectVersion = 46;
	objects = {

/* Begin PBXBuildFile section */
		1303633067C35E6BCE4DA943 /* libPods-cardTests.a in Frameworks */ = {isa = PBXBuildFile; fileRef = E26DBF95167EAC7C5A6F2310 /* libPods-cardTests.a */; };
		7CFBA31FBC802E19654688F9 /* libPods-card.a in Frameworks */ = {isa = PBXBuildFile; fileRef = 427A8D637B7ED43AAD949EFA /* libPods-card.a */; };
		E74A414C1BA2D41500CB21E2 /* CardView.m in Sources */ = {isa = PBXBuildFile; fileRef = E74A414B1BA2D41500CB21E2 /* CardView.m */; };
		E74A415A1BA2D45E00CB21E2 /* GameTable.m in Sources */ = {isa = PBXBuildFile; fileRef = E74A41521BA2D45E00CB21E2 /* GameTable.m */; };
		E74A415B1BA2D45E00CB21E2 /* PlayingCard.m in Sources */ = {isa = PBXBuildFile; fileRef = E74A41541BA2D45E00CB21E2 /* PlayingCard.m */; };
		E74A415C1BA2D45E00CB21E2 /* PlayingDeck.m in Sources */ = {isa = PBXBuildFile; fileRef = E74A41561BA2D45E00CB21E2 /* PlayingDeck.m */; };
		E74A415D1BA2D45E00CB21E2 /* User.m in Sources */ = {isa = PBXBuildFile; fileRef = E74A41581BA2D45E00CB21E2 /* User.m */; };
		E75C225B1BA6B1BB004092C5 /* AIforGame.m in Sources */ = {isa = PBXBuildFile; fileRef = E75C22581BA6B1BB004092C5 /* AIforGame.m */; };
		E75C225F1BA6BA05004092C5 /* MyCards.m in Sources */ = {isa = PBXBuildFile; fileRef = E75C225E1BA6BA05004092C5 /* MyCards.m */; };
		E75C22621BA6BFF3004092C5 /* MyCardsView.m in Sources */ = {isa = PBXBuildFile; fileRef = E75C22611BA6BFF3004092C5 /* MyCardsView.m */; };
		E78F2D711B9FCF9400E1B04B /* main.m in Sources */ = {isa = PBXBuildFile; fileRef = E78F2D701B9FCF9400E1B04B /* main.m */; };
		E78F2D741B9FCF9400E1B04B /* AppDelegate.m in Sources */ = {isa = PBXBuildFile; fileRef = E78F2D731B9FCF9400E1B04B /* AppDelegate.m */; };
		E78F2D771B9FCF9400E1B04B /* ViewController.m in Sources */ = {isa = PBXBuildFile; fileRef = E78F2D761B9FCF9400E1B04B /* ViewController.m */; };
		E78F2D7A1B9FCF9400E1B04B /* Main.storyboard in Resources */ = {isa = PBXBuildFile; fileRef = E78F2D781B9FCF9400E1B04B /* Main.storyboard */; };
		E78F2D7C1B9FCF9400E1B04B /* Images.xcassets in Resources */ = {isa = PBXBuildFile; fileRef = E78F2D7B1B9FCF9400E1B04B /* Images.xcassets */; };
		E78F2D7F1B9FCF9400E1B04B /* LaunchScreen.xib in Resources */ = {isa = PBXBuildFile; fileRef = E78F2D7D1B9FCF9400E1B04B /* LaunchScreen.xib */; };
		E78F2D8B1B9FCF9400E1B04B /* cardTests.m in Sources */ = {isa = PBXBuildFile; fileRef = E78F2D8A1B9FCF9400E1B04B /* cardTests.m */; };
		E78F2D961B9FDBA600E1B04B /* Deck.m in Sources */ = {isa = PBXBuildFile; fileRef = E78F2D951B9FDBA600E1B04B /* Deck.m */; };
		E78F2D9A1B9FDBFC00E1B04B /* Card.m in Sources */ = {isa = PBXBuildFile; fileRef = E78F2D991B9FDBFC00E1B04B /* Card.m */; };
		E7FB5FBC1BA16D8E006AADBE /* SingleUserViewController.m in Sources */ = {isa = PBXBuildFile; fileRef = E7FB5FBB1BA16D8E006AADBE /* SingleUserViewController.m */; };
/* End PBXBuildFile section */

/* Begin PBXContainerItemProxy section */
		E78F2D851B9FCF9400E1B04B /* PBXContainerItemProxy */ = {
			isa = PBXContainerItemProxy;
			containerPortal = E78F2D631B9FCF9400E1B04B /* Project object */;
			proxyType = 1;
			remoteGlobalIDString = E78F2D6A1B9FCF9400E1B04B;
			remoteInfo = card;
		};
/* End PBXContainerItemProxy section */

/* Begin PBXFileReference section */
		1AAC12F25CCE106526114468 /* Pods-cardTests.release.xcconfig */ = {isa = PBXFileReference; includeInIndex = 1; lastKnownFileType = text.xcconfig; name = "Pods-cardTests.release.xcconfig"; path = "Target Support Files/Pods-cardTests/Pods-cardTests.release.xcconfig"; sourceTree = "<group>"; };
		427A8D637B7ED43AAD949EFA /* libPods-card.a */ = {isa = PBXFileReference; explicitFileType = archive.ar; includeInIndex = 0; path = "libPods-card.a"; sourceTree = BUILT_PRODUCTS_DIR; };
		A04E85A9AF779FAEAB6095FB /* Pods-cardTests.debug.xcconfig */ = {isa = PBXFileReference; includeInIndex = 1; lastKnownFileType = text.xcconfig; name = "Pods-cardTests.debug.xcconfig"; path = "Target Support Files/Pods-cardTests/Pods-cardTests.debug.xcconfig"; sourceTree = "<group>"; };
		AF84162726DE0F6BE50D9FD5 /* Pods-card.release.xcconfig */ = {isa = PBXFileReference; includeInIndex = 1; lastKnownFileType = text.xcconfig; name = "Pods-card.release.xcconfig"; path = "Target Support Files/Pods-card/Pods-card.release.xcconfig"; sourceTree = "<group>"; };
		BCE79579916D486798D6412B /* Pods-card.debug.xcconfig */ = {isa = PBXFileReference; includeInIndex = 1; lastKnownFileType = text.xcconfig; name = "Pods-card.debug.xcconfig"; path = "Target Support Files/Pods-card/Pods-card.debug.xcconfig"; sourceTree = "<group>"; };
		E26DBF95167EAC7C5A6F2310 /* libPods-cardTests.a */ = {isa = PBXFileReference; explicitFileType = archive.ar; includeInIndex = 0; path = "libPods-cardTests.a"; sourceTree = BUILT_PRODUCTS_DIR; };
		E74A414A1BA2D41500CB21E2 /* CardView.h */ = {isa = PBXFileReference; fileEncoding = 4; lastKnownFileType = sourcecode.c.h; name = CardView.h; path = DouDiZhu/View/CardView.h; sourceTree = "<group>"; };
		E74A414B1BA2D41500CB21E2 /* CardView.m */ = {isa = PBXFileReference; fileEncoding = 4; lastKnownFileType = sourcecode.c.objc; name = CardView.m; path = DouDiZhu/View/CardView.m; sourceTree = "<group>"; };
		E74A41511BA2D45E00CB21E2 /* GameTable.h */ = {isa = PBXFileReference; fileEncoding = 4; lastKnownFileType = sourcecode.c.h; path = GameTable.h; sourceTree = "<group>"; };
		E74A41521BA2D45E00CB21E2 /* GameTable.m */ = {isa = PBXFileReference; fileEncoding = 4; lastKnownFileType = sourcecode.c.objc; path = GameTable.m; sourceTree = "<group>"; };
		E74A41531BA2D45E00CB21E2 /* PlayingCard.h */ = {isa = PBXFileReference; fileEncoding = 4; lastKnownFileType = sourcecode.c.h; path = PlayingCard.h; sourceTree = "<group>"; };
		E74A41541BA2D45E00CB21E2 /* PlayingCard.m */ = {isa = PBXFileReference; fileEncoding = 4; lastKnownFileType = sourcecode.c.objc; path = PlayingCard.m; sourceTree = "<group>"; };
		E74A41551BA2D45E00CB21E2 /* PlayingDeck.h */ = {isa = PBXFileReference; fileEncoding = 4; lastKnownFileType = sourcecode.c.h; path = PlayingDeck.h; sourceTree = "<group>"; };
		E74A41561BA2D45E00CB21E2 /* PlayingDeck.m */ = {isa = PBXFileReference; fileEncoding = 4; lastKnownFileType = sourcecode.c.objc; path = PlayingDeck.m; sourceTree = "<group>"; };
		E74A41571BA2D45E00CB21E2 /* User.h */ = {isa = PBXFileReference; fileEncoding = 4; lastKnownFileType = sourcecode.c.h; path = User.h; sourceTree = "<group>"; };
		E74A41581BA2D45E00CB21E2 /* User.m */ = {isa = PBXFileReference; fileEncoding = 4; lastKnownFileType = sourcecode.c.objc; path = User.m; sourceTree = "<group>"; };
		E75C22571BA6B1BB004092C5 /* AIforGame.h */ = {isa = PBXFileReference; fileEncoding = 4; lastKnownFileType = sourcecode.c.h; name = AIforGame.h; path = DouDiZhu/Controller/AIforGame.h; sourceTree = "<group>"; };
		E75C22581BA6B1BB004092C5 /* AIforGame.m */ = {isa = PBXFileReference; fileEncoding = 4; lastKnownFileType = sourcecode.c.objc; name = AIforGame.m; path = DouDiZhu/Controller/AIforGame.m; sourceTree = "<group>"; };
		E75C225D1BA6BA05004092C5 /* MyCards.h */ = {isa = PBXFileReference; fileEncoding = 4; lastKnownFileType = sourcecode.c.h; name = MyCards.h; path = DouDiZhu/Controller/MyCards.h; sourceTree = "<group>"; };
		E75C225E1BA6BA05004092C5 /* MyCards.m */ = {isa = PBXFileReference; fileEncoding = 4; lastKnownFileType = sourcecode.c.objc; name = MyCards.m; path = DouDiZhu/Controller/MyCards.m; sourceTree = "<group>"; };
		E75C22601BA6BFF3004092C5 /* MyCardsView.h */ = {isa = PBXFileReference; fileEncoding = 4; lastKnownFileType = sourcecode.c.h; name = MyCardsView.h; path = DouDiZhu/Controller/MyCardsView.h; sourceTree = "<group>"; };
		E75C22611BA6BFF3004092C5 /* MyCardsView.m */ = {isa = PBXFileReference; fileEncoding = 4; lastKnownFileType = sourcecode.c.objc; name = MyCardsView.m; path = DouDiZhu/Controller/MyCardsView.m; sourceTree = "<group>"; };
		E78F2D6B1B9FCF9400E1B04B /* card.app */ = {isa = PBXFileReference; explicitFileType = wrapper.application; includeInIndex = 0; path = card.app; sourceTree = BUILT_PRODUCTS_DIR; };
		E78F2D6F1B9FCF9400E1B04B /* Info.plist */ = {isa = PBXFileReference; lastKnownFileType = text.plist.xml; path = Info.plist; sourceTree = "<group>"; };
		E78F2D701B9FCF9400E1B04B /* main.m */ = {isa = PBXFileReference; lastKnownFileType = sourcecode.c.objc; path = main.m; sourceTree = "<group>"; };
		E78F2D721B9FCF9400E1B04B /* AppDelegate.h */ = {isa = PBXFileReference; lastKnownFileType = sourcecode.c.h; path = AppDelegate.h; sourceTree = "<group>"; };
		E78F2D731B9FCF9400E1B04B /* AppDelegate.m */ = {isa = PBXFileReference; lastKnownFileType = sourcecode.c.objc; path = AppDelegate.m; sourceTree = "<group>"; };
		E78F2D751B9FCF9400E1B04B /* ViewController.h */ = {isa = PBXFileReference; lastKnownFileType = sourcecode.c.h; path = ViewController.h; sourceTree = "<group>"; };
		E78F2D761B9FCF9400E1B04B /* ViewController.m */ = {isa = PBXFileReference; lastKnownFileType = sourcecode.c.objc; path = ViewController.m; sourceTree = "<group>"; };
		E78F2D791B9FCF9400E1B04B /* Base */ = {isa = PBXFileReference; lastKnownFileType = file.storyboard; name = Base; path = Base.lproj/Main.storyboard; sourceTree = "<group>"; };
		E78F2D7B1B9FCF9400E1B04B /* Images.xcassets */ = {isa = PBXFileReference; lastKnownFileType = folder.assetcatalog; path = Images.xcassets; sourceTree = "<group>"; };
		E78F2D7E1B9FCF9400E1B04B /* Base */ = {isa = PBXFileReference; lastKnownFileType = file.xib; name = Base; path = Base.lproj/LaunchScreen.xib; sourceTree = "<group>"; };
		E78F2D841B9FCF9400E1B04B /* cardTests.xctest */ = {isa = PBXFileReference; explicitFileType = wrapper.cfbundle; includeInIndex = 0; path = cardTests.xctest; sourceTree = BUILT_PRODUCTS_DIR; };
		E78F2D891B9FCF9400E1B04B /* Info.plist */ = {isa = PBXFileReference; lastKnownFileType = text.plist.xml; path = Info.plist; sourceTree = "<group>"; };
		E78F2D8A1B9FCF9400E1B04B /* cardTests.m */ = {isa = PBXFileReference; lastKnownFileType = sourcecode.c.objc; path = cardTests.m; sourceTree = "<group>"; };
		E78F2D941B9FDBA600E1B04B /* Deck.h */ = {isa = PBXFileReference; fileEncoding = 4; lastKnownFileType = sourcecode.c.h; name = Deck.h; path = Model/Deck.h; sourceTree = "<group>"; };
		E78F2D951B9FDBA600E1B04B /* Deck.m */ = {isa = PBXFileReference; fileEncoding = 4; lastKnownFileType = sourcecode.c.objc; name = Deck.m; path = Model/Deck.m; sourceTree = "<group>"; };
		E78F2D981B9FDBFC00E1B04B /* Card.h */ = {isa = PBXFileReference; fileEncoding = 4; lastKnownFileType = sourcecode.c.h; name = Card.h; path = Model/Card.h; sourceTree = "<group>"; };
		E78F2D991B9FDBFC00E1B04B /* Card.m */ = {isa = PBXFileReference; fileEncoding = 4; lastKnownFileType = sourcecode.c.objc; name = Card.m; path = Model/Card.m; sourceTree = "<group>"; };
		E7FB5FBA1BA16D8E006AADBE /* SingleUserViewController.h */ = {isa = PBXFileReference; fileEncoding = 4; lastKnownFileType = sourcecode.c.h; path = SingleUserViewController.h; sourceTree = "<group>"; };
		E7FB5FBB1BA16D8E006AADBE /* SingleUserViewController.m */ = {isa = PBXFileReference; fileEncoding = 4; lastKnownFileType = sourcecode.c.objc; path = SingleUserViewController.m; sourceTree = "<group>"; };
/* End PBXFileReference section */

/* Begin PBXFrameworksBuildPhase section */
		E78F2D681B9FCF9400E1B04B /* Frameworks */ = {
			isa = PBXFrameworksBuildPhase;
			buildActionMask = 2147483647;
			files = (
				7CFBA31FBC802E19654688F9 /* libPods-card.a in Frameworks */,
			);
			runOnlyForDeploymentPostprocessing = 0;
		};
		E78F2D811B9FCF9400E1B04B /* Frameworks */ = {
			isa = PBXFrameworksBuildPhase;
			buildActionMask = 2147483647;
			files = (
				1303633067C35E6BCE4DA943 /* libPods-cardTests.a in Frameworks */,
			);
			runOnlyForDeploymentPostprocessing = 0;
		};
/* End PBXFrameworksBuildPhase section */

/* Begin PBXGroup section */
		386B01B926963B2BADD35887 /* Frameworks */ = {
			isa = PBXGroup;
			children = (
				427A8D637B7ED43AAD949EFA /* libPods-card.a */,
				E26DBF95167EAC7C5A6F2310 /* libPods-cardTests.a */,
			);
			name = Frameworks;
			sourceTree = "<group>";
		};
		9EDFE4327066F00EAA96909C /* Pods */ = {
			isa = PBXGroup;
			children = (
				BCE79579916D486798D6412B /* Pods-card.debug.xcconfig */,
				AF84162726DE0F6BE50D9FD5 /* Pods-card.release.xcconfig */,
				A04E85A9AF779FAEAB6095FB /* Pods-cardTests.debug.xcconfig */,
				1AAC12F25CCE106526114468 /* Pods-cardTests.release.xcconfig */,
			);
			name = Pods;
			path = Pods;
			sourceTree = "<group>";
		};
		E74A414D1BA2D41B00CB21E2 /* View */ = {
			isa = PBXGroup;
			children = (
				E74A414A1BA2D41500CB21E2 /* CardView.h */,
				E74A414B1BA2D41500CB21E2 /* CardView.m */,
			);
			name = View;
			sourceTree = "<group>";
		};
		E74A414E1BA2D45E00CB21E2 /* Model */ = {
			isa = PBXGroup;
			children = (
				E74A41511BA2D45E00CB21E2 /* GameTable.h */,
				E74A41521BA2D45E00CB21E2 /* GameTable.m */,
				E74A41531BA2D45E00CB21E2 /* PlayingCard.h */,
				E74A41541BA2D45E00CB21E2 /* PlayingCard.m */,
				E74A41551BA2D45E00CB21E2 /* PlayingDeck.h */,
				E74A41561BA2D45E00CB21E2 /* PlayingDeck.m */,
				E74A41571BA2D45E00CB21E2 /* User.h */,
				E74A41581BA2D45E00CB21E2 /* User.m */,
			);
			name = Model;
			path = DouDiZhu/Model;
			sourceTree = "<group>";
		};
		E75C22561BA6B174004092C5 /* Controller */ = {
			isa = PBXGroup;
			children = (
				E75C22571BA6B1BB004092C5 /* AIforGame.h */,
				E75C22581BA6B1BB004092C5 /* AIforGame.m */,
				E75C225D1BA6BA05004092C5 /* MyCards.h */,
				E75C225E1BA6BA05004092C5 /* MyCards.m */,
				E75C22601BA6BFF3004092C5 /* MyCardsView.h */,
				E75C22611BA6BFF3004092C5 /* MyCardsView.m */,
			);
			name = Controller;
			sourceTree = "<group>";
		};
		E78F2D621B9FCF9400E1B04B = {
			isa = PBXGroup;
			children = (
				E78F2D6D1B9FCF9400E1B04B /* card */,
				E78F2D871B9FCF9400E1B04B /* cardTests */,
				E78F2D6C1B9FCF9400E1B04B /* Products */,
				9EDFE4327066F00EAA96909C /* Pods */,
				386B01B926963B2BADD35887 /* Frameworks */,
			);
			sourceTree = "<group>";
		};
		E78F2D6C1B9FCF9400E1B04B /* Products */ = {
			isa = PBXGroup;
			children = (
				E78F2D6B1B9FCF9400E1B04B /* card.app */,
				E78F2D841B9FCF9400E1B04B /* cardTests.xctest */,
			);
			name = Products;
			sourceTree = "<group>";
		};
		E78F2D6D1B9FCF9400E1B04B /* card */ = {
			isa = PBXGroup;
			children = (
				E78F2D721B9FCF9400E1B04B /* AppDelegate.h */,
				E78F2D731B9FCF9400E1B04B /* AppDelegate.m */,
				E78F2D751B9FCF9400E1B04B /* ViewController.h */,
				E78F2D761B9FCF9400E1B04B /* ViewController.m */,
				E7FB5FBA1BA16D8E006AADBE /* SingleUserViewController.h */,
				E7FB5FBB1BA16D8E006AADBE /* SingleUserViewController.m */,
				E78F2D781B9FCF9400E1B04B /* Main.storyboard */,
				E78F2D7B1B9FCF9400E1B04B /* Images.xcassets */,
				E78F2D7D1B9FCF9400E1B04B /* LaunchScreen.xib */,
				E78F2D9B1BA0034100E1B04B /* DouDiZhu */,
				E78F2D6E1B9FCF9400E1B04B /* Supporting Files */,
				E78F2D971B9FDBD500E1B04B /* Model */,
			);
			path = card;
			sourceTree = "<group>";
		};
		E78F2D6E1B9FCF9400E1B04B /* Supporting Files */ = {
			isa = PBXGroup;
			children = (
				E78F2D6F1B9FCF9400E1B04B /* Info.plist */,
				E78F2D701B9FCF9400E1B04B /* main.m */,
			);
			name = "Supporting Files";
			sourceTree = "<group>";
		};
		E78F2D871B9FCF9400E1B04B /* cardTests */ = {
			isa = PBXGroup;
			children = (
				E78F2D8A1B9FCF9400E1B04B /* cardTests.m */,
				E78F2D881B9FCF9400E1B04B /* Supporting Files */,
			);
			path = cardTests;
			sourceTree = "<group>";
		};
		E78F2D881B9FCF9400E1B04B /* Supporting Files */ = {
			isa = PBXGroup;
			children = (
				E78F2D891B9FCF9400E1B04B /* Info.plist */,
			);
			name = "Supporting Files";
			sourceTree = "<group>";
		};
		E78F2D971B9FDBD500E1B04B /* Model */ = {
			isa = PBXGroup;
			children = (
				E78F2D981B9FDBFC00E1B04B /* Card.h */,
				E78F2D991B9FDBFC00E1B04B /* Card.m */,
				E78F2D941B9FDBA600E1B04B /* Deck.h */,
				E78F2D951B9FDBA600E1B04B /* Deck.m */,
			);
			name = Model;
			sourceTree = "<group>";
		};
		E78F2D9B1BA0034100E1B04B /* DouDiZhu */ = {
			isa = PBXGroup;
			children = (
				E75C22561BA6B174004092C5 /* Controller */,
				E74A414E1BA2D45E00CB21E2 /* Model */,
				E74A414D1BA2D41B00CB21E2 /* View */,
			);
			name = DouDiZhu;
			sourceTree = "<group>";
		};
/* End PBXGroup section */

/* Begin PBXNativeTarget section */
		E78F2D6A1B9FCF9400E1B04B /* card */ = {
			isa = PBXNativeTarget;
			buildConfigurationList = E78F2D8E1B9FCF9400E1B04B /* Build configuration list for PBXNativeTarget "card" */;
			buildPhases = (
				D1F2C5B9051F4CB0D566EDDE /* [CP] Check Pods Manifest.lock */,
				E78F2D671B9FCF9400E1B04B /* Sources */,
				E78F2D681B9FCF9400E1B04B /* Frameworks */,
				E78F2D691B9FCF9400E1B04B /* Resources */,
			);
			buildRules = (
			);
			dependencies = (
			);
			name = card;
			productName = card;
			productReference = E78F2D6B1B9FCF9400E1B04B /* card.app */;
			productType = "com.apple.product-type.application";
		};
		E78F2D831B9FCF9400E1B04B /* cardTests */ = {
			isa = PBXNativeTarget;
			buildConfigurationList = E78F2D911B9FCF9400E1B04B /* Build configuration list for PBXNativeTarget "cardTests" */;
			buildPhases = (
				5B21D0DB35C35EE8737B5A34 /* [CP] Check Pods Manifest.lock */,
				E78F2D801B9FCF9400E1B04B /* Sources */,
				E78F2D811B9FCF9400E1B04B /* Frameworks */,
				E78F2D821B9FCF9400E1B04B /* Resources */,
			);
			buildRules = (
			);
			dependencies = (
				E78F2D861B9FCF9400E1B04B /* PBXTargetDependency */,
			);
			name = cardTests;
			productName = cardTests;
			productReference = E78F2D841B9FCF9400E1B04B /* cardTests.xctest */;
			productType = "com.apple.product-type.bundle.unit-test";
		};
/* End PBXNativeTarget section */

/* Begin PBXProject section */
		E78F2D631B9FCF9400E1B04B /* Project object */ = {
			isa = PBXProject;
			attributes = {
				LastUpgradeCheck = 0640;
				ORGANIZATIONNAME = tmachc;
				TargetAttributes = {
					E78F2D6A1B9FCF9400E1B04B = {
						CreatedOnToolsVersion = 6.4;
					};
					E78F2D831B9FCF9400E1B04B = {
						CreatedOnToolsVersion = 6.4;
						TestTargetID = E78F2D6A1B9FCF9400E1B04B;
					};
				};
			};
			buildConfigurationList = E78F2D661B9FCF9400E1B04B /* Build configuration list for PBXProject "card" */;
			compatibilityVersion = "Xcode 3.2";
			developmentRegion = English;
			hasScannedForEncodings = 0;
			knownRegions = (
				en,
				Base,
			);
			mainGroup = E78F2D621B9FCF9400E1B04B;
			productRefGroup = E78F2D6C1B9FCF9400E1B04B /* Products */;
			projectDirPath = "";
			projectRoot = "";
			targets = (
				E78F2D6A1B9FCF9400E1B04B /* card */,
				E78F2D831B9FCF9400E1B04B /* cardTests */,
			);
		};
/* End PBXProject section */

/* Begin PBXResourcesBuildPhase section */
		E78F2D691B9FCF9400E1B04B /* Resources */ = {
			isa = PBXResourcesBuildPhase;
			buildActionMask = 2147483647;
			files = (
				E78F2D7A1B9FCF9400E1B04B /* Main.storyboard in Resources */,
				E78F2D7F1B9FCF9400E1B04B /* LaunchScreen.xib in Resources */,
				E78F2D7C1B9FCF9400E1B04B /* Images.xcassets in Resources */,
			);
			runOnlyForDeploymentPostprocessing = 0;
		};
		E78F2D821B9FCF9400E1B04B /* Resources */ = {
			isa = PBXResourcesBuildPhase;
			buildActionMask = 2147483647;
			files = (
			);
			runOnlyForDeploymentPostprocessing = 0;
		};
/* End PBXResourcesBuildPhase section */

/* Begin PBXShellScriptBuildPhase section */
		5B21D0DB35C35EE8737B5A34 /* [CP] Check Pods Manifest.lock */ = {
			isa = PBXShellScriptBuildPhase;
			buildActionMask = 2147483647;
			files = (
			);
			inputFileListPaths = (
			);
			inputPaths = (
				"${PODS_PODFILE_DIR_PATH}/Podfile.lock",
				"${PODS_ROOT}/Manifest.lock",
			);
			name = "[CP] Check Pods Manifest.lock";
			outputFileListPaths = (
			);
			outputPaths = (
				"$(DERIVED_FILE_DIR)/Pods-cardTests-checkManifestLockResult.txt",
			);
			runOnlyForDeploymentPostprocessing = 0;
			shellPath = /bin/sh;
			shellScript = "diff \"${PODS_PODFILE_DIR_PATH}/Podfile.lock\" \"${PODS_ROOT}/Manifest.lock\" > /dev/null\nif [ $? != 0 ] ; then\n    # print error to STDERR\n    echo \"error: The sandbox is not in sync with the Podfile.lock. Run 'pod install' or update your CocoaPods installation.\" >&2\n    exit 1\nfi\n# This output is used by Xcode 'outputs' to avoid re-running this script phase.\necho \"SUCCESS\" > \"${SCRIPT_OUTPUT_FILE_0}\"\n";
			showEnvVarsInLog = 0;
		};
		D1F2C5B9051F4CB0D566EDDE /* [CP] Check Pods Manifest.lock */ = {
			isa = PBXShellScriptBuildPhase;
			buildActionMask = 2147483647;
			files = (
			);
			inputFileListPaths = (
			);
			inputPaths = (
				"${PODS_PODFILE_DIR_PATH}/Podfile.lock",
				"${PODS_ROOT}/Manifest.lock",
			);
			name = "[CP] Check Pods Manifest.lock";
			outputFileListPaths = (
			);
			outputPaths = (
				"$(DERIVED_FILE_DIR)/Pods-card-checkManifestLockResult.txt",
			);
			runOnlyForDeploymentPostprocessing = 0;
			shellPath = /bin/sh;
			shellScript = "diff \"${PODS_PODFILE_DIR_PATH}/Podfile.lock\" \"${PODS_ROOT}/Manifest.lock\" > /dev/null\nif [ $? != 0 ] ; then\n    # print error to STDERR\n    echo \"error: The sandbox is not in sync with the Podfile.lock. Run 'pod install' or update your CocoaPods installation.\" >&2\n    exit 1\nfi\n# This output is used by Xcode 'outputs' to avoid re-running this script phase.\necho \"SUCCESS\" > \"${SCRIPT_OUTPUT_FILE_0}\"\n";
			showEnvVarsInLog = 0;
		};
/* End PBXShellScriptBuildPhase section */

/* Begin PBXSourcesBuildPhase section */
		E78F2D671B9FCF9400E1B04B /* Sources */ = {
			isa = PBXSourcesBuildPhase;
			buildActionMask = 2147483647;
			files = (
				E74A415A1BA2D45E00CB21E2 /* GameTable.m in Sources */,
				E75C225B1BA6B1BB004092C5 /* AIforGame.m in Sources */,
				E74A415C1BA2D45E00CB21E2 /* PlayingDeck.m in Sources */,
				E74A415D1BA2D45E00CB21E2 /* User.m in Sources */,
				E74A415B1BA2D45E00CB21E2 /* PlayingCard.m in Sources */,
				E78F2D9A1B9FDBFC00E1B04B /* Card.m in Sources */,
				E78F2D961B9FDBA600E1B04B /* Deck.m in Sources */,
				E7FB5FBC1BA16D8E006AADBE /* SingleUserViewController.m in Sources */,
				E74A414C1BA2D41500CB21E2 /* CardView.m in Sources */,
				E78F2D771B9FCF9400E1B04B /* ViewController.m in Sources */,
				E78F2D741B9FCF9400E1B04B /* AppDelegate.m in Sources */,
				E75C225F1BA6BA05004092C5 /* MyCards.m in Sources */,
				E75C22621BA6BFF3004092C5 /* MyCardsView.m in Sources */,
				E78F2D711B9FCF9400E1B04B /* main.m in Sources */,
			);
			runOnlyForDeploymentPostprocessing = 0;
		};
		E78F2D801B9FCF9400E1B04B /* Sources */ = {
			isa = PBXSourcesBuildPhase;
			buildActionMask = 2147483647;
			files = (
				E78F2D8B1B9FCF9400E1B04B /* cardTests.m in Sources */,
			);
			runOnlyForDeploymentPostprocessing = 0;
		};
/* End PBXSourcesBuildPhase section */

/* Begin PBXTargetDependency section */
		E78F2D861B9FCF9400E1B04B /* PBXTargetDependency */ = {
			isa = PBXTargetDependency;
			target = E78F2D6A1B9FCF9400E1B04B /* card */;
			targetProxy = E78F2D851B9FCF9400E1B04B /* PBXContainerItemProxy */;
		};
/* End PBXTargetDependency section */

/* Begin PBXVariantGroup section */
		E78F2D781B9FCF9400E1B04B /* Main.storyboard */ = {
			isa = PBXVariantGroup;
			children = (
				E78F2D791B9FCF9400E1B04B /* Base */,
			);
			name = Main.storyboard;
			sourceTree = "<group>";
		};
		E78F2D7D1B9FCF9400E1B04B /* LaunchScreen.xib */ = {
			isa = PBXVariantGroup;
			children = (
				E78F2D7E1B9FCF9400E1B04B /* Base */,
			);
			name = LaunchScreen.xib;
			sourceTree = "<group>";
		};
/* End PBXVariantGroup section */

/* Begin XCBuildConfiguration section */
		E78F2D8C1B9FCF9400E1B04B /* Debug */ = {
			isa = XCBuildConfiguration;
			buildSettings = {
				ALWAYS_SEARCH_USER_PATHS = NO;
				CLANG_CXX_LANGUAGE_STANDARD = "gnu++0x";
				CLANG_CXX_LIBRARY = "libc++";
				CLANG_ENABLE_MODULES = YES;
				CLANG_ENABLE_OBJC_ARC = YES;
				CLANG_WARN_BOOL_CONVERSION = YES;
				CLANG_WARN_CONSTANT_CONVERSION = YES;
				CLANG_WARN_DIRECT_OBJC_ISA_USAGE = YES_ERROR;
				CLANG_WARN_EMPTY_BODY = YES;
				CLANG_WARN_ENUM_CONVERSION = YES;
				CLANG_WARN_INT_CONVERSION = YES;
				CLANG_WARN_OBJC_ROOT_CLASS = YES_ERROR;
				CLANG_WARN_UNREACHABLE_CODE = YES;
				CLANG_WARN__DUPLICATE_METHOD_MATCH = YES;
				"CODE_SIGN_IDENTITY[sdk=iphoneos*]" = "iPhone Developer";
				COPY_PHASE_STRIP = NO;
				DEBUG_INFORMATION_FORMAT = "dwarf-with-dsym";
				ENABLE_STRICT_OBJC_MSGSEND = YES;
				GCC_C_LANGUAGE_STANDARD = gnu99;
				GCC_DYNAMIC_NO_PIC = NO;
				GCC_NO_COMMON_BLOCKS = YES;
				GCC_OPTIMIZATION_LEVEL = 0;
				GCC_PREPROCESSOR_DEFINITIONS = (
					"DEBUG=1",
					"$(inherited)",
				);
				GCC_SYMBOLS_PRIVATE_EXTERN = NO;
				GCC_WARN_64_TO_32_BIT_CONVERSION = YES;
				GCC_WARN_ABOUT_RETURN_TYPE = YES_ERROR;
				GCC_WARN_UNDECLARED_SELECTOR = YES;
				GCC_WARN_UNINITIALIZED_AUTOS = YES_AGGRESSIVE;
				GCC_WARN_UNUSED_FUNCTION = YES;
				GCC_WARN_UNUSED_VARIABLE = YES;
				IPHONEOS_DEPLOYMENT_TARGET = 8.4;
				MTL_ENABLE_DEBUG_INFO = YES;
				ONLY_ACTIVE_ARCH = YES;
				SDKROOT = iphoneos;
			};
			name = Debug;
		};
		E78F2D8D1B9FCF9400E1B04B /* Release */ = {
			isa = XCBuildConfiguration;
			buildSettings = {
				ALWAYS_SEARCH_USER_PATHS = NO;
				CLANG_CXX_LANGUAGE_STANDARD = "gnu++0x";
				CLANG_CXX_LIBRARY = "libc++";
				CLANG_ENABLE_MODULES = YES;
				CLANG_ENABLE_OBJC_ARC = YES;
				CLANG_WARN_BOOL_CONVERSION = YES;
				CLANG_WARN_CONSTANT_CONVERSION = YES;
				CLANG_WARN_DIRECT_OBJC_ISA_USAGE = YES_ERROR;
				CLANG_WARN_EMPTY_BODY = YES;
				CLANG_WARN_ENUM_CONVERSION = YES;
				CLANG_WARN_INT_CONVERSION = YES;
				CLANG_WARN_OBJC_ROOT_CLASS = YES_ERROR;
				CLANG_WARN_UNREACHABLE_CODE = YES;
				CLANG_WARN__DUPLICATE_METHOD_MATCH = YES;
				"CODE_SIGN_IDENTITY[sdk=iphoneos*]" = "iPhone Developer";
				COPY_PHASE_STRIP = NO;
				DEBUG_INFORMATION_FORMAT = "dwarf-with-dsym";
				ENABLE_NS_ASSERTIONS = NO;
				ENABLE_STRICT_OBJC_MSGSEND = YES;
				GCC_C_LANGUAGE_STANDARD = gnu99;
				GCC_NO_COMMON_BLOCKS = YES;
				GCC_WARN_64_TO_32_BIT_CONVERSION = YES;
				GCC_WARN_ABOUT_RETURN_TYPE = YES_ERROR;
				GCC_WARN_UNDECLARED_SELECTOR = YES;
				GCC_WARN_UNINITIALIZED_AUTOS = YES_AGGRESSIVE;
				GCC_WARN_UNUSED_FUNCTION = YES;
				GCC_WARN_UNUSED_VARIABLE = YES;
				IPHONEOS_DEPLOYMENT_TARGET = 8.4;
				MTL_ENABLE_DEBUG_INFO = NO;
				SDKROOT = iphoneos;
				VALIDATE_PRODUCT = YES;
			};
			name = Release;
		};
		E78F2D8F1B9FCF9400E1B04B /* Debug */ = {
			isa = XCBuildConfiguration;
			baseConfigurationReference = BCE79579916D486798D6412B /* Pods-card.debug.xcconfig */;
			buildSettings = {
				ASSETCATALOG_COMPILER_APPICON_NAME = AppIcon;
				INFOPLIST_FILE = card/Info.plist;
				LD_RUNPATH_SEARCH_PATHS = "$(inherited) @executable_path/Frameworks";
				PRODUCT_NAME = "$(TARGET_NAME)";
			};
			name = Debug;
		};
		E78F2D901B9FCF9400E1B04B /* Release */ = {
			isa = XCBuildConfiguration;
			baseConfigurationReference = AF84162726DE0F6BE50D9FD5 /* Pods-card.release.xcconfig */;
			buildSettings = {
				ASSETCATALOG_COMPILER_APPICON_NAME = AppIcon;
				INFOPLIST_FILE = card/Info.plist;
				LD_RUNPATH_SEARCH_PATHS = "$(inherited) @executable_path/Frameworks";
				PRODUCT_NAME = "$(TARGET_NAME)";
			};
			name = Release;
		};
		E78F2D921B9FCF9400E1B04B /* Debug */ = {
			isa = XCBuildConfiguration;
			baseConfigurationReference = A04E85A9AF779FAEAB6095FB /* Pods-cardTests.debug.xcconfig */;
			buildSettings = {
				BUNDLE_LOADER = "$(TEST_HOST)";
				FRAMEWORK_SEARCH_PATHS = (
					"$(SDKROOT)/Developer/Library/Frameworks",
					"$(inherited)",
				);
				GCC_PREPROCESSOR_DEFINITIONS = (
					"DEBUG=1",
					"$(inherited)",
				);
				INFOPLIST_FILE = cardTests/Info.plist;
				LD_RUNPATH_SEARCH_PATHS = "$(inherited) @executable_path/Frameworks @loader_path/Frameworks";
				PRODUCT_NAME = "$(TARGET_NAME)";
				TEST_HOST = "$(BUILT_PRODUCTS_DIR)/card.app/card";
			};
			name = Debug;
		};
		E78F2D931B9FCF9400E1B04B /* Release */ = {
			isa = XCBuildConfiguration;
			baseConfigurationReference = 1AAC12F25CCE106526114468 /* Pods-cardTests.release.xcconfig */;
			buildSettings = {
				BUNDLE_LOADER = "$(TEST_HOST)";
				FRAMEWORK_SEARCH_PATHS = (
					"$(SDKROOT)/Developer/Library/Frameworks",
					"$(inherited)",
				);
				INFOPLIST_FILE = cardTests/Info.plist;
				LD_RUNPATH_SEARCH_PATHS = "$(inherited) @executable_path/Frameworks @loader_path/Frameworks";
				PRODUCT_NAME = "$(TARGET_NAME)";
				TEST_HOST = "$(BUILT_PRODUCTS_DIR)/card.app/card";
			};
			name = Release;
		};
/* End XCBuildConfiguration section */

/* Begin XCConfigurationList section */
		E78F2D661B9FCF9400E1B04B /* Build configuration list for PBXProject "card" */ = {
			isa = XCConfigurationList;
			buildConfigurations = (
				E78F2D8C1B9FCF9400E1B04B /* Debug */,
				E78F2D8D1B9FCF9400E1B04B /* Release */,
			);
			defaultConfigurationIsVisible = 0;
			defaultConfigurationName = Release;
		};
		E78F2D8E1B9FCF9400E1B04B /* Build configuration list for PBXNativeTarget "card" */ = {
			isa = XCConfigurationList;
			buildConfigurations = (
				E78F2D8F1B9FCF9400E1B04B /* Debug */,
				E78F2D901B9FCF9400E1B04B /* Release */,
			);
			defaultConfigurationIsVisible = 0;
			defaultConfigurationName = Release;
		};
		E78F2D911B9FCF9400E1B04B /* Build configuration list for PBXNativeTarget "cardTests" */ = {
			isa = XCConfigurationList;
			buildConfigurations = (
				E78F2D921B9FCF9400E1B04B /* Debug */,
				E78F2D931B9FCF9400E1B04B /* Release */,
			);
			defaultConfigurationIsVisible = 0;
			defaultConfigurationName = Release;
		};
/* End XCConfigurationList section */
	};
	rootObject = E78F2D631B9FCF9400E1B04B /* Project object */;
}
