// !$*UTF8*$!
{
	archiveVersion = 1;
	classes = {
	};
	objectVersion = 46;
	objects = {

/* Begin PBXBuildFile section */
		2C3742851E5C6EBD00BB3497 /* SCRScrollMenu.m in Sources */ = {isa = PBXBuildFile; fileRef = 2C37427E1E5C6EBD00BB3497 /* SCRScrollMenu.m */; };
		2C3742861E5C6EBD00BB3497 /* SCRScrollMenuButton.m in Sources */ = {isa = PBXBuildFile; fileRef = 2C3742801E5C6EBD00BB3497 /* SCRScrollMenuButton.m */; };
		2C3742871E5C6EBD00BB3497 /* SCRScrollMenuController.m in Sources */ = {isa = PBXBuildFile; fileRef = 2C3742821E5C6EBD00BB3497 /* SCRScrollMenuController.m */; };
		2C3742881E5C6EBD00BB3497 /* SCRScrollMenuItem.m in Sources */ = {isa = PBXBuildFile; fileRef = 2C3742841E5C6EBD00BB3497 /* SCRScrollMenuItem.m */; };
		2C37428D1E5C6F4000BB3497 /* loginViewController.m in Sources */ = {isa = PBXBuildFile; fileRef = 2C37428A1E5C6F4000BB3497 /* loginViewController.m */; };
		2C37428E1E5C6F4000BB3497 /* subjectOneViewController.m in Sources */ = {isa = PBXBuildFile; fileRef = 2C37428C1E5C6F4000BB3497 /* subjectOneViewController.m */; };
		2C5E12A31E4F67EE00FBB205 /* homePageViewController.m in Sources */ = {isa = PBXBuildFile; fileRef = 2C5E12A11E4F67EE00FBB205 /* homePageViewController.m */; };
		2C5E12A81E4F682D00FBB205 /* userPageViewController.m in Sources */ = {isa = PBXBuildFile; fileRef = 2C5E12A61E4F682D00FBB205 /* userPageViewController.m */; };
		2CB896E01E52D5AE00FC59F9 /* apilib.a in Frameworks */ = {isa = PBXBuildFile; fileRef = 2CB896DF1E52D5AE00FC59F9 /* apilib.a */; };
		2CB896E21E52D5C600FC59F9 /* AdSupport.framework in Frameworks */ = {isa = PBXBuildFile; fileRef = 2CB896E11E52D5C600FC59F9 /* AdSupport.framework */; };
		2CB896E41E52D5CE00FC59F9 /* CoreTelephony.framework in Frameworks */ = {isa = PBXBuildFile; fileRef = 2CB896E31E52D5CE00FC59F9 /* CoreTelephony.framework */; };
		2CB896E61E52D5DB00FC59F9 /* SystemConfiguration.framework in Frameworks */ = {isa = PBXBuildFile; fileRef = 2CB896E51E52D5DB00FC59F9 /* SystemConfiguration.framework */; };
		2CB896E91E52D96F00FC59F9 /* CoreGraphics.framework in Frameworks */ = {isa = PBXBuildFile; fileRef = 2CB896E81E52D96F00FC59F9 /* CoreGraphics.framework */; };
		2CB896EB1E52D97600FC59F9 /* QuartzCore.framework in Frameworks */ = {isa = PBXBuildFile; fileRef = 2CB896EA1E52D97600FC59F9 /* QuartzCore.framework */; };
		2CB896EF1E52E6A400FC59F9 /* AdViewController.m in Sources */ = {isa = PBXBuildFile; fileRef = 2CB896ED1E52E6A400FC59F9 /* AdViewController.m */; };
		2CCE37EF1E2E4B0000210B49 /* main.m in Sources */ = {isa = PBXBuildFile; fileRef = 2CCE37EE1E2E4B0000210B49 /* main.m */; };
		2CCE37F21E2E4B0000210B49 /* AppDelegate.m in Sources */ = {isa = PBXBuildFile; fileRef = 2CCE37F11E2E4B0000210B49 /* AppDelegate.m */; };
		2CCE37F51E2E4B0000210B49 /* ViewController.m in Sources */ = {isa = PBXBuildFile; fileRef = 2CCE37F41E2E4B0000210B49 /* ViewController.m */; };
		2CCE37F81E2E4B0000210B49 /* Main.storyboard in Resources */ = {isa = PBXBuildFile; fileRef = 2CCE37F61E2E4B0000210B49 /* Main.storyboard */; };
		2CCE37FA1E2E4B0000210B49 /* Assets.xcassets in Resources */ = {isa = PBXBuildFile; fileRef = 2CCE37F91E2E4B0000210B49 /* Assets.xcassets */; };
		2CCE37FD1E2E4B0000210B49 /* LaunchScreen.storyboard in Resources */ = {isa = PBXBuildFile; fileRef = 2CCE37FB1E2E4B0000210B49 /* LaunchScreen.storyboard */; };
		2CCE38081E2E4B0000210B49 /* DrivingLicenseTests.m in Sources */ = {isa = PBXBuildFile; fileRef = 2CCE38071E2E4B0000210B49 /* DrivingLicenseTests.m */; };
		2CCE38131E2E4B0000210B49 /* DrivingLicenseUITests.m in Sources */ = {isa = PBXBuildFile; fileRef = 2CCE38121E2E4B0000210B49 /* DrivingLicenseUITests.m */; };
		2F634B23FEB4DDF1554E4002 /* libPods-DrivingLicense.a in Frameworks */ = {isa = PBXBuildFile; fileRef = 17FE8149CAAAC5ADE63F83FF /* libPods-DrivingLicense.a */; };
/* End PBXBuildFile section */

/* Begin PBXContainerItemProxy section */
		2CCE38041E2E4B0000210B49 /* PBXContainerItemProxy */ = {
			isa = PBXContainerItemProxy;
			containerPortal = 2CCE37E21E2E4B0000210B49 /* Project object */;
			proxyType = 1;
			remoteGlobalIDString = 2CCE37E91E2E4B0000210B49;
			remoteInfo = DrivingLicense;
		};
		2CCE380F1E2E4B0000210B49 /* PBXContainerItemProxy */ = {
			isa = PBXContainerItemProxy;
			containerPortal = 2CCE37E21E2E4B0000210B49 /* Project object */;
			proxyType = 1;
			remoteGlobalIDString = 2CCE37E91E2E4B0000210B49;
			remoteInfo = DrivingLicense;
		};
/* End PBXContainerItemProxy section */

/* Begin PBXFileReference section */
		17FE8149CAAAC5ADE63F83FF /* libPods-DrivingLicense.a */ = {isa = PBXFileReference; explicitFileType = archive.ar; includeInIndex = 0; path = "libPods-DrivingLicense.a"; sourceTree = BUILT_PRODUCTS_DIR; };
		2C37427D1E5C6EBD00BB3497 /* SCRScrollMenu.h */ = {isa = PBXFileReference; fileEncoding = 4; lastKnownFileType = sourcecode.c.h; path = SCRScrollMenu.h; sourceTree = "<group>"; };
		2C37427E1E5C6EBD00BB3497 /* SCRScrollMenu.m */ = {isa = PBXFileReference; fileEncoding = 4; lastKnownFileType = sourcecode.c.objc; path = SCRScrollMenu.m; sourceTree = "<group>"; };
		2C37427F1E5C6EBD00BB3497 /* SCRScrollMenuButton.h */ = {isa = PBXFileReference; fileEncoding = 4; lastKnownFileType = sourcecode.c.h; path = SCRScrollMenuButton.h; sourceTree = "<group>"; };
		2C3742801E5C6EBD00BB3497 /* SCRScrollMenuButton.m */ = {isa = PBXFileReference; fileEncoding = 4; lastKnownFileType = sourcecode.c.objc; path = SCRScrollMenuButton.m; sourceTree = "<group>"; };
		2C3742811E5C6EBD00BB3497 /* SCRScrollMenuController.h */ = {isa = PBXFileReference; fileEncoding = 4; lastKnownFileType = sourcecode.c.h; path = SCRScrollMenuController.h; sourceTree = "<group>"; };
		2C3742821E5C6EBD00BB3497 /* SCRScrollMenuController.m */ = {isa = PBXFileReference; fileEncoding = 4; lastKnownFileType = sourcecode.c.objc; path = SCRScrollMenuController.m; sourceTree = "<group>"; };
		2C3742831E5C6EBD00BB3497 /* SCRScrollMenuItem.h */ = {isa = PBXFileReference; fileEncoding = 4; lastKnownFileType = sourcecode.c.h; path = SCRScrollMenuItem.h; sourceTree = "<group>"; };
		2C3742841E5C6EBD00BB3497 /* SCRScrollMenuItem.m */ = {isa = PBXFileReference; fileEncoding = 4; lastKnownFileType = sourcecode.c.objc; path = SCRScrollMenuItem.m; sourceTree = "<group>"; };
		2C3742891E5C6F4000BB3497 /* loginViewController.h */ = {isa = PBXFileReference; fileEncoding = 4; lastKnownFileType = sourcecode.c.h; path = loginViewController.h; sourceTree = "<group>"; };
		2C37428A1E5C6F4000BB3497 /* loginViewController.m */ = {isa = PBXFileReference; fileEncoding = 4; lastKnownFileType = sourcecode.c.objc; path = loginViewController.m; sourceTree = "<group>"; };
		2C37428B1E5C6F4000BB3497 /* subjectOneViewController.h */ = {isa = PBXFileReference; fileEncoding = 4; lastKnownFileType = sourcecode.c.h; path = subjectOneViewController.h; sourceTree = "<group>"; };
		2C37428C1E5C6F4000BB3497 /* subjectOneViewController.m */ = {isa = PBXFileReference; fileEncoding = 4; lastKnownFileType = sourcecode.c.objc; path = subjectOneViewController.m; sourceTree = "<group>"; };
		2C5E129F1E4E1A3100FBB205 /* readme */ = {isa = PBXFileReference; lastKnownFileType = text; path = readme; sourceTree = "<group>"; };
		2C5E12A01E4F67EE00FBB205 /* homePageViewController.h */ = {isa = PBXFileReference; fileEncoding = 4; lastKnownFileType = sourcecode.c.h; path = homePageViewController.h; sourceTree = "<group>"; };
		2C5E12A11E4F67EE00FBB205 /* homePageViewController.m */ = {isa = PBXFileReference; fileEncoding = 4; lastKnownFileType = sourcecode.c.objc; path = homePageViewController.m; sourceTree = "<group>"; };
		2C5E12A51E4F682D00FBB205 /* userPageViewController.h */ = {isa = PBXFileReference; fileEncoding = 4; lastKnownFileType = sourcecode.c.h; path = userPageViewController.h; sourceTree = "<group>"; };
		2C5E12A61E4F682D00FBB205 /* userPageViewController.m */ = {isa = PBXFileReference; fileEncoding = 4; lastKnownFileType = sourcecode.c.objc; path = userPageViewController.m; sourceTree = "<group>"; };
		2CB896D81E52C97600FC59F9 /* PrefixHeader.pch */ = {isa = PBXFileReference; lastKnownFileType = sourcecode.c.h; path = PrefixHeader.pch; sourceTree = "<group>"; };
		2CB896DF1E52D5AE00FC59F9 /* apilib.a */ = {isa = PBXFileReference; lastKnownFileType = archive.ar; name = apilib.a; path = ../../../../../../../../../../../Desktop/apilib.a; sourceTree = "<group>"; };
		2CB896E11E52D5C600FC59F9 /* AdSupport.framework */ = {isa = PBXFileReference; lastKnownFileType = wrapper.framework; name = AdSupport.framework; path = System/Library/Frameworks/AdSupport.framework; sourceTree = SDKROOT; };
		2CB896E31E52D5CE00FC59F9 /* CoreTelephony.framework */ = {isa = PBXFileReference; lastKnownFileType = wrapper.framework; name = CoreTelephony.framework; path = System/Library/Frameworks/CoreTelephony.framework; sourceTree = SDKROOT; };
		2CB896E51E52D5DB00FC59F9 /* SystemConfiguration.framework */ = {isa = PBXFileReference; lastKnownFileType = wrapper.framework; name = SystemConfiguration.framework; path = System/Library/Frameworks/SystemConfiguration.framework; sourceTree = SDKROOT; };
		2CB896E71E52D6D000FC59F9 /* JOYConnect.h */ = {isa = PBXFileReference; fileEncoding = 4; lastKnownFileType = sourcecode.c.h; path = JOYConnect.h; sourceTree = "<group>"; };
		2CB896E81E52D96F00FC59F9 /* CoreGraphics.framework */ = {isa = PBXFileReference; lastKnownFileType = wrapper.framework; name = CoreGraphics.framework; path = System/Library/Frameworks/CoreGraphics.framework; sourceTree = SDKROOT; };
		2CB896EA1E52D97600FC59F9 /* QuartzCore.framework */ = {isa = PBXFileReference; lastKnownFileType = wrapper.framework; name = QuartzCore.framework; path = System/Library/Frameworks/QuartzCore.framework; sourceTree = SDKROOT; };
		2CB896EC1E52E6A400FC59F9 /* AdViewController.h */ = {isa = PBXFileReference; fileEncoding = 4; lastKnownFileType = sourcecode.c.h; path = AdViewController.h; sourceTree = "<group>"; };
		2CB896ED1E52E6A400FC59F9 /* AdViewController.m */ = {isa = PBXFileReference; fileEncoding = 4; lastKnownFileType = sourcecode.c.objc; path = AdViewController.m; sourceTree = "<group>"; };
		2CCE37EA1E2E4B0000210B49 /* DrivingLicense.app */ = {isa = PBXFileReference; explicitFileType = wrapper.application; includeInIndex = 0; path = DrivingLicense.app; sourceTree = BUILT_PRODUCTS_DIR; };
		2CCE37EE1E2E4B0000210B49 /* main.m */ = {isa = PBXFileReference; lastKnownFileType = sourcecode.c.objc; path = main.m; sourceTree = "<group>"; };
		2CCE37F01E2E4B0000210B49 /* AppDelegate.h */ = {isa = PBXFileReference; lastKnownFileType = sourcecode.c.h; path = AppDelegate.h; sourceTree = "<group>"; };
		2CCE37F11E2E4B0000210B49 /* AppDelegate.m */ = {isa = PBXFileReference; lastKnownFileType = sourcecode.c.objc; path = AppDelegate.m; sourceTree = "<group>"; };
		2CCE37F31E2E4B0000210B49 /* ViewController.h */ = {isa = PBXFileReference; lastKnownFileType = sourcecode.c.h; path = ViewController.h; sourceTree = "<group>"; };
		2CCE37F41E2E4B0000210B49 /* ViewController.m */ = {isa = PBXFileReference; lastKnownFileType = sourcecode.c.objc; path = ViewController.m; sourceTree = "<group>"; };
		2CCE37F71E2E4B0000210B49 /* Base */ = {isa = PBXFileReference; lastKnownFileType = file.storyboard; name = Base; path = Base.lproj/Main.storyboard; sourceTree = "<group>"; };
		2CCE37F91E2E4B0000210B49 /* Assets.xcassets */ = {isa = PBXFileReference; lastKnownFileType = folder.assetcatalog; path = Assets.xcassets; sourceTree = "<group>"; };
		2CCE37FC1E2E4B0000210B49 /* Base */ = {isa = PBXFileReference; lastKnownFileType = file.storyboard; name = Base; path = Base.lproj/LaunchScreen.storyboard; sourceTree = "<group>"; };
		2CCE37FE1E2E4B0000210B49 /* Info.plist */ = {isa = PBXFileReference; lastKnownFileType = text.plist.xml; path = Info.plist; sourceTree = "<group>"; };
		2CCE38031E2E4B0000210B49 /* DrivingLicenseTests.xctest */ = {isa = PBXFileReference; explicitFileType = wrapper.cfbundle; includeInIndex = 0; path = DrivingLicenseTests.xctest; sourceTree = BUILT_PRODUCTS_DIR; };
		2CCE38071E2E4B0000210B49 /* DrivingLicenseTests.m */ = {isa = PBXFileReference; lastKnownFileType = sourcecode.c.objc; path = DrivingLicenseTests.m; sourceTree = "<group>"; };
		2CCE38091E2E4B0000210B49 /* Info.plist */ = {isa = PBXFileReference; lastKnownFileType = text.plist.xml; path = Info.plist; sourceTree = "<group>"; };
		2CCE380E1E2E4B0000210B49 /* DrivingLicenseUITests.xctest */ = {isa = PBXFileReference; explicitFileType = wrapper.cfbundle; includeInIndex = 0; path = DrivingLicenseUITests.xctest; sourceTree = BUILT_PRODUCTS_DIR; };
		2CCE38121E2E4B0000210B49 /* DrivingLicenseUITests.m */ = {isa = PBXFileReference; lastKnownFileType = sourcecode.c.objc; path = DrivingLicenseUITests.m; sourceTree = "<group>"; };
		2CCE38141E2E4B0000210B49 /* Info.plist */ = {isa = PBXFileReference; lastKnownFileType = text.plist.xml; path = Info.plist; sourceTree = "<group>"; };
		4B76B49AEAFB736B105CFD95 /* Pods-DrivingLicense.debug.xcconfig */ = {isa = PBXFileReference; includeInIndex = 1; lastKnownFileType = text.xcconfig; name = "Pods-DrivingLicense.debug.xcconfig"; path = "Pods/Target Support Files/Pods-DrivingLicense/Pods-DrivingLicense.debug.xcconfig"; sourceTree = "<group>"; };
		8508B64D61AD1D99D8611CB5 /* Pods-DrivingLicense.release.xcconfig */ = {isa = PBXFileReference; includeInIndex = 1; lastKnownFileType = text.xcconfig; name = "Pods-DrivingLicense.release.xcconfig"; path = "Pods/Target Support Files/Pods-DrivingLicense/Pods-DrivingLicense.release.xcconfig"; sourceTree = "<group>"; };
/* End PBXFileReference section */

/* Begin PBXFrameworksBuildPhase section */
		2CCE37E71E2E4B0000210B49 /* Frameworks */ = {
			isa = PBXFrameworksBuildPhase;
			buildActionMask = 2147483647;
			files = (
				2CB896EB1E52D97600FC59F9 /* QuartzCore.framework in Frameworks */,
				2CB896E91E52D96F00FC59F9 /* CoreGraphics.framework in Frameworks */,
				2CB896E61E52D5DB00FC59F9 /* SystemConfiguration.framework in Frameworks */,
				2CB896E41E52D5CE00FC59F9 /* CoreTelephony.framework in Frameworks */,
				2CB896E21E52D5C600FC59F9 /* AdSupport.framework in Frameworks */,
				2CB896E01E52D5AE00FC59F9 /* apilib.a in Frameworks */,
				2F634B23FEB4DDF1554E4002 /* libPods-DrivingLicense.a in Frameworks */,
			);
			runOnlyForDeploymentPostprocessing = 0;
		};
		2CCE38001E2E4B0000210B49 /* Frameworks */ = {
			isa = PBXFrameworksBuildPhase;
			buildActionMask = 2147483647;
			files = (
			);
			runOnlyForDeploymentPostprocessing = 0;
		};
		2CCE380B1E2E4B0000210B49 /* Frameworks */ = {
			isa = PBXFrameworksBuildPhase;
			buildActionMask = 2147483647;
			files = (
			);
			runOnlyForDeploymentPostprocessing = 0;
		};
/* End PBXFrameworksBuildPhase section */

/* Begin PBXGroup section */
		2C37427C1E5C6EBD00BB3497 /* SCRScrollMenuController */ = {
			isa = PBXGroup;
			children = (
				2C37427D1E5C6EBD00BB3497 /* SCRScrollMenu.h */,
				2C37427E1E5C6EBD00BB3497 /* SCRScrollMenu.m */,
				2C37427F1E5C6EBD00BB3497 /* SCRScrollMenuButton.h */,
				2C3742801E5C6EBD00BB3497 /* SCRScrollMenuButton.m */,
				2C3742811E5C6EBD00BB3497 /* SCRScrollMenuController.h */,
				2C3742821E5C6EBD00BB3497 /* SCRScrollMenuController.m */,
				2C3742831E5C6EBD00BB3497 /* SCRScrollMenuItem.h */,
				2C3742841E5C6EBD00BB3497 /* SCRScrollMenuItem.m */,
			);
			name = SCRScrollMenuController;
			path = ../SCRScrollMenuController;
			sourceTree = "<group>";
		};
		2C5E129B1E4E17C400FBB205 /* Model */ = {
			isa = PBXGroup;
			children = (
			);
			name = Model;
			sourceTree = "<group>";
		};
		2C5E129C1E4E189600FBB205 /* View */ = {
			isa = PBXGroup;
			children = (
				2CCE37F61E2E4B0000210B49 /* Main.storyboard */,
				2CCE37FB1E2E4B0000210B49 /* LaunchScreen.storyboard */,
				2C5E12A01E4F67EE00FBB205 /* homePageViewController.h */,
				2C5E12A11E4F67EE00FBB205 /* homePageViewController.m */,
				2C5E12A51E4F682D00FBB205 /* userPageViewController.h */,
				2C5E12A61E4F682D00FBB205 /* userPageViewController.m */,
				2CB896EC1E52E6A400FC59F9 /* AdViewController.h */,
				2CB896ED1E52E6A400FC59F9 /* AdViewController.m */,
				2C3742891E5C6F4000BB3497 /* loginViewController.h */,
				2C37428A1E5C6F4000BB3497 /* loginViewController.m */,
				2C37428B1E5C6F4000BB3497 /* subjectOneViewController.h */,
				2C37428C1E5C6F4000BB3497 /* subjectOneViewController.m */,
			);
			name = View;
			sourceTree = "<group>";
		};
		2C5E129D1E4E189C00FBB205 /* Controller */ = {
			isa = PBXGroup;
			children = (
				2C37427C1E5C6EBD00BB3497 /* SCRScrollMenuController */,
				2CB896E71E52D6D000FC59F9 /* JOYConnect.h */,
				2CCE37F31E2E4B0000210B49 /* ViewController.h */,
				2CCE37F41E2E4B0000210B49 /* ViewController.m */,
			);
			name = Controller;
			sourceTree = "<group>";
		};
		2C5E129E1E4E18B000FBB205 /* Others */ = {
			isa = PBXGroup;
			children = (
				2CB896D81E52C97600FC59F9 /* PrefixHeader.pch */,
				2CCE37F01E2E4B0000210B49 /* AppDelegate.h */,
				2CCE37F11E2E4B0000210B49 /* AppDelegate.m */,
				2CCE37F91E2E4B0000210B49 /* Assets.xcassets */,
				2CCE37FE1E2E4B0000210B49 /* Info.plist */,
				2C5E129F1E4E1A3100FBB205 /* readme */,
			);
			name = Others;
			sourceTree = "<group>";
		};
		2CCE37E11E2E4B0000210B49 = {
			isa = PBXGroup;
			children = (
				2CCE37EC1E2E4B0000210B49 /* DrivingLicense */,
				2CCE38061E2E4B0000210B49 /* DrivingLicenseTests */,
				2CCE38111E2E4B0000210B49 /* DrivingLicenseUITests */,
				2CCE37EB1E2E4B0000210B49 /* Products */,
				D7123490B86F7F8DD54EF1B7 /* Pods */,
				D61B24AC6B3BCC36E65CC964 /* Frameworks */,
			);
			sourceTree = "<group>";
		};
		2CCE37EB1E2E4B0000210B49 /* Products */ = {
			isa = PBXGroup;
			children = (
				2CCE37EA1E2E4B0000210B49 /* DrivingLicense.app */,
				2CCE38031E2E4B0000210B49 /* DrivingLicenseTests.xctest */,
				2CCE380E1E2E4B0000210B49 /* DrivingLicenseUITests.xctest */,
			);
			name = Products;
			sourceTree = "<group>";
		};
		2CCE37EC1E2E4B0000210B49 /* DrivingLicense */ = {
			isa = PBXGroup;
			children = (
				2C5E129E1E4E18B000FBB205 /* Others */,
				2C5E129D1E4E189C00FBB205 /* Controller */,
				2C5E129C1E4E189600FBB205 /* View */,
				2C5E129B1E4E17C400FBB205 /* Model */,
				2CCE37ED1E2E4B0000210B49 /* Supporting Files */,
			);
			path = DrivingLicense;
			sourceTree = "<group>";
		};
		2CCE37ED1E2E4B0000210B49 /* Supporting Files */ = {
			isa = PBXGroup;
			children = (
				2CCE37EE1E2E4B0000210B49 /* main.m */,
			);
			name = "Supporting Files";
			sourceTree = "<group>";
		};
		2CCE38061E2E4B0000210B49 /* DrivingLicenseTests */ = {
			isa = PBXGroup;
			children = (
				2CCE38071E2E4B0000210B49 /* DrivingLicenseTests.m */,
				2CCE38091E2E4B0000210B49 /* Info.plist */,
			);
			path = DrivingLicenseTests;
			sourceTree = "<group>";
		};
		2CCE38111E2E4B0000210B49 /* DrivingLicenseUITests */ = {
			isa = PBXGroup;
			children = (
				2CCE38121E2E4B0000210B49 /* DrivingLicenseUITests.m */,
				2CCE38141E2E4B0000210B49 /* Info.plist */,
			);
			path = DrivingLicenseUITests;
			sourceTree = "<group>";
		};
		D61B24AC6B3BCC36E65CC964 /* Frameworks */ = {
			isa = PBXGroup;
			children = (
				2CB896EA1E52D97600FC59F9 /* QuartzCore.framework */,
				2CB896E81E52D96F00FC59F9 /* CoreGraphics.framework */,
				2CB896E51E52D5DB00FC59F9 /* SystemConfiguration.framework */,
				2CB896E31E52D5CE00FC59F9 /* CoreTelephony.framework */,
				2CB896E11E52D5C600FC59F9 /* AdSupport.framework */,
				2CB896DF1E52D5AE00FC59F9 /* apilib.a */,
				17FE8149CAAAC5ADE63F83FF /* libPods-DrivingLicense.a */,
			);
			name = Frameworks;
			sourceTree = "<group>";
		};
		D7123490B86F7F8DD54EF1B7 /* Pods */ = {
			isa = PBXGroup;
			children = (
				4B76B49AEAFB736B105CFD95 /* Pods-DrivingLicense.debug.xcconfig */,
				8508B64D61AD1D99D8611CB5 /* Pods-DrivingLicense.release.xcconfig */,
			);
			name = Pods;
			sourceTree = "<group>";
		};
/* End PBXGroup section */

/* Begin PBXNativeTarget section */
		2CCE37E91E2E4B0000210B49 /* DrivingLicense */ = {
			isa = PBXNativeTarget;
			buildConfigurationList = 2CCE38171E2E4B0000210B49 /* Build configuration list for PBXNativeTarget "DrivingLicense" */;
			buildPhases = (
				7DF7EF4702FE9909206E6417 /* [CP] Check Pods Manifest.lock */,
				2CCE37E61E2E4B0000210B49 /* Sources */,
				2CCE37E71E2E4B0000210B49 /* Frameworks */,
				2CCE37E81E2E4B0000210B49 /* Resources */,
				EE03BBBD07C8248E7BA32BED /* [CP] Embed Pods Frameworks */,
				E9E08EE3C856A6EC8AA17922 /* [CP] Copy Pods Resources */,
			);
			buildRules = (
			);
			dependencies = (
			);
			name = DrivingLicense;
			productName = DrivingLicense;
			productReference = 2CCE37EA1E2E4B0000210B49 /* DrivingLicense.app */;
			productType = "com.apple.product-type.application";
		};
		2CCE38021E2E4B0000210B49 /* DrivingLicenseTests */ = {
			isa = PBXNativeTarget;
			buildConfigurationList = 2CCE381A1E2E4B0000210B49 /* Build configuration list for PBXNativeTarget "DrivingLicenseTests" */;
			buildPhases = (
				2CCE37FF1E2E4B0000210B49 /* Sources */,
				2CCE38001E2E4B0000210B49 /* Frameworks */,
				2CCE38011E2E4B0000210B49 /* Resources */,
			);
			buildRules = (
			);
			dependencies = (
				2CCE38051E2E4B0000210B49 /* PBXTargetDependency */,
			);
			name = DrivingLicenseTests;
			productName = DrivingLicenseTests;
			productReference = 2CCE38031E2E4B0000210B49 /* DrivingLicenseTests.xctest */;
			productType = "com.apple.product-type.bundle.unit-test";
		};
		2CCE380D1E2E4B0000210B49 /* DrivingLicenseUITests */ = {
			isa = PBXNativeTarget;
			buildConfigurationList = 2CCE381D1E2E4B0000210B49 /* Build configuration list for PBXNativeTarget "DrivingLicenseUITests" */;
			buildPhases = (
				2CCE380A1E2E4B0000210B49 /* Sources */,
				2CCE380B1E2E4B0000210B49 /* Frameworks */,
				2CCE380C1E2E4B0000210B49 /* Resources */,
			);
			buildRules = (
			);
			dependencies = (
				2CCE38101E2E4B0000210B49 /* PBXTargetDependency */,
			);
			name = DrivingLicenseUITests;
			productName = DrivingLicenseUITests;
			productReference = 2CCE380E1E2E4B0000210B49 /* DrivingLicenseUITests.xctest */;
			productType = "com.apple.product-type.bundle.ui-testing";
		};
/* End PBXNativeTarget section */

/* Begin PBXProject section */
		2CCE37E21E2E4B0000210B49 /* Project object */ = {
			isa = PBXProject;
			attributes = {
				LastUpgradeCheck = 0820;
				ORGANIZATIONNAME = "#incloud";
				TargetAttributes = {
					2CCE37E91E2E4B0000210B49 = {
						CreatedOnToolsVersion = 8.2;
						DevelopmentTeam = U6J5965DZK;
						ProvisioningStyle = Automatic;
					};
					2CCE38021E2E4B0000210B49 = {
						CreatedOnToolsVersion = 8.2;
						ProvisioningStyle = Automatic;
						TestTargetID = 2CCE37E91E2E4B0000210B49;
					};
					2CCE380D1E2E4B0000210B49 = {
						CreatedOnToolsVersion = 8.2;
						ProvisioningStyle = Automatic;
						TestTargetID = 2CCE37E91E2E4B0000210B49;
					};
				};
			};
			buildConfigurationList = 2CCE37E51E2E4B0000210B49 /* Build configuration list for PBXProject "DrivingLicense" */;
			compatibilityVersion = "Xcode 3.2";
			developmentRegion = English;
			hasScannedForEncodings = 0;
			knownRegions = (
				en,
				Base,
			);
			mainGroup = 2CCE37E11E2E4B0000210B49;
			productRefGroup = 2CCE37EB1E2E4B0000210B49 /* Products */;
			projectDirPath = "";
			projectRoot = "";
			targets = (
				2CCE37E91E2E4B0000210B49 /* DrivingLicense */,
				2CCE38021E2E4B0000210B49 /* DrivingLicenseTests */,
				2CCE380D1E2E4B0000210B49 /* DrivingLicenseUITests */,
			);
		};
/* End PBXProject section */

/* Begin PBXResourcesBuildPhase section */
		2CCE37E81E2E4B0000210B49 /* Resources */ = {
			isa = PBXResourcesBuildPhase;
			buildActionMask = 2147483647;
			files = (
				2CCE37FD1E2E4B0000210B49 /* LaunchScreen.storyboard in Resources */,
				2CCE37FA1E2E4B0000210B49 /* Assets.xcassets in Resources */,
				2CCE37F81E2E4B0000210B49 /* Main.storyboard in Resources */,
			);
			runOnlyForDeploymentPostprocessing = 0;
		};
		2CCE38011E2E4B0000210B49 /* Resources */ = {
			isa = PBXResourcesBuildPhase;
			buildActionMask = 2147483647;
			files = (
			);
			runOnlyForDeploymentPostprocessing = 0;
		};
		2CCE380C1E2E4B0000210B49 /* Resources */ = {
			isa = PBXResourcesBuildPhase;
			buildActionMask = 2147483647;
			files = (
			);
			runOnlyForDeploymentPostprocessing = 0;
		};
/* End PBXResourcesBuildPhase section */

/* Begin PBXShellScriptBuildPhase section */
		7DF7EF4702FE9909206E6417 /* [CP] Check Pods Manifest.lock */ = {
			isa = PBXShellScriptBuildPhase;
			buildActionMask = 2147483647;
			files = (
			);
			inputPaths = (
			);
			name = "[CP] Check Pods Manifest.lock";
			outputPaths = (
			);
			runOnlyForDeploymentPostprocessing = 0;
			shellPath = /bin/sh;
			shellScript = "diff \"${PODS_ROOT}/../Podfile.lock\" \"${PODS_ROOT}/Manifest.lock\" > /dev/null\nif [ $? != 0 ] ; then\n    # print error to STDERR\n    echo \"error: The sandbox is not in sync with the Podfile.lock. Run 'pod install' or update your CocoaPods installation.\" >&2\n    exit 1\nfi\n";
			showEnvVarsInLog = 0;
		};
		E9E08EE3C856A6EC8AA17922 /* [CP] Copy Pods Resources */ = {
			isa = PBXShellScriptBuildPhase;
			buildActionMask = 2147483647;
			files = (
			);
			inputPaths = (
			);
			name = "[CP] Copy Pods Resources";
			outputPaths = (
			);
			runOnlyForDeploymentPostprocessing = 0;
			shellPath = /bin/sh;
			shellScript = "\"${SRCROOT}/Pods/Target Support Files/Pods-DrivingLicense/Pods-DrivingLicense-resources.sh\"\n";
			showEnvVarsInLog = 0;
		};
		EE03BBBD07C8248E7BA32BED /* [CP] Embed Pods Frameworks */ = {
			isa = PBXShellScriptBuildPhase;
			buildActionMask = 2147483647;
			files = (
			);
			inputPaths = (
			);
			name = "[CP] Embed Pods Frameworks";
			outputPaths = (
			);
			runOnlyForDeploymentPostprocessing = 0;
			shellPath = /bin/sh;
			shellScript = "\"${SRCROOT}/Pods/Target Support Files/Pods-DrivingLicense/Pods-DrivingLicense-frameworks.sh\"\n";
			showEnvVarsInLog = 0;
		};
/* End PBXShellScriptBuildPhase section */

/* Begin PBXSourcesBuildPhase section */
		2CCE37E61E2E4B0000210B49 /* Sources */ = {
			isa = PBXSourcesBuildPhase;
			buildActionMask = 2147483647;
			files = (
				2C3742861E5C6EBD00BB3497 /* SCRScrollMenuButton.m in Sources */,
				2C3742871E5C6EBD00BB3497 /* SCRScrollMenuController.m in Sources */,
				2C5E12A81E4F682D00FBB205 /* userPageViewController.m in Sources */,
				2C5E12A31E4F67EE00FBB205 /* homePageViewController.m in Sources */,
				2C37428D1E5C6F4000BB3497 /* loginViewController.m in Sources */,
				2CCE37F51E2E4B0000210B49 /* ViewController.m in Sources */,
				2C3742851E5C6EBD00BB3497 /* SCRScrollMenu.m in Sources */,
				2CB896EF1E52E6A400FC59F9 /* AdViewController.m in Sources */,
				2CCE37F21E2E4B0000210B49 /* AppDelegate.m in Sources */,
				2CCE37EF1E2E4B0000210B49 /* main.m in Sources */,
				2C37428E1E5C6F4000BB3497 /* subjectOneViewController.m in Sources */,
				2C3742881E5C6EBD00BB3497 /* SCRScrollMenuItem.m in Sources */,
			);
			runOnlyForDeploymentPostprocessing = 0;
		};
		2CCE37FF1E2E4B0000210B49 /* Sources */ = {
			isa = PBXSourcesBuildPhase;
			buildActionMask = 2147483647;
			files = (
				2CCE38081E2E4B0000210B49 /* DrivingLicenseTests.m in Sources */,
			);
			runOnlyForDeploymentPostprocessing = 0;
		};
		2CCE380A1E2E4B0000210B49 /* Sources */ = {
			isa = PBXSourcesBuildPhase;
			buildActionMask = 2147483647;
			files = (
				2CCE38131E2E4B0000210B49 /* DrivingLicenseUITests.m in Sources */,
			);
			runOnlyForDeploymentPostprocessing = 0;
		};
/* End PBXSourcesBuildPhase section */

/* Begin PBXTargetDependency section */
		2CCE38051E2E4B0000210B49 /* PBXTargetDependency */ = {
			isa = PBXTargetDependency;
			target = 2CCE37E91E2E4B0000210B49 /* DrivingLicense */;
			targetProxy = 2CCE38041E2E4B0000210B49 /* PBXContainerItemProxy */;
		};
		2CCE38101E2E4B0000210B49 /* PBXTargetDependency */ = {
			isa = PBXTargetDependency;
			target = 2CCE37E91E2E4B0000210B49 /* DrivingLicense */;
			targetProxy = 2CCE380F1E2E4B0000210B49 /* PBXContainerItemProxy */;
		};
/* End PBXTargetDependency section */

/* Begin PBXVariantGroup section */
		2CCE37F61E2E4B0000210B49 /* Main.storyboard */ = {
			isa = PBXVariantGroup;
			children = (
				2CCE37F71E2E4B0000210B49 /* Base */,
			);
			name = Main.storyboard;
			sourceTree = "<group>";
		};
		2CCE37FB1E2E4B0000210B49 /* LaunchScreen.storyboard */ = {
			isa = PBXVariantGroup;
			children = (
				2CCE37FC1E2E4B0000210B49 /* Base */,
			);
			name = LaunchScreen.storyboard;
			sourceTree = "<group>";
		};
/* End PBXVariantGroup section */

/* Begin XCBuildConfiguration section */
		2CCE38151E2E4B0000210B49 /* Debug */ = {
			isa = XCBuildConfiguration;
			buildSettings = {
				ALWAYS_SEARCH_USER_PATHS = NO;
				CLANG_ANALYZER_NONNULL = YES;
				CLANG_CXX_LANGUAGE_STANDARD = "gnu++0x";
				CLANG_CXX_LIBRARY = "libc++";
				CLANG_ENABLE_MODULES = YES;
				CLANG_ENABLE_OBJC_ARC = YES;
				CLANG_WARN_BOOL_CONVERSION = YES;
				CLANG_WARN_CONSTANT_CONVERSION = YES;
				CLANG_WARN_DIRECT_OBJC_ISA_USAGE = YES_ERROR;
				CLANG_WARN_DOCUMENTATION_COMMENTS = YES;
				CLANG_WARN_EMPTY_BODY = YES;
				CLANG_WARN_ENUM_CONVERSION = YES;
				CLANG_WARN_INFINITE_RECURSION = YES;
				CLANG_WARN_INT_CONVERSION = YES;
				CLANG_WARN_OBJC_ROOT_CLASS = YES_ERROR;
				CLANG_WARN_SUSPICIOUS_MOVE = YES;
				CLANG_WARN_UNREACHABLE_CODE = YES;
				CLANG_WARN__DUPLICATE_METHOD_MATCH = YES;
				"CODE_SIGN_IDENTITY[sdk=iphoneos*]" = "iPhone Developer";
				COPY_PHASE_STRIP = NO;
				DEBUG_INFORMATION_FORMAT = dwarf;
				ENABLE_STRICT_OBJC_MSGSEND = YES;
				ENABLE_TESTABILITY = YES;
				GCC_C_LANGUAGE_STANDARD = gnu99;
				GCC_DYNAMIC_NO_PIC = NO;
				GCC_NO_COMMON_BLOCKS = YES;
				GCC_OPTIMIZATION_LEVEL = 0;
				GCC_PREFIX_HEADER = "$(SRCROOT)/DrivingLicense/PrefixHeader.pch";
				GCC_PREPROCESSOR_DEFINITIONS = (
					"DEBUG=1",
					"$(inherited)",
				);
				GCC_WARN_64_TO_32_BIT_CONVERSION = YES;
				GCC_WARN_ABOUT_RETURN_TYPE = YES_ERROR;
				GCC_WARN_UNDECLARED_SELECTOR = YES;
				GCC_WARN_UNINITIALIZED_AUTOS = YES_AGGRESSIVE;
				GCC_WARN_UNUSED_FUNCTION = YES;
				GCC_WARN_UNUSED_VARIABLE = YES;
				IPHONEOS_DEPLOYMENT_TARGET = 10.2;
				MTL_ENABLE_DEBUG_INFO = YES;
				ONLY_ACTIVE_ARCH = YES;
				SDKROOT = iphoneos;
			};
			name = Debug;
		};
		2CCE38161E2E4B0000210B49 /* Release */ = {
			isa = XCBuildConfiguration;
			buildSettings = {
				ALWAYS_SEARCH_USER_PATHS = NO;
				CLANG_ANALYZER_NONNULL = YES;
				CLANG_CXX_LANGUAGE_STANDARD = "gnu++0x";
				CLANG_CXX_LIBRARY = "libc++";
				CLANG_ENABLE_MODULES = YES;
				CLANG_ENABLE_OBJC_ARC = YES;
				CLANG_WARN_BOOL_CONVERSION = YES;
				CLANG_WARN_CONSTANT_CONVERSION = YES;
				CLANG_WARN_DIRECT_OBJC_ISA_USAGE = YES_ERROR;
				CLANG_WARN_DOCUMENTATION_COMMENTS = YES;
				CLANG_WARN_EMPTY_BODY = YES;
				CLANG_WARN_ENUM_CONVERSION = YES;
				CLANG_WARN_INFINITE_RECURSION = YES;
				CLANG_WARN_INT_CONVERSION = YES;
				CLANG_WARN_OBJC_ROOT_CLASS = YES_ERROR;
				CLANG_WARN_SUSPICIOUS_MOVE = YES;
				CLANG_WARN_UNREACHABLE_CODE = YES;
				CLANG_WARN__DUPLICATE_METHOD_MATCH = YES;
				"CODE_SIGN_IDENTITY[sdk=iphoneos*]" = "iPhone Developer";
				COPY_PHASE_STRIP = NO;
				DEBUG_INFORMATION_FORMAT = "dwarf-with-dsym";
				ENABLE_NS_ASSERTIONS = NO;
				ENABLE_STRICT_OBJC_MSGSEND = YES;
				GCC_C_LANGUAGE_STANDARD = gnu99;
				GCC_NO_COMMON_BLOCKS = YES;
				GCC_PREFIX_HEADER = "$(SRCROOT)/DrivingLicense/PrefixHeader.pch";
				GCC_WARN_64_TO_32_BIT_CONVERSION = YES;
				GCC_WARN_ABOUT_RETURN_TYPE = YES_ERROR;
				GCC_WARN_UNDECLARED_SELECTOR = YES;
				GCC_WARN_UNINITIALIZED_AUTOS = YES_AGGRESSIVE;
				GCC_WARN_UNUSED_FUNCTION = YES;
				GCC_WARN_UNUSED_VARIABLE = YES;
				IPHONEOS_DEPLOYMENT_TARGET = 10.2;
				MTL_ENABLE_DEBUG_INFO = NO;
				SDKROOT = iphoneos;
				VALIDATE_PRODUCT = YES;
			};
			name = Release;
		};
		2CCE38181E2E4B0000210B49 /* Debug */ = {
			isa = XCBuildConfiguration;
			baseConfigurationReference = 4B76B49AEAFB736B105CFD95 /* Pods-DrivingLicense.debug.xcconfig */;
			buildSettings = {
				ASSETCATALOG_COMPILER_APPICON_NAME = AppIcon;
				DEVELOPMENT_TEAM = U6J5965DZK;
				INFOPLIST_FILE = DrivingLicense/Info.plist;
				IPHONEOS_DEPLOYMENT_TARGET = 8.4;
				LD_RUNPATH_SEARCH_PATHS = "$(inherited) @executable_path/Frameworks";
				PRODUCT_BUNDLE_IDENTIFIER = "peujun-weng.---";
				PRODUCT_NAME = "$(TARGET_NAME)";
			};
			name = Debug;
		};
		2CCE38191E2E4B0000210B49 /* Release */ = {
			isa = XCBuildConfiguration;
			baseConfigurationReference = 8508B64D61AD1D99D8611CB5 /* Pods-DrivingLicense.release.xcconfig */;
			buildSettings = {
				ASSETCATALOG_COMPILER_APPICON_NAME = AppIcon;
				DEVELOPMENT_TEAM = U6J5965DZK;
				INFOPLIST_FILE = DrivingLicense/Info.plist;
				IPHONEOS_DEPLOYMENT_TARGET = 8.4;
				LD_RUNPATH_SEARCH_PATHS = "$(inherited) @executable_path/Frameworks";
				PRODUCT_BUNDLE_IDENTIFIER = "peujun-weng.---";
				PRODUCT_NAME = "$(TARGET_NAME)";
			};
			name = Release;
		};
		2CCE381B1E2E4B0000210B49 /* Debug */ = {
			isa = XCBuildConfiguration;
			buildSettings = {
				BUNDLE_LOADER = "$(TEST_HOST)";
				INFOPLIST_FILE = DrivingLicenseTests/Info.plist;
				LD_RUNPATH_SEARCH_PATHS = "$(inherited) @executable_path/Frameworks @loader_path/Frameworks";
				PRODUCT_BUNDLE_IDENTIFIER = pjhubs.DrivingLicenseTests;
				PRODUCT_NAME = "$(TARGET_NAME)";
				TEST_HOST = "$(BUILT_PRODUCTS_DIR)/DrivingLicense.app/DrivingLicense";
			};
			name = Debug;
		};
		2CCE381C1E2E4B0000210B49 /* Release */ = {
			isa = XCBuildConfiguration;
			buildSettings = {
				BUNDLE_LOADER = "$(TEST_HOST)";
				INFOPLIST_FILE = DrivingLicenseTests/Info.plist;
				LD_RUNPATH_SEARCH_PATHS = "$(inherited) @executable_path/Frameworks @loader_path/Frameworks";
				PRODUCT_BUNDLE_IDENTIFIER = pjhubs.DrivingLicenseTests;
				PRODUCT_NAME = "$(TARGET_NAME)";
				TEST_HOST = "$(BUILT_PRODUCTS_DIR)/DrivingLicense.app/DrivingLicense";
			};
			name = Release;
		};
		2CCE381E1E2E4B0000210B49 /* Debug */ = {
			isa = XCBuildConfiguration;
			buildSettings = {
				INFOPLIST_FILE = DrivingLicenseUITests/Info.plist;
				LD_RUNPATH_SEARCH_PATHS = "$(inherited) @executable_path/Frameworks @loader_path/Frameworks";
				PRODUCT_BUNDLE_IDENTIFIER = pjhubs.DrivingLicenseUITests;
				PRODUCT_NAME = "$(TARGET_NAME)";
				TEST_TARGET_NAME = DrivingLicense;
			};
			name = Debug;
		};
		2CCE381F1E2E4B0000210B49 /* Release */ = {
			isa = XCBuildConfiguration;
			buildSettings = {
				INFOPLIST_FILE = DrivingLicenseUITests/Info.plist;
				LD_RUNPATH_SEARCH_PATHS = "$(inherited) @executable_path/Frameworks @loader_path/Frameworks";
				PRODUCT_BUNDLE_IDENTIFIER = pjhubs.DrivingLicenseUITests;
				PRODUCT_NAME = "$(TARGET_NAME)";
				TEST_TARGET_NAME = DrivingLicense;
			};
			name = Release;
		};
/* End XCBuildConfiguration section */

/* Begin XCConfigurationList section */
		2CCE37E51E2E4B0000210B49 /* Build configuration list for PBXProject "DrivingLicense" */ = {
			isa = XCConfigurationList;
			buildConfigurations = (
				2CCE38151E2E4B0000210B49 /* Debug */,
				2CCE38161E2E4B0000210B49 /* Release */,
			);
			defaultConfigurationIsVisible = 0;
			defaultConfigurationName = Release;
		};
		2CCE38171E2E4B0000210B49 /* Build configuration list for PBXNativeTarget "DrivingLicense" */ = {
			isa = XCConfigurationList;
			buildConfigurations = (
				2CCE38181E2E4B0000210B49 /* Debug */,
				2CCE38191E2E4B0000210B49 /* Release */,
			);
			defaultConfigurationIsVisible = 0;
			defaultConfigurationName = Release;
		};
		2CCE381A1E2E4B0000210B49 /* Build configuration list for PBXNativeTarget "DrivingLicenseTests" */ = {
			isa = XCConfigurationList;
			buildConfigurations = (
				2CCE381B1E2E4B0000210B49 /* Debug */,
				2CCE381C1E2E4B0000210B49 /* Release */,
			);
			defaultConfigurationIsVisible = 0;
			defaultConfigurationName = Release;
		};
		2CCE381D1E2E4B0000210B49 /* Build configuration list for PBXNativeTarget "DrivingLicenseUITests" */ = {
			isa = XCConfigurationList;
			buildConfigurations = (
				2CCE381E1E2E4B0000210B49 /* Debug */,
				2CCE381F1E2E4B0000210B49 /* Release */,
			);
			defaultConfigurationIsVisible = 0;
			defaultConfigurationName = Release;
		};
/* End XCConfigurationList section */
	};
	rootObject = 2CCE37E21E2E4B0000210B49 /* Project object */;
}
