// !$*UTF8*$!
{
	archiveVersion = 1;
	classes = {
	};
	objectVersion = 46;
	objects = {

/* Begin PBXBuildFile section */
		8B684DBA1EEE3D3D006660B3 /* CCPCalendarButton.m in Sources */ = {isa = PBXBuildFile; fileRef = 8B684DA51EEE3D3D006660B3 /* CCPCalendarButton.m */; };
		8B684DBB1EEE3D3D006660B3 /* CCPCalendarCellTableViewCell.m in Sources */ = {isa = PBXBuildFile; fileRef = 8B684DA71EEE3D3D006660B3 /* CCPCalendarCellTableViewCell.m */; };
		8B684DBC1EEE3D3D006660B3 /* CCPCalendarHeader.m in Sources */ = {isa = PBXBuildFile; fileRef = 8B684DA91EEE3D3D006660B3 /* CCPCalendarHeader.m */; };
		8B684DBD1EEE3D3D006660B3 /* CCPCalendarManager.m in Sources */ = {isa = PBXBuildFile; fileRef = 8B684DAB1EEE3D3D006660B3 /* CCPCalendarManager.m */; };
		8B684DBE1EEE3D3D006660B3 /* CCPCalendarModel.m in Sources */ = {isa = PBXBuildFile; fileRef = 8B684DAD1EEE3D3D006660B3 /* CCPCalendarModel.m */; };
		8B684DBF1EEE3D3D006660B3 /* CCPCalendarTable.m in Sources */ = {isa = PBXBuildFile; fileRef = 8B684DAF1EEE3D3D006660B3 /* CCPCalendarTable.m */; };
		8B684DC01EEE3D3D006660B3 /* CCPCalendarView.m in Sources */ = {isa = PBXBuildFile; fileRef = 8B684DB11EEE3D3D006660B3 /* CCPCalendarView.m */; };
		8B684DC11EEE3D3D006660B3 /* NSDate+CCPCalendar.m in Sources */ = {isa = PBXBuildFile; fileRef = 8B684DB31EEE3D3D006660B3 /* NSDate+CCPCalendar.m */; };
		8B684DC21EEE3D3D006660B3 /* NSObject+CCPObjc.m in Sources */ = {isa = PBXBuildFile; fileRef = 8B684DB51EEE3D3D006660B3 /* NSObject+CCPObjc.m */; };
		8B684DC31EEE3D3D006660B3 /* UILabel+CCPLabel.m in Sources */ = {isa = PBXBuildFile; fileRef = 8B684DB71EEE3D3D006660B3 /* UILabel+CCPLabel.m */; };
		8B684DC41EEE3D3D006660B3 /* UIView+CCPView.m in Sources */ = {isa = PBXBuildFile; fileRef = 8B684DB91EEE3D3D006660B3 /* UIView+CCPView.m */; };
		8B717CF31ED65D2800A78DC8 /* main.m in Sources */ = {isa = PBXBuildFile; fileRef = 8B717CF21ED65D2800A78DC8 /* main.m */; };
		8B717CF61ED65D2800A78DC8 /* AppDelegate.m in Sources */ = {isa = PBXBuildFile; fileRef = 8B717CF51ED65D2800A78DC8 /* AppDelegate.m */; };
		8B717CF91ED65D2800A78DC8 /* ViewController.m in Sources */ = {isa = PBXBuildFile; fileRef = 8B717CF81ED65D2800A78DC8 /* ViewController.m */; };
		8B717CFC1ED65D2800A78DC8 /* Main.storyboard in Resources */ = {isa = PBXBuildFile; fileRef = 8B717CFA1ED65D2800A78DC8 /* Main.storyboard */; };
		8B717CFE1ED65D2800A78DC8 /* Assets.xcassets in Resources */ = {isa = PBXBuildFile; fileRef = 8B717CFD1ED65D2800A78DC8 /* Assets.xcassets */; };
		8B717D011ED65D2800A78DC8 /* LaunchScreen.storyboard in Resources */ = {isa = PBXBuildFile; fileRef = 8B717CFF1ED65D2800A78DC8 /* LaunchScreen.storyboard */; };
/* End PBXBuildFile section */

/* Begin PBXFileReference section */
		8B684DA41EEE3D3D006660B3 /* CCPCalendarButton.h */ = {isa = PBXFileReference; fileEncoding = 4; lastKnownFileType = sourcecode.c.h; path = CCPCalendarButton.h; sourceTree = "<group>"; };
		8B684DA51EEE3D3D006660B3 /* CCPCalendarButton.m */ = {isa = PBXFileReference; fileEncoding = 4; lastKnownFileType = sourcecode.c.objc; path = CCPCalendarButton.m; sourceTree = "<group>"; };
		8B684DA61EEE3D3D006660B3 /* CCPCalendarCellTableViewCell.h */ = {isa = PBXFileReference; fileEncoding = 4; lastKnownFileType = sourcecode.c.h; path = CCPCalendarCellTableViewCell.h; sourceTree = "<group>"; };
		8B684DA71EEE3D3D006660B3 /* CCPCalendarCellTableViewCell.m */ = {isa = PBXFileReference; fileEncoding = 4; lastKnownFileType = sourcecode.c.objc; path = CCPCalendarCellTableViewCell.m; sourceTree = "<group>"; };
		8B684DA81EEE3D3D006660B3 /* CCPCalendarHeader.h */ = {isa = PBXFileReference; fileEncoding = 4; lastKnownFileType = sourcecode.c.h; path = CCPCalendarHeader.h; sourceTree = "<group>"; };
		8B684DA91EEE3D3D006660B3 /* CCPCalendarHeader.m */ = {isa = PBXFileReference; fileEncoding = 4; lastKnownFileType = sourcecode.c.objc; path = CCPCalendarHeader.m; sourceTree = "<group>"; };
		8B684DAA1EEE3D3D006660B3 /* CCPCalendarManager.h */ = {isa = PBXFileReference; fileEncoding = 4; lastKnownFileType = sourcecode.c.h; path = CCPCalendarManager.h; sourceTree = "<group>"; };
		8B684DAB1EEE3D3D006660B3 /* CCPCalendarManager.m */ = {isa = PBXFileReference; fileEncoding = 4; lastKnownFileType = sourcecode.c.objc; path = CCPCalendarManager.m; sourceTree = "<group>"; };
		8B684DAC1EEE3D3D006660B3 /* CCPCalendarModel.h */ = {isa = PBXFileReference; fileEncoding = 4; lastKnownFileType = sourcecode.c.h; path = CCPCalendarModel.h; sourceTree = "<group>"; };
		8B684DAD1EEE3D3D006660B3 /* CCPCalendarModel.m */ = {isa = PBXFileReference; fileEncoding = 4; lastKnownFileType = sourcecode.c.objc; path = CCPCalendarModel.m; sourceTree = "<group>"; };
		8B684DAE1EEE3D3D006660B3 /* CCPCalendarTable.h */ = {isa = PBXFileReference; fileEncoding = 4; lastKnownFileType = sourcecode.c.h; path = CCPCalendarTable.h; sourceTree = "<group>"; };
		8B684DAF1EEE3D3D006660B3 /* CCPCalendarTable.m */ = {isa = PBXFileReference; fileEncoding = 4; lastKnownFileType = sourcecode.c.objc; path = CCPCalendarTable.m; sourceTree = "<group>"; };
		8B684DB01EEE3D3D006660B3 /* CCPCalendarView.h */ = {isa = PBXFileReference; fileEncoding = 4; lastKnownFileType = sourcecode.c.h; path = CCPCalendarView.h; sourceTree = "<group>"; };
		8B684DB11EEE3D3D006660B3 /* CCPCalendarView.m */ = {isa = PBXFileReference; fileEncoding = 4; lastKnownFileType = sourcecode.c.objc; path = CCPCalendarView.m; sourceTree = "<group>"; };
		8B684DB21EEE3D3D006660B3 /* NSDate+CCPCalendar.h */ = {isa = PBXFileReference; fileEncoding = 4; lastKnownFileType = sourcecode.c.h; path = "NSDate+CCPCalendar.h"; sourceTree = "<group>"; };
		8B684DB31EEE3D3D006660B3 /* NSDate+CCPCalendar.m */ = {isa = PBXFileReference; fileEncoding = 4; lastKnownFileType = sourcecode.c.objc; path = "NSDate+CCPCalendar.m"; sourceTree = "<group>"; };
		8B684DB41EEE3D3D006660B3 /* NSObject+CCPObjc.h */ = {isa = PBXFileReference; fileEncoding = 4; lastKnownFileType = sourcecode.c.h; path = "NSObject+CCPObjc.h"; sourceTree = "<group>"; };
		8B684DB51EEE3D3D006660B3 /* NSObject+CCPObjc.m */ = {isa = PBXFileReference; fileEncoding = 4; lastKnownFileType = sourcecode.c.objc; path = "NSObject+CCPObjc.m"; sourceTree = "<group>"; };
		8B684DB61EEE3D3D006660B3 /* UILabel+CCPLabel.h */ = {isa = PBXFileReference; fileEncoding = 4; lastKnownFileType = sourcecode.c.h; path = "UILabel+CCPLabel.h"; sourceTree = "<group>"; };
		8B684DB71EEE3D3D006660B3 /* UILabel+CCPLabel.m */ = {isa = PBXFileReference; fileEncoding = 4; lastKnownFileType = sourcecode.c.objc; path = "UILabel+CCPLabel.m"; sourceTree = "<group>"; };
		8B684DB81EEE3D3D006660B3 /* UIView+CCPView.h */ = {isa = PBXFileReference; fileEncoding = 4; lastKnownFileType = sourcecode.c.h; path = "UIView+CCPView.h"; sourceTree = "<group>"; };
		8B684DB91EEE3D3D006660B3 /* UIView+CCPView.m */ = {isa = PBXFileReference; fileEncoding = 4; lastKnownFileType = sourcecode.c.objc; path = "UIView+CCPView.m"; sourceTree = "<group>"; };
		8B717CEE1ED65D2800A78DC8 /* CCPCalendar.app */ = {isa = PBXFileReference; explicitFileType = wrapper.application; includeInIndex = 0; path = CCPCalendar.app; sourceTree = BUILT_PRODUCTS_DIR; };
		8B717CF21ED65D2800A78DC8 /* main.m */ = {isa = PBXFileReference; lastKnownFileType = sourcecode.c.objc; path = main.m; sourceTree = "<group>"; };
		8B717CF41ED65D2800A78DC8 /* AppDelegate.h */ = {isa = PBXFileReference; lastKnownFileType = sourcecode.c.h; path = AppDelegate.h; sourceTree = "<group>"; };
		8B717CF51ED65D2800A78DC8 /* AppDelegate.m */ = {isa = PBXFileReference; lastKnownFileType = sourcecode.c.objc; path = AppDelegate.m; sourceTree = "<group>"; };
		8B717CF71ED65D2800A78DC8 /* ViewController.h */ = {isa = PBXFileReference; lastKnownFileType = sourcecode.c.h; path = ViewController.h; sourceTree = "<group>"; };
		8B717CF81ED65D2800A78DC8 /* ViewController.m */ = {isa = PBXFileReference; lastKnownFileType = sourcecode.c.objc; path = ViewController.m; sourceTree = "<group>"; };
		8B717CFB1ED65D2800A78DC8 /* Base */ = {isa = PBXFileReference; lastKnownFileType = file.storyboard; name = Base; path = Base.lproj/Main.storyboard; sourceTree = "<group>"; };
		8B717CFD1ED65D2800A78DC8 /* Assets.xcassets */ = {isa = PBXFileReference; lastKnownFileType = folder.assetcatalog; path = Assets.xcassets; sourceTree = "<group>"; };
		8B717D001ED65D2800A78DC8 /* Base */ = {isa = PBXFileReference; lastKnownFileType = file.storyboard; name = Base; path = Base.lproj/LaunchScreen.storyboard; sourceTree = "<group>"; };
		8B717D021ED65D2800A78DC8 /* Info.plist */ = {isa = PBXFileReference; lastKnownFileType = text.plist.xml; path = Info.plist; sourceTree = "<group>"; };
/* End PBXFileReference section */

/* Begin PBXFrameworksBuildPhase section */
		8B717CEB1ED65D2800A78DC8 /* Frameworks */ = {
			isa = PBXFrameworksBuildPhase;
			buildActionMask = 2147483647;
			files = (
			);
			runOnlyForDeploymentPostprocessing = 0;
		};
/* End PBXFrameworksBuildPhase section */

/* Begin PBXGroup section */
		8B684DA31EEE3D3D006660B3 /* CCPCalendar */ = {
			isa = PBXGroup;
			children = (
				8B684DAA1EEE3D3D006660B3 /* CCPCalendarManager.h */,
				8B684DAB1EEE3D3D006660B3 /* CCPCalendarManager.m */,
				8B684DA41EEE3D3D006660B3 /* CCPCalendarButton.h */,
				8B684DA51EEE3D3D006660B3 /* CCPCalendarButton.m */,
				8B684DA61EEE3D3D006660B3 /* CCPCalendarCellTableViewCell.h */,
				8B684DA71EEE3D3D006660B3 /* CCPCalendarCellTableViewCell.m */,
				8B684DA81EEE3D3D006660B3 /* CCPCalendarHeader.h */,
				8B684DA91EEE3D3D006660B3 /* CCPCalendarHeader.m */,
				8B684DAC1EEE3D3D006660B3 /* CCPCalendarModel.h */,
				8B684DAD1EEE3D3D006660B3 /* CCPCalendarModel.m */,
				8B684DAE1EEE3D3D006660B3 /* CCPCalendarTable.h */,
				8B684DAF1EEE3D3D006660B3 /* CCPCalendarTable.m */,
				8B684DB01EEE3D3D006660B3 /* CCPCalendarView.h */,
				8B684DB11EEE3D3D006660B3 /* CCPCalendarView.m */,
				8B684DB21EEE3D3D006660B3 /* NSDate+CCPCalendar.h */,
				8B684DB31EEE3D3D006660B3 /* NSDate+CCPCalendar.m */,
				8B684DB41EEE3D3D006660B3 /* NSObject+CCPObjc.h */,
				8B684DB51EEE3D3D006660B3 /* NSObject+CCPObjc.m */,
				8B684DB61EEE3D3D006660B3 /* UILabel+CCPLabel.h */,
				8B684DB71EEE3D3D006660B3 /* UILabel+CCPLabel.m */,
				8B684DB81EEE3D3D006660B3 /* UIView+CCPView.h */,
				8B684DB91EEE3D3D006660B3 /* UIView+CCPView.m */,
			);
			path = CCPCalendar;
			sourceTree = "<group>";
		};
		8B717CE51ED65D2700A78DC8 = {
			isa = PBXGroup;
			children = (
				8B717CF01ED65D2800A78DC8 /* CCPCalendar */,
				8B717CEF1ED65D2800A78DC8 /* Products */,
			);
			sourceTree = "<group>";
		};
		8B717CEF1ED65D2800A78DC8 /* Products */ = {
			isa = PBXGroup;
			children = (
				8B717CEE1ED65D2800A78DC8 /* CCPCalendar.app */,
			);
			name = Products;
			sourceTree = "<group>";
		};
		8B717CF01ED65D2800A78DC8 /* CCPCalendar */ = {
			isa = PBXGroup;
			children = (
				8B717CF41ED65D2800A78DC8 /* AppDelegate.h */,
				8B717CF51ED65D2800A78DC8 /* AppDelegate.m */,
				8B717CF71ED65D2800A78DC8 /* ViewController.h */,
				8B717CF81ED65D2800A78DC8 /* ViewController.m */,
				8B684DA31EEE3D3D006660B3 /* CCPCalendar */,
				8B717CFA1ED65D2800A78DC8 /* Main.storyboard */,
				8B717CFD1ED65D2800A78DC8 /* Assets.xcassets */,
				8B717CFF1ED65D2800A78DC8 /* LaunchScreen.storyboard */,
				8B717D021ED65D2800A78DC8 /* Info.plist */,
				8B717CF11ED65D2800A78DC8 /* Supporting Files */,
			);
			path = CCPCalendar;
			sourceTree = "<group>";
		};
		8B717CF11ED65D2800A78DC8 /* Supporting Files */ = {
			isa = PBXGroup;
			children = (
				8B717CF21ED65D2800A78DC8 /* main.m */,
			);
			name = "Supporting Files";
			sourceTree = "<group>";
		};
/* End PBXGroup section */

/* Begin PBXNativeTarget section */
		8B717CED1ED65D2800A78DC8 /* CCPCalendar */ = {
			isa = PBXNativeTarget;
			buildConfigurationList = 8B717D051ED65D2800A78DC8 /* Build configuration list for PBXNativeTarget "CCPCalendar" */;
			buildPhases = (
				8B717CEA1ED65D2800A78DC8 /* Sources */,
				8B717CEB1ED65D2800A78DC8 /* Frameworks */,
				8B717CEC1ED65D2800A78DC8 /* Resources */,
			);
			buildRules = (
			);
			dependencies = (
			);
			name = CCPCalendar;
			productName = CCPCalendar;
			productReference = 8B717CEE1ED65D2800A78DC8 /* CCPCalendar.app */;
			productType = "com.apple.product-type.application";
		};
/* End PBXNativeTarget section */

/* Begin PBXProject section */
		8B717CE61ED65D2700A78DC8 /* Project object */ = {
			isa = PBXProject;
			attributes = {
				LastUpgradeCheck = 0820;
				ORGANIZATIONNAME = ccp;
				TargetAttributes = {
					8B717CED1ED65D2800A78DC8 = {
						CreatedOnToolsVersion = 8.2.1;
						DevelopmentTeam = P4HZAY5333;
						ProvisioningStyle = Automatic;
					};
				};
			};
			buildConfigurationList = 8B717CE91ED65D2700A78DC8 /* Build configuration list for PBXProject "CCPCalendar" */;
			compatibilityVersion = "Xcode 3.2";
			developmentRegion = English;
			hasScannedForEncodings = 0;
			knownRegions = (
				en,
				Base,
			);
			mainGroup = 8B717CE51ED65D2700A78DC8;
			productRefGroup = 8B717CEF1ED65D2800A78DC8 /* Products */;
			projectDirPath = "";
			projectRoot = "";
			targets = (
				8B717CED1ED65D2800A78DC8 /* CCPCalendar */,
			);
		};
/* End PBXProject section */

/* Begin PBXResourcesBuildPhase section */
		8B717CEC1ED65D2800A78DC8 /* Resources */ = {
			isa = PBXResourcesBuildPhase;
			buildActionMask = 2147483647;
			files = (
				8B717D011ED65D2800A78DC8 /* LaunchScreen.storyboard in Resources */,
				8B717CFE1ED65D2800A78DC8 /* Assets.xcassets in Resources */,
				8B717CFC1ED65D2800A78DC8 /* Main.storyboard in Resources */,
			);
			runOnlyForDeploymentPostprocessing = 0;
		};
/* End PBXResourcesBuildPhase section */

/* Begin PBXSourcesBuildPhase section */
		8B717CEA1ED65D2800A78DC8 /* Sources */ = {
			isa = PBXSourcesBuildPhase;
			buildActionMask = 2147483647;
			files = (
				8B684DBE1EEE3D3D006660B3 /* CCPCalendarModel.m in Sources */,
				8B684DC01EEE3D3D006660B3 /* CCPCalendarView.m in Sources */,
				8B684DC21EEE3D3D006660B3 /* NSObject+CCPObjc.m in Sources */,
				8B684DBF1EEE3D3D006660B3 /* CCPCalendarTable.m in Sources */,
				8B717CF91ED65D2800A78DC8 /* ViewController.m in Sources */,
				8B684DC11EEE3D3D006660B3 /* NSDate+CCPCalendar.m in Sources */,
				8B684DBA1EEE3D3D006660B3 /* CCPCalendarButton.m in Sources */,
				8B684DC31EEE3D3D006660B3 /* UILabel+CCPLabel.m in Sources */,
				8B717CF61ED65D2800A78DC8 /* AppDelegate.m in Sources */,
				8B717CF31ED65D2800A78DC8 /* main.m in Sources */,
				8B684DBB1EEE3D3D006660B3 /* CCPCalendarCellTableViewCell.m in Sources */,
				8B684DBC1EEE3D3D006660B3 /* CCPCalendarHeader.m in Sources */,
				8B684DBD1EEE3D3D006660B3 /* CCPCalendarManager.m in Sources */,
				8B684DC41EEE3D3D006660B3 /* UIView+CCPView.m in Sources */,
			);
			runOnlyForDeploymentPostprocessing = 0;
		};
/* End PBXSourcesBuildPhase section */

/* Begin PBXVariantGroup section */
		8B717CFA1ED65D2800A78DC8 /* Main.storyboard */ = {
			isa = PBXVariantGroup;
			children = (
				8B717CFB1ED65D2800A78DC8 /* Base */,
			);
			name = Main.storyboard;
			sourceTree = "<group>";
		};
		8B717CFF1ED65D2800A78DC8 /* LaunchScreen.storyboard */ = {
			isa = PBXVariantGroup;
			children = (
				8B717D001ED65D2800A78DC8 /* Base */,
			);
			name = LaunchScreen.storyboard;
			sourceTree = "<group>";
		};
/* End PBXVariantGroup section */

/* Begin XCBuildConfiguration section */
		8B717D031ED65D2800A78DC8 /* Debug */ = {
			isa = XCBuildConfiguration;
			buildSettings = {
				ALWAYS_SEARCH_USER_PATHS = NO;
				CLANG_ANALYZER_NONNULL = YES;
				CLANG_CXX_LANGUAGE_STANDARD = "gnu++0x";
				CLANG_CXX_LIBRARY = "libc++";
				CLANG_ENABLE_MODULES = YES;
				CLANG_ENABLE_OBJC_ARC = YES;
				CLANG_WARN_BOOL_CONVERSION = YES;
				CLANG_WARN_CONSTANT_CONVERSION = YES;
				CLANG_WARN_DIRECT_OBJC_ISA_USAGE = YES_ERROR;
				CLANG_WARN_DOCUMENTATION_COMMENTS = YES;
				CLANG_WARN_EMPTY_BODY = YES;
				CLANG_WARN_ENUM_CONVERSION = YES;
				CLANG_WARN_INFINITE_RECURSION = YES;
				CLANG_WARN_INT_CONVERSION = YES;
				CLANG_WARN_OBJC_ROOT_CLASS = YES_ERROR;
				CLANG_WARN_SUSPICIOUS_MOVE = YES;
				CLANG_WARN_UNREACHABLE_CODE = YES;
				CLANG_WARN__DUPLICATE_METHOD_MATCH = YES;
				"CODE_SIGN_IDENTITY[sdk=iphoneos*]" = "iPhone Developer";
				COPY_PHASE_STRIP = NO;
				DEBUG_INFORMATION_FORMAT = dwarf;
				ENABLE_STRICT_OBJC_MSGSEND = YES;
				ENABLE_TESTABILITY = YES;
				GCC_C_LANGUAGE_STANDARD = gnu99;
				GCC_DYNAMIC_NO_PIC = NO;
				GCC_NO_COMMON_BLOCKS = YES;
				GCC_OPTIMIZATION_LEVEL = 0;
				GCC_PREPROCESSOR_DEFINITIONS = (
					"DEBUG=1",
					"$(inherited)",
				);
				GCC_WARN_64_TO_32_BIT_CONVERSION = YES;
				GCC_WARN_ABOUT_RETURN_TYPE = YES_ERROR;
				GCC_WARN_UNDECLARED_SELECTOR = YES;
				GCC_WARN_UNINITIALIZED_AUTOS = YES_AGGRESSIVE;
				GCC_WARN_UNUSED_FUNCTION = YES;
				GCC_WARN_UNUSED_VARIABLE = YES;
				IPHONEOS_DEPLOYMENT_TARGET = 10.2;
				MTL_ENABLE_DEBUG_INFO = YES;
				ONLY_ACTIVE_ARCH = YES;
				SDKROOT = iphoneos;
			};
			name = Debug;
		};
		8B717D041ED65D2800A78DC8 /* Release */ = {
			isa = XCBuildConfiguration;
			buildSettings = {
				ALWAYS_SEARCH_USER_PATHS = NO;
				CLANG_ANALYZER_NONNULL = YES;
				CLANG_CXX_LANGUAGE_STANDARD = "gnu++0x";
				CLANG_CXX_LIBRARY = "libc++";
				CLANG_ENABLE_MODULES = YES;
				CLANG_ENABLE_OBJC_ARC = YES;
				CLANG_WARN_BOOL_CONVERSION = YES;
				CLANG_WARN_CONSTANT_CONVERSION = YES;
				CLANG_WARN_DIRECT_OBJC_ISA_USAGE = YES_ERROR;
				CLANG_WARN_DOCUMENTATION_COMMENTS = YES;
				CLANG_WARN_EMPTY_BODY = YES;
				CLANG_WARN_ENUM_CONVERSION = YES;
				CLANG_WARN_INFINITE_RECURSION = YES;
				CLANG_WARN_INT_CONVERSION = YES;
				CLANG_WARN_OBJC_ROOT_CLASS = YES_ERROR;
				CLANG_WARN_SUSPICIOUS_MOVE = YES;
				CLANG_WARN_UNREACHABLE_CODE = YES;
				CLANG_WARN__DUPLICATE_METHOD_MATCH = YES;
				"CODE_SIGN_IDENTITY[sdk=iphoneos*]" = "iPhone Developer";
				COPY_PHASE_STRIP = NO;
				DEBUG_INFORMATION_FORMAT = "dwarf-with-dsym";
				ENABLE_NS_ASSERTIONS = NO;
				ENABLE_STRICT_OBJC_MSGSEND = YES;
				GCC_C_LANGUAGE_STANDARD = gnu99;
				GCC_NO_COMMON_BLOCKS = YES;
				GCC_WARN_64_TO_32_BIT_CONVERSION = YES;
				GCC_WARN_ABOUT_RETURN_TYPE = YES_ERROR;
				GCC_WARN_UNDECLARED_SELECTOR = YES;
				GCC_WARN_UNINITIALIZED_AUTOS = YES_AGGRESSIVE;
				GCC_WARN_UNUSED_FUNCTION = YES;
				GCC_WARN_UNUSED_VARIABLE = YES;
				IPHONEOS_DEPLOYMENT_TARGET = 10.2;
				MTL_ENABLE_DEBUG_INFO = NO;
				SDKROOT = iphoneos;
				VALIDATE_PRODUCT = YES;
			};
			name = Release;
		};
		8B717D061ED65D2800A78DC8 /* Debug */ = {
			isa = XCBuildConfiguration;
			buildSettings = {
				ASSETCATALOG_COMPILER_APPICON_NAME = AppIcon;
				DEVELOPMENT_TEAM = P4HZAY5333;
				INFOPLIST_FILE = CCPCalendar/Info.plist;
				LD_RUNPATH_SEARCH_PATHS = "$(inherited) @executable_path/Frameworks";
				PRODUCT_BUNDLE_IDENTIFIER = ccp.CCPCalendar;
				PRODUCT_NAME = "$(TARGET_NAME)";
			};
			name = Debug;
		};
		8B717D071ED65D2800A78DC8 /* Release */ = {
			isa = XCBuildConfiguration;
			buildSettings = {
				ASSETCATALOG_COMPILER_APPICON_NAME = AppIcon;
				DEVELOPMENT_TEAM = P4HZAY5333;
				INFOPLIST_FILE = CCPCalendar/Info.plist;
				LD_RUNPATH_SEARCH_PATHS = "$(inherited) @executable_path/Frameworks";
				PRODUCT_BUNDLE_IDENTIFIER = ccp.CCPCalendar;
				PRODUCT_NAME = "$(TARGET_NAME)";
			};
			name = Release;
		};
/* End XCBuildConfiguration section */

/* Begin XCConfigurationList section */
		8B717CE91ED65D2700A78DC8 /* Build configuration list for PBXProject "CCPCalendar" */ = {
			isa = XCConfigurationList;
			buildConfigurations = (
				8B717D031ED65D2800A78DC8 /* Debug */,
				8B717D041ED65D2800A78DC8 /* Release */,
			);
			defaultConfigurationIsVisible = 0;
			defaultConfigurationName = Release;
		};
		8B717D051ED65D2800A78DC8 /* Build configuration list for PBXNativeTarget "CCPCalendar" */ = {
			isa = XCConfigurationList;
			buildConfigurations = (
				8B717D061ED65D2800A78DC8 /* Debug */,
				8B717D071ED65D2800A78DC8 /* Release */,
			);
			defaultConfigurationIsVisible = 0;
			defaultConfigurationName = Release;
		};
/* End XCConfigurationList section */
	};
	rootObject = 8B717CE61ED65D2700A78DC8 /* Project object */;
}
